{
  "version": 4,
  "terraform_version": "1.2.5",
  "serial": 286,
  "lineage": "6d25e67a-5411-17f9-2964-827453a19629",
  "outputs": {
    "cluster_endpoint": {
      "value": "https://53FFF478DE470400E617FB8DD926CD7E.gr7.us-east-2.eks.amazonaws.com",
      "type": "string"
    },
    "cluster_id": {
      "value": "test-cluster",
      "type": "string"
    },
    "cluster_name": {
      "value": "test-cluster",
      "type": "string"
    },
    "cluster_security_group_id": {
      "value": "sg-08d975695d8b9d780",
      "type": "string"
    },
    "config_map_aws_auth": {
      "value": [
        {
          "binary_data": null,
          "data": {
            "mapAccounts": "[]\n",
            "mapRoles": "- \"groups\":\n  - \"system:bootstrappers\"\n  - \"system:nodes\"\n  \"rolearn\": \"arn:aws:iam::000982191218:role/AmazonEKSNodeGroupRole-test\"\n  \"username\": \"system:node:{{EC2PrivateDNSName}}\"\n",
            "mapUsers": "[]\n"
          },
          "id": "kube-system/aws-auth",
          "metadata": [
            {
              "annotations": null,
              "generate_name": "",
              "generation": 0,
              "labels": {
                "app.kubernetes.io/managed-by": "Terraform",
                "terraform.io/module": "terraform-aws-modules.eks.aws"
              },
              "name": "aws-auth",
              "namespace": "kube-system",
              "resource_version": "76360",
              "uid": "e656e04a-3571-4936-af19-e7271a420877"
            }
          ]
        }
      ],
      "type": [
        "tuple",
        [
          [
            "object",
            {
              "binary_data": [
                "map",
                "string"
              ],
              "data": [
                "map",
                "string"
              ],
              "id": "string",
              "metadata": [
                "list",
                [
                  "object",
                  {
                    "annotations": [
                      "map",
                      "string"
                    ],
                    "generate_name": "string",
                    "generation": "number",
                    "labels": [
                      "map",
                      "string"
                    ],
                    "name": "string",
                    "namespace": "string",
                    "resource_version": "string",
                    "uid": "string"
                  }
                ]
              ]
            }
          ]
        ]
      ]
    },
    "key_pair_key_name": {
      "value": "test-key-pair",
      "type": "string"
    },
    "key_pair_key_pair_id": {
      "value": "key-0e7eb3eccfddaef0c",
      "type": "string"
    },
    "kubectl_config": {
      "value": "apiVersion: v1\npreferences: {}\nkind: Config\n\nclusters:\n- cluster:\n    server: https://53FFF478DE470400E617FB8DD926CD7E.gr7.us-east-2.eks.amazonaws.com\n    certificate-authority-data: LS0tLS1CRUdJTiBDRVJUSUZJQ0FURS0tLS0tCk1JSUM1ekNDQWMrZ0F3SUJBZ0lCQURBTkJna3Foa2lHOXcwQkFRc0ZBREFWTVJNd0VRWURWUVFERXdwcmRXSmwKY201bGRHVnpNQjRYRFRJeU1EY3lOVEU0TWpZd01sb1hEVE15TURjeU1qRTRNall3TWxvd0ZURVRNQkVHQTFVRQpBeE1LYTNWaVpYSnVaWFJsY3pDQ0FTSXdEUVlKS29aSWh2Y05BUUVCQlFBRGdnRVBBRENDQVFvQ2dnRUJBSjhkClpwbldzRUpZRmhFQTJaMDRiWkNyNjkwR1I0b3FyR2ZWSnRqaE5RNW5uWFh4UjNPdWFHVWJ0ajU3L0g2SURuUGYKOXFzK3UvVGY2ZkVGeHJXYmpzMUYxTkxjLzRmSlJYdWZkK2lIeG9FUmRMMEV0aDNtY2VYL1RUWkNHaVkxZnhReAp2VnZibndQRW9pUG03V1FQQVNodXBFeWY3K2hKZ05uYlZ2cUFoUk1GSDF5WWl5ZGlnc1hNNGxMQ01NWHYrMVhJCldmT20zWGN6UndNSlh6b0F2Mk1BMzJ6ZTYrazRxdDMwRi9MeGlpb3ZRdUY2MFY4YmM1SlVSNG5RNmdaQWdUNEEKOEtkZ2VlT2dBQy9DQzhRb1h1N2lLR1ZJSTJRei95QzY1R3ZIR1d5Wkk4b2Q2R2dCdk1XUUczN2ExR3BnbE1YZgpnb2VybmdlbFFSaTJwei9oVUJNQ0F3RUFBYU5DTUVBd0RnWURWUjBQQVFIL0JBUURBZ0trTUE4R0ExVWRFd0VCCi93UUZNQU1CQWY4d0hRWURWUjBPQkJZRUZCUmIvNTJpN1E4M1NjWHNsbzBKMUErbjBSY3dNQTBHQ1NxR1NJYjMKRFFFQkN3VUFBNElCQVFBck4zT3pSM1F4T2VzbGlSZEtqRGs0NE9BQ0FEMVoyd2FybjViaHJkSjRBWGhxNVM1VQowRWF2ajJwQnB5aW9CS0tzQy9YTEhxMkdReHlPbWVYdDRvZ3BXeE50cFpKclNHT2UzcEFWOXBmem1EOC9RYkZ2Ck1iUHBGY2swWUR1WFZFNXg2aEJNTldOcWxoNjkrcmQzUGx0UnRqdkZQdU5GSUpWcCs1QXV3SjVhMzhMOGVWdUgKaVptSVZuaHpMdXlFaDlpckFxam8vWGgwNGJDeUMvMkp3bmt4OCtTUEcvb2gvdDN6LzZyMkg3Y3FHUFlvbDFpdgovcFBjcm1ZU004Y1g1c21iS2ZEdFB1NXBnczFvYVZtVEViS29KaWdTbHBEQzZxZDc3OWNadVYySmVOY2lJbnBICmNSanpVZDhGeHdYMVgwZStobzYwMHVOUENPam9aUElYMWducwotLS0tLUVORCBDRVJUSUZJQ0FURS0tLS0tCg==\n  name: eks_test-cluster\n\ncontexts:\n- context:\n    cluster: eks_test-cluster\n    user: eks_test-cluster\n  name: eks_test-cluster\n\ncurrent-context: eks_test-cluster\n\nusers:\n- name: eks_test-cluster\n  user:\n    exec:\n      apiVersion: client.authentication.k8s.io/v1alpha1\n      command: aws-iam-authenticator\n      args:\n        - \"token\"\n        - \"-i\"\n        - \"test-cluster\"\n",
      "type": "string"
    },
    "ssh_key": {
      "value": "-----BEGIN RSA PRIVATE KEY-----\nMIIEpgIBAAKCAQEA6DUI/TwVYMgAOAqNy+ZH5UDmCKaoDNSKOJKcPqPs3wAC4PiM\nGoA4L+PL1q5CsVtsrTZyzMeD2fISPHfoNLike3dJpUajk3/j0OwUqNm4p/jgkakV\ndYxjzqwwgEAV6hKIjpVvReAMDh4oaCOrGesvhBxEjuFr5d/oWupVJMFR8JsPpRER\n+ecgmHVh3E3pyLMvmptnnroSexDKi0nRYJh641rGKthGKwdgIH461cWO0iSAROkX\ngpe+aUEJdv6tEE6vjuyEnECXwyr3FPtlOs9YyaD8LYpAV81cwo66BxkqvFQuL9IZ\nMGD8P01crTHhW9CQRtn70LGfhwhEpB8GYb2wYQIDAQABAoIBAQCgAxPrtUCiDZAh\nDhzCOjCm6P7bTUSWesu4ykbC36E11kMllgCtrleJoLbxe+nXX8HW5qNbO80/HZG1\ne4dW9TnbHstwCepklQd/C3/9DvMxRM4zccmo1BJe88cESaUQRK83WgBwrUCBZgTA\nJnwcgzWeGwCfWPVKVe4+4CXGCzWUz2UuRlcIr7kZ9ApjEh92aiNarpHowuLRTOxm\ngbZIwpKDcXVDg21bTEsj8sGexcWKYRq4EqBtARUGBNfcWi2LHKzFasPAGehAAYL0\nt4P6JkBgd7CpcK7M6cLZDlI4sS06osb3Mq0XxlqfskZRT9qpOQ28b6/N5Z+zYlBI\nFXg+dC7BAoGBAOkZls3iDq2tp+IQsKj2yyhxX/mRNv3N+g6unrmSifK9Gob34hFX\nFAOdMwQCFSYV38qKjjaRG0Qr/94AMSppTxSFJdciFX9R/6n8nutJ0W2JDUEw8Mwt\nQIbPy8fCJklvpyN+PMuKaSnq1jGf2+b2zaNswGI9BLCAdlDUbDrmxnZZAoGBAP8E\n/hrO+4thCx1zNxFe4wvseIRinbKAHZPZuzoet1jbK6BKiJfdoQFfImQsOwQiP6iZ\nM/jiSSu3luzXg8G2xeCOtpbU9uFDqyglWGhzL+nAbS1vZ17JWOsWaoUqYiZN9nJj\nwVjEfyPt5IKG12vBRQbuMVyBcV7IP9a9jfsl6VlJAoGBAKL+E6cPBPiIzzWSOhVL\nzK8Q5+1Yjz1VxB50F+TnBLLJbD0oI9nAK+yDBWMuGZ+x9/Rmgh7BxHEc2yNeuwJO\n9M8Cc31FBgcrTTyNuooH6ftPtAb7s8Txd4dM0c9ygNckzZhR8yzYMcTvwqqcf2W2\n+f/mUXff9uF8Uj8e6jcdm3SxAoGBAP3xDsfLTJjiLZtJ25AkmJqLAwdw2++fu9Q6\ngEHDzHdi5/JZxeLUAzvGbAysLqhTImjVBffT/WDXFCcMBFulkS2nbxKLRrvSEmGL\nrplz+kYeI5mW0ayFe1G9pJyuM8ZI5BvMUf/+y0wP2/hOJb1bW00na2feTfJAHbHM\nV9G7Ur5hAoGBAMYmTWbUi17QRew2lAfPo3cmySCZE/wFoLxbzgVi16uO6FsDSxwY\nYj70WLey3+j1eERvohhei/xpw/X7BY4bLg07DVKcfaLGNbpCdocnYYUhwSHSU9RO\nhUtCcyFJAIpBosGy9ZFiRu8VGG7y3oHePh8ql+WpilIwEhhhSIOREupC\n-----END RSA PRIVATE KEY-----\n",
      "type": "string",
      "sensitive": true
    }
  },
  "resources": [
    {
      "mode": "data",
      "type": "aws_eks_cluster",
      "name": "cluster",
      "provider": "provider[\"registry.terraform.io/hashicorp/aws\"]",
      "instances": [
        {
          "schema_version": 0,
          "attributes": {
            "arn": "arn:aws:eks:us-east-2:000982191218:cluster/test-cluster",
            "certificate_authority": [
              {
                "data": "LS0tLS1CRUdJTiBDRVJUSUZJQ0FURS0tLS0tCk1JSUM1ekNDQWMrZ0F3SUJBZ0lCQURBTkJna3Foa2lHOXcwQkFRc0ZBREFWTVJNd0VRWURWUVFERXdwcmRXSmwKY201bGRHVnpNQjRYRFRJeU1EY3lOVEU0TWpZd01sb1hEVE15TURjeU1qRTRNall3TWxvd0ZURVRNQkVHQTFVRQpBeE1LYTNWaVpYSnVaWFJsY3pDQ0FTSXdEUVlKS29aSWh2Y05BUUVCQlFBRGdnRVBBRENDQVFvQ2dnRUJBSjhkClpwbldzRUpZRmhFQTJaMDRiWkNyNjkwR1I0b3FyR2ZWSnRqaE5RNW5uWFh4UjNPdWFHVWJ0ajU3L0g2SURuUGYKOXFzK3UvVGY2ZkVGeHJXYmpzMUYxTkxjLzRmSlJYdWZkK2lIeG9FUmRMMEV0aDNtY2VYL1RUWkNHaVkxZnhReAp2VnZibndQRW9pUG03V1FQQVNodXBFeWY3K2hKZ05uYlZ2cUFoUk1GSDF5WWl5ZGlnc1hNNGxMQ01NWHYrMVhJCldmT20zWGN6UndNSlh6b0F2Mk1BMzJ6ZTYrazRxdDMwRi9MeGlpb3ZRdUY2MFY4YmM1SlVSNG5RNmdaQWdUNEEKOEtkZ2VlT2dBQy9DQzhRb1h1N2lLR1ZJSTJRei95QzY1R3ZIR1d5Wkk4b2Q2R2dCdk1XUUczN2ExR3BnbE1YZgpnb2VybmdlbFFSaTJwei9oVUJNQ0F3RUFBYU5DTUVBd0RnWURWUjBQQVFIL0JBUURBZ0trTUE4R0ExVWRFd0VCCi93UUZNQU1CQWY4d0hRWURWUjBPQkJZRUZCUmIvNTJpN1E4M1NjWHNsbzBKMUErbjBSY3dNQTBHQ1NxR1NJYjMKRFFFQkN3VUFBNElCQVFBck4zT3pSM1F4T2VzbGlSZEtqRGs0NE9BQ0FEMVoyd2FybjViaHJkSjRBWGhxNVM1VQowRWF2ajJwQnB5aW9CS0tzQy9YTEhxMkdReHlPbWVYdDRvZ3BXeE50cFpKclNHT2UzcEFWOXBmem1EOC9RYkZ2Ck1iUHBGY2swWUR1WFZFNXg2aEJNTldOcWxoNjkrcmQzUGx0UnRqdkZQdU5GSUpWcCs1QXV3SjVhMzhMOGVWdUgKaVptSVZuaHpMdXlFaDlpckFxam8vWGgwNGJDeUMvMkp3bmt4OCtTUEcvb2gvdDN6LzZyMkg3Y3FHUFlvbDFpdgovcFBjcm1ZU004Y1g1c21iS2ZEdFB1NXBnczFvYVZtVEViS29KaWdTbHBEQzZxZDc3OWNadVYySmVOY2lJbnBICmNSanpVZDhGeHdYMVgwZStobzYwMHVOUENPam9aUElYMWducwotLS0tLUVORCBDRVJUSUZJQ0FURS0tLS0tCg=="
              }
            ],
            "created_at": "2022-07-25 18:20:21.682 +0000 UTC",
            "enabled_cluster_log_types": [],
            "endpoint": "https://53FFF478DE470400E617FB8DD926CD7E.gr7.us-east-2.eks.amazonaws.com",
            "id": "test-cluster",
            "identity": [
              {
                "oidc": [
                  {
                    "issuer": "https://oidc.eks.us-east-2.amazonaws.com/id/53FFF478DE470400E617FB8DD926CD7E"
                  }
                ]
              }
            ],
            "kubernetes_network_config": [
              {
                "ip_family": "ipv4",
                "service_ipv4_cidr": "172.20.0.0/16"
              }
            ],
            "name": "test-cluster",
            "platform_version": "eks.9",
            "role_arn": "arn:aws:iam::000982191218:role/test-cluster20220725180825149600000002",
            "status": "ACTIVE",
            "tags": {},
            "version": "1.21",
            "vpc_config": [
              {
                "cluster_security_group_id": "sg-06c7bb5ad865e0c1b",
                "endpoint_private_access": true,
                "endpoint_public_access": true,
                "public_access_cidrs": [
                  "0.0.0.0/0"
                ],
                "security_group_ids": [
                  "sg-08d975695d8b9d780"
                ],
                "subnet_ids": [
                  "subnet-0176b6b2d2d0d6ed7",
                  "subnet-08da7cda63fb7a3f7"
                ],
                "vpc_id": "vpc-00b803915610b2733"
              }
            ]
          },
          "sensitive_attributes": []
        }
      ]
    },
    {
      "mode": "data",
      "type": "aws_eks_cluster_auth",
      "name": "cluster",
      "provider": "provider[\"registry.terraform.io/hashicorp/aws\"]",
      "instances": [
        {
          "schema_version": 0,
          "attributes": {
            "id": "test-cluster",
            "name": "test-cluster",
            "token": "k8s-aws-v1.aHR0cHM6Ly9zdHMuYW1hem9uYXdzLmNvbS8_QWN0aW9uPUdldENhbGxlcklkZW50aXR5JlZlcnNpb249MjAxMS0wNi0xNSZYLUFtei1BbGdvcml0aG09QVdTNC1ITUFDLVNIQTI1NiZYLUFtei1DcmVkZW50aWFsPUFLSUFRQU9VTEJSWlBNQVJBM1k2JTJGMjAyMjA3MjYlMkZ1cy1lYXN0LTElMkZzdHMlMkZhd3M0X3JlcXVlc3QmWC1BbXotRGF0ZT0yMDIyMDcyNlQwMjM0MTVaJlgtQW16LUV4cGlyZXM9MCZYLUFtei1TaWduZWRIZWFkZXJzPWhvc3QlM0J4LWs4cy1hd3MtaWQmWC1BbXotU2lnbmF0dXJlPTg5NWI2ZDdkY2FjNjMzYWM2MWIwYjUyMzY0YzhmYWJhMjEzM2NhZjYxZWM4MzU0ODc2NWZiNzczNjE1ZTI2NDM"
          },
          "sensitive_attributes": []
        }
      ]
    },
    {
      "mode": "data",
      "type": "tls_certificate",
      "name": "cluster",
      "provider": "provider[\"registry.terraform.io/hashicorp/tls\"]",
      "instances": [
        {
          "schema_version": 0,
          "attributes": {
            "certificates": [
              {
                "cert_pem": "-----BEGIN CERTIFICATE-----\nMIIEdTCCA12gAwIBAgIJAKcOSkw0grd/MA0GCSqGSIb3DQEBCwUAMGgxCzAJBgNV\nBAYTAlVTMSUwIwYDVQQKExxTdGFyZmllbGQgVGVjaG5vbG9naWVzLCBJbmMuMTIw\nMAYDVQQLEylTdGFyZmllbGQgQ2xhc3MgMiBDZXJ0aWZpY2F0aW9uIEF1dGhvcml0\neTAeFw0wOTA5MDIwMDAwMDBaFw0zNDA2MjgxNzM5MTZaMIGYMQswCQYDVQQGEwJV\nUzEQMA4GA1UECBMHQXJpem9uYTETMBEGA1UEBxMKU2NvdHRzZGFsZTElMCMGA1UE\nChMcU3RhcmZpZWxkIFRlY2hub2xvZ2llcywgSW5jLjE7MDkGA1UEAxMyU3RhcmZp\nZWxkIFNlcnZpY2VzIFJvb3QgQ2VydGlmaWNhdGUgQXV0aG9yaXR5IC0gRzIwggEi\nMA0GCSqGSIb3DQEBAQUAA4IBDwAwggEKAoIBAQDVDDrEKvlO4vW+GZdfjohTsR8/\ny8+fIBNtKTrID30892t2OGPZNmCom15cAICyL1l/9of5JUOG52kbUpqQ4XHj2C0N\nTm/2yEnZtvMaVq4rtnQU68/7JuMauh2WLmo7WJSJR1b/JaCTcFOD2oR0FMNnngRo\nOt+OQFodSk7PQ5E751bWAHDLUu57fa4657wx+UX2wmDPE1kCK4DMNEffud6QZW0C\nzyyRpqbn3oUYSXxmTqM6bam17jQuug0DuDPfR+uxa40l2ZvOgdFFRjKWcIfeAg5J\nQ4W2bHO7ZOphQazJ1FTfhy/HIrImzJ9ZVGif/L4qL8RVHHVAYBeFAlU5i38FAgMB\nAAGjgfAwge0wDwYDVR0TAQH/BAUwAwEB/zAOBgNVHQ8BAf8EBAMCAYYwHQYDVR0O\nBBYEFJxfAN+qAdcwKziIorhtSpzyEZGDMB8GA1UdIwQYMBaAFL9ft9HO3R+G9FtV\nrNzXEMIOqYjnME8GCCsGAQUFBwEBBEMwQTAcBggrBgEFBQcwAYYQaHR0cDovL28u\nc3MyLnVzLzAhBggrBgEFBQcwAoYVaHR0cDovL3guc3MyLnVzL3guY2VyMCYGA1Ud\nHwQfMB0wG6AZoBeGFWh0dHA6Ly9zLnNzMi51cy9yLmNybDARBgNVHSAECjAIMAYG\nBFUdIAAwDQYJKoZIhvcNAQELBQADggEBACMd44pXyn3pF3lM8R5V/cxTbj5HD9/G\nVfKyBDbtgB9TxF00KGu+x1X8Z+rLP3+QsjPNG1gQggL4+C/1E2DUBc7xgQjB3ad1\nl08YuW3e95ORCLp+QCztweq7dp4zBncdDQh/U90bZKuCJ/Fp1U1ervShw3WnWEQt\n8jxwmKy6abaVd38PMV4s/KCHOkdp8Hlf9BRUpJVeEXgSYCfOn8J3/yNTd126/+pZ\n59vPr5KW7ySaNRB6nJHGDn2Z9j8Z3/VyVOEVqQdZe4O/Ui5GjLIAZHYcSNPYeehu\nVsyuLAOQ1xk4meTKCRlb/weWsKh/NEnfVqn3sF/tM+2MR7cwA130A4w=\n-----END CERTIFICATE-----\n",
                "is_ca": true,
                "issuer": "OU=Starfield Class 2 Certification Authority,O=Starfield Technologies\\, Inc.,C=US",
                "not_after": "2034-06-28T17:39:16Z",
                "not_before": "2009-09-02T00:00:00Z",
                "public_key_algorithm": "RSA",
                "serial_number": "12037640545166866303",
                "sha1_fingerprint": "9e99a48a9960b14926bb7f3b02e22da2b0ab7280",
                "signature_algorithm": "SHA256-RSA",
                "subject": "CN=Starfield Services Root Certificate Authority - G2,O=Starfield Technologies\\, Inc.,L=Scottsdale,ST=Arizona,C=US",
                "version": 3
              },
              {
                "cert_pem": "-----BEGIN CERTIFICATE-----\nMIIEkjCCA3qgAwIBAgITBn+USionzfP6wq4rAfkI7rnExjANBgkqhkiG9w0BAQsF\nADCBmDELMAkGA1UEBhMCVVMxEDAOBgNVBAgTB0FyaXpvbmExEzARBgNVBAcTClNj\nb3R0c2RhbGUxJTAjBgNVBAoTHFN0YXJmaWVsZCBUZWNobm9sb2dpZXMsIEluYy4x\nOzA5BgNVBAMTMlN0YXJmaWVsZCBTZXJ2aWNlcyBSb290IENlcnRpZmljYXRlIEF1\ndGhvcml0eSAtIEcyMB4XDTE1MDUyNTEyMDAwMFoXDTM3MTIzMTAxMDAwMFowOTEL\nMAkGA1UEBhMCVVMxDzANBgNVBAoTBkFtYXpvbjEZMBcGA1UEAxMQQW1hem9uIFJv\nb3QgQ0EgMTCCASIwDQYJKoZIhvcNAQEBBQADggEPADCCAQoCggEBALJ4gHHKeNXj\nca9HgFB0fW7Y14h29Jlo91ghYPl0hAEvrAIthtOgQ3pOsqTQNroBvo3bSMgHFzZM\n9O6II8c+6zf1tRn4SWiw3te5djgdYZ6k/oI2peVKVuRF4fn9tBb6dNqcmzU5L/qw\nIFAGbHrQgLKm+a/sRxmPUDgH3KKHOVj4utWp+UhnMJbulHheb4mjUcAwhmahRWa6\nVOujw5H5SNz/0egwLX0tdHA114gk957EWW67c4cX8jJGKLhD+rcdqsq08p8kDi1L\n93FcXmn/6pUCyziKrlA4b9v7LWIbxcceVOF34GfID5yHI9Y/QCB/IIDEgEw+OyQm\njgSubJrIqg0CAwEAAaOCATEwggEtMA8GA1UdEwEB/wQFMAMBAf8wDgYDVR0PAQH/\nBAQDAgGGMB0GA1UdDgQWBBSEGMyFNOy8DJSULghZnMeyEE4KCDAfBgNVHSMEGDAW\ngBScXwDfqgHXMCs4iKK4bUqc8hGRgzB4BggrBgEFBQcBAQRsMGowLgYIKwYBBQUH\nMAGGImh0dHA6Ly9vY3NwLnJvb3RnMi5hbWF6b250cnVzdC5jb20wOAYIKwYBBQUH\nMAKGLGh0dHA6Ly9jcnQucm9vdGcyLmFtYXpvbnRydXN0LmNvbS9yb290ZzIuY2Vy\nMD0GA1UdHwQ2MDQwMqAwoC6GLGh0dHA6Ly9jcmwucm9vdGcyLmFtYXpvbnRydXN0\nLmNvbS9yb290ZzIuY3JsMBEGA1UdIAQKMAgwBgYEVR0gADANBgkqhkiG9w0BAQsF\nAAOCAQEAYjdCXLwQtT6LLOkMm2xF4gcAevnFWAu5CIw+7bMlPLVvUOTNNWqnkzSW\nMiGpSESrnO09tKpzbeR/FoCJbM8oAxiDR3mjEH4wW6w7sGDgd9QIpuEdfF7Au/ma\neyKdpwAJfqxGF4PcnCZXmTA5YpaP7dreqsXMGz7KQ2hsVxa81Q4gLv7/wmpdLqBK\nbRRYh5TmOTFffHPLkIhqhBGWJ6bt2YFGpn6jcgAKUj6DiAdjd4lpFw85hdKrCEVN\n0FE6/V1dN2RMfjCyVSRCnTawXZwXgWHxyvkQAiSr6w10kY17RSlQOYiypok1JR4U\nakcjMS9cmvqtmg5iUaQqqcT5NJ0hGA==\n-----END CERTIFICATE-----\n",
                "is_ca": true,
                "issuer": "CN=Starfield Services Root Certificate Authority - G2,O=Starfield Technologies\\, Inc.,L=Scottsdale,ST=Arizona,C=US",
                "not_after": "2037-12-31T01:00:00Z",
                "not_before": "2015-05-25T12:00:00Z",
                "public_key_algorithm": "RSA",
                "serial_number": "144918191876577076464031512351042010504348870",
                "sha1_fingerprint": "06b25927c42a721631c1efd9431e648fa62e1e39",
                "signature_algorithm": "SHA256-RSA",
                "subject": "CN=Amazon Root CA 1,O=Amazon,C=US",
                "version": 3
              },
              {
                "cert_pem": "-----BEGIN CERTIFICATE-----\nMIIESTCCAzGgAwIBAgITBn+UV4WH6Kx33rJTMlu8mYtWDTANBgkqhkiG9w0BAQsF\nADA5MQswCQYDVQQGEwJVUzEPMA0GA1UEChMGQW1hem9uMRkwFwYDVQQDExBBbWF6\nb24gUm9vdCBDQSAxMB4XDTE1MTAyMjAwMDAwMFoXDTI1MTAxOTAwMDAwMFowRjEL\nMAkGA1UEBhMCVVMxDzANBgNVBAoTBkFtYXpvbjEVMBMGA1UECxMMU2VydmVyIENB\nIDFCMQ8wDQYDVQQDEwZBbWF6b24wggEiMA0GCSqGSIb3DQEBAQUAA4IBDwAwggEK\nAoIBAQDCThZn3c68asg3Wuw6MLAd5tES6BIoSMzoKcG5blPVo+sDORrMd4f2AbnZ\ncMzPa43j4wNxhplty6aUKk4T1qe9BOwKFjwK6zmxxLVYo7bHViXsPlJ6qOMpFge5\nblDP+18x+B26A0piiQOuPkfyDyeR4xQghfj66Yo19V+emU3nazfvpFA+ROz6WoVm\nB5x+F2pV8xeKNR7u6azDdU5YVX1TawprmxRC1+WsAYmz6qP+z8ArDITC2FMVy2fw\n0IjKOtEXc/VfmtTFch5+AfGYMGMqqvJ6LcXiAhqG5TI+Dr0RtM88k+8XUBCeQ8IG\nKuANaL7TiItKZYxK1MMuTJtV9IblAgMBAAGjggE7MIIBNzASBgNVHRMBAf8ECDAG\nAQH/AgEAMA4GA1UdDwEB/wQEAwIBhjAdBgNVHQ4EFgQUWaRmBlKge5WSPKOUByeW\ndFv5PdAwHwYDVR0jBBgwFoAUhBjMhTTsvAyUlC4IWZzHshBOCggwewYIKwYBBQUH\nAQEEbzBtMC8GCCsGAQUFBzABhiNodHRwOi8vb2NzcC5yb290Y2ExLmFtYXpvbnRy\ndXN0LmNvbTA6BggrBgEFBQcwAoYuaHR0cDovL2NydC5yb290Y2ExLmFtYXpvbnRy\ndXN0LmNvbS9yb290Y2ExLmNlcjA/BgNVHR8EODA2MDSgMqAwhi5odHRwOi8vY3Js\nLnJvb3RjYTEuYW1hem9udHJ1c3QuY29tL3Jvb3RjYTEuY3JsMBMGA1UdIAQMMAow\nCAYGZ4EMAQIBMA0GCSqGSIb3DQEBCwUAA4IBAQCFkr41u3nPo4FCHOTjY3NTOVI1\n59Gt/a6ZiqyJEi+752+a1U5y6iAwYfmXss2lJwJFqMp2PphKg5625kXg8kP2CN5t\n6G7bMQcT8C8xDZNtYTd7WPD8UZiRKAJPBXa30/AbwuZe0GaFEQ8ugcYQgSn+IGBI\n8/LwhBNTZTUVEWuCUUBVV18YtbAiPq3yXqMB48Oz+ctBWuZSkbvkNodPLamkB2g1\nupRyzQ7qDn1X8nn8N8V7YJ6y68AtkHcNSRAnpTitxBKjtKPISLMVCx7i4hncxHZS\nyLyKQXhw2W2Xs0qLeC1etA+jTGDK4UfLeC0SF7FSi8o5LL21L8IzApar2pR/\n-----END CERTIFICATE-----\n",
                "is_ca": true,
                "issuer": "CN=Amazon Root CA 1,O=Amazon,C=US",
                "not_after": "2025-10-19T00:00:00Z",
                "not_before": "2015-10-22T00:00:00Z",
                "public_key_algorithm": "RSA",
                "serial_number": "144918209630989264145272943054026349679957517",
                "sha1_fingerprint": "917e732d330f9a12404f73d8bea36948b929dffc",
                "signature_algorithm": "SHA256-RSA",
                "subject": "CN=Amazon,OU=Server CA 1B,O=Amazon,C=US",
                "version": 3
              },
              {
                "cert_pem": "-----BEGIN CERTIFICATE-----\nMIIF+jCCBOKgAwIBAgIQBv5G//SOY2bU9q4xJ8F5uTANBgkqhkiG9w0BAQsFADBG\nMQswCQYDVQQGEwJVUzEPMA0GA1UEChMGQW1hem9uMRUwEwYDVQQLEwxTZXJ2ZXIg\nQ0EgMUIxDzANBgNVBAMTBkFtYXpvbjAeFw0yMjA1MTMwMDAwMDBaFw0yMzA2MTEy\nMzU5NTlaMCsxKTAnBgNVBAMTIG9pZGMuZWtzLnVzLWVhc3QtMi5hbWF6b25hd3Mu\nY29tMIIBIjANBgkqhkiG9w0BAQEFAAOCAQ8AMIIBCgKCAQEA2sd2GBw6Gz0SQ9Co\nwVWkvghaF6oMnIDeMRe+rAu4RuwGiDDoWDYrkRogp41NeOgqxcsbvS2Q3A0AyI5b\nY2LiVw2/7CvmTXuRGWmTQcWGzFIFCJ7ICX5gy9hQ0gkqkHbkO1VRQZiObsfF1zkA\n60XksAiAkIv5fE40O43ckScU8jxql8UJruhe/DL57jpeD+nv04ST0oyZ92m/0SS/\nypYjteWUuC6bZIGsIO1Dgznr1xCsUOvb6K+pUa41UwX8Yeg5PDT+g1LMXLOSOuwg\n3GShNyyWxCD8RH4tX159112n22b9eNyoAvjftYVbdS1QTjGtY9OEFydf0/xKXavR\niwEyvQIDAQABo4IC/TCCAvkwHwYDVR0jBBgwFoAUWaRmBlKge5WSPKOUByeWdFv5\nPdAwHQYDVR0OBBYEFN+XM9tgYaG3FcYYEXmh/dowUsyIMCsGA1UdEQQkMCKCIG9p\nZGMuZWtzLnVzLWVhc3QtMi5hbWF6b25hd3MuY29tMA4GA1UdDwEB/wQEAwIFoDAd\nBgNVHSUEFjAUBggrBgEFBQcDAQYIKwYBBQUHAwIwPQYDVR0fBDYwNDAyoDCgLoYs\naHR0cDovL2NybC5zY2ExYi5hbWF6b250cnVzdC5jb20vc2NhMWItMS5jcmwwEwYD\nVR0gBAwwCjAIBgZngQwBAgEwdQYIKwYBBQUHAQEEaTBnMC0GCCsGAQUFBzABhiFo\ndHRwOi8vb2NzcC5zY2ExYi5hbWF6b250cnVzdC5jb20wNgYIKwYBBQUHMAKGKmh0\ndHA6Ly9jcnQuc2NhMWIuYW1hem9udHJ1c3QuY29tL3NjYTFiLmNydDAMBgNVHRMB\nAf8EAjAAMIIBgAYKKwYBBAHWeQIEAgSCAXAEggFsAWoAdwDoPtDaPvUGNTLnVyi8\niWvJA9PL0RFr7Otp4Xd9bQa9bgAAAYC6xUgwAAAEAwBIMEYCIQClcHmp+kaj2v+t\nqZCvo+pGr6V+aujgbQAWBsQ1L1GwgQIhAKvR1sfil1Nz1b9Ruwz8SyfhKXTzufCU\noTkGxoRXhTeJAHcANc8ZG7+xbFe/D61MbULLu7YnICZR6j/hKu+oA8M71kwAAAGA\nusVITAAABAMASDBGAiEAhE7dUEjaGthoiimmqhzwx8qlWi0zb57Nb6zNCy8pNJcC\nIQCeSKJfudF2OWn1LQlUHIZHEICTtw5+G1UwblZHr5vcoAB2ALNzdwfhhFD4Y4bW\nBancEQlKeS2xZwwLh9zwAw55NqWaAAABgLrFSHoAAAQDAEcwRQIgZrYouLuZVvzv\nKi72oXFJ7fbipNlU1DSxd1xWtB0XFDcCIQCQZisG8HAPWinKQKjBvxZIKkSIBvHk\nLPvg3QPLaWt8nzANBgkqhkiG9w0BAQsFAAOCAQEAVXp3DFG9hGdWOfXeWxvCKGRC\nY11lyXaZ1qxMNvhFU+TT1g5KY+0gnLve1tZNlvcLBavsH9zr7Ts7yyPDk+95kfPR\n4CU9SF0L2TeOOZeLVEr/GmzAtmOWV6JvDW13ao4dWHUmO8HYbQ87BQK4IXBIV37b\n5fPqgKG7HXHLpdK9j2GnfHGmzvwdG/3XWqOilyQrFAayvK1Sjn3omSrxkmOvnR1s\nzT6XmnXrxNyz2Vq2bpoUdZArQ2cxt2Y4FiKsZqaJP6XFPTALtKvJDKvs1i3dTDxN\nXoQ/nzcot0vjzT/swcikMw8XVXt4c5ZukopYRSWDTELyoG9NwwgM8asrQh31VA==\n-----END CERTIFICATE-----\n",
                "is_ca": false,
                "issuer": "CN=Amazon,OU=Server CA 1B,O=Amazon,C=US",
                "not_after": "2023-06-11T23:59:59Z",
                "not_before": "2022-05-13T00:00:00Z",
                "public_key_algorithm": "RSA",
                "serial_number": "9295651424317517483394169121961769401",
                "sha1_fingerprint": "0fd7a5400b4769a5db5a5fcf4bc970fdf2fd236f",
                "signature_algorithm": "SHA256-RSA",
                "subject": "CN=oidc.eks.us-east-2.amazonaws.com",
                "version": 3
              }
            ],
            "content": null,
            "id": "0af20c296326c52c9580a79810d29a1582c42ad8",
            "url": "https://oidc.eks.us-east-2.amazonaws.com/id/53FFF478DE470400E617FB8DD926CD7E",
            "verify_chain": true
          },
          "sensitive_attributes": []
        }
      ]
    },
    {
      "mode": "managed",
      "type": "aws_eip",
      "name": "nat_gateway",
      "provider": "provider[\"registry.terraform.io/hashicorp/aws\"]",
      "instances": [
        {
          "schema_version": 0,
          "attributes": {
            "address": null,
            "allocation_id": "eipalloc-0e58c3be4b67b6d51",
            "associate_with_private_ip": null,
            "association_id": "",
            "carrier_ip": "",
            "customer_owned_ip": "",
            "customer_owned_ipv4_pool": "",
            "domain": "vpc",
            "id": "eipalloc-0e58c3be4b67b6d51",
            "instance": "",
            "network_border_group": "us-east-2",
            "network_interface": "",
            "private_dns": "ip-10-0-0-139.us-east-2.compute.internal",
            "private_ip": "",
            "public_dns": "ec2-18-119-153-60.us-east-2.compute.amazonaws.com",
            "public_ip": "18.119.153.60",
            "public_ipv4_pool": "amazon",
            "tags": {
              "Name": "test-vpc-natgw"
            },
            "tags_all": {
              "Name": "test-vpc-natgw"
            },
            "timeouts": null,
            "vpc": true
          },
          "sensitive_attributes": [],
          "private": "eyJlMmJmYjczMC1lY2FhLTExZTYtOGY4OC0zNDM2M2JjN2M0YzAiOnsiZGVsZXRlIjoxODAwMDAwMDAwMDAsInJlYWQiOjkwMDAwMDAwMDAwMCwidXBkYXRlIjozMDAwMDAwMDAwMDB9fQ=="
        }
      ]
    },
    {
      "mode": "managed",
      "type": "aws_eks_addon",
      "name": "coredns",
      "provider": "provider[\"registry.terraform.io/hashicorp/aws\"]",
      "instances": []
    },
    {
      "mode": "managed",
      "type": "aws_eks_addon",
      "name": "kube_proxy",
      "provider": "provider[\"registry.terraform.io/hashicorp/aws\"]",
      "instances": []
    },
    {
      "mode": "managed",
      "type": "aws_eks_addon",
      "name": "vpc_cni",
      "provider": "provider[\"registry.terraform.io/hashicorp/aws\"]",
      "instances": []
    },
    {
      "mode": "managed",
      "type": "aws_iam_openid_connect_provider",
      "name": "cluster",
      "provider": "provider[\"registry.terraform.io/hashicorp/aws\"]",
      "instances": [
        {
          "schema_version": 0,
          "attributes": {
            "arn": "arn:aws:iam::000982191218:oidc-provider/oidc.eks.us-east-2.amazonaws.com/id/53FFF478DE470400E617FB8DD926CD7E",
            "client_id_list": [
              "sts.amazonaws.com"
            ],
            "id": "arn:aws:iam::000982191218:oidc-provider/oidc.eks.us-east-2.amazonaws.com/id/53FFF478DE470400E617FB8DD926CD7E",
            "tags": null,
            "tags_all": {},
            "thumbprint_list": [
              "9e99a48a9960b14926bb7f3b02e22da2b0ab7280"
            ],
            "url": "oidc.eks.us-east-2.amazonaws.com/id/53FFF478DE470400E617FB8DD926CD7E"
          },
          "sensitive_attributes": [],
          "private": "bnVsbA==",
          "dependencies": [
            "data.tls_certificate.cluster",
            "module.eks.aws_eks_cluster.this"
          ]
        }
      ]
    },
    {
      "mode": "managed",
      "type": "aws_iam_role",
      "name": "cluster_autoscaler",
      "provider": "provider[\"registry.terraform.io/hashicorp/aws\"]",
      "instances": [
        {
          "schema_version": 0,
          "attributes": {
            "arn": "arn:aws:iam::000982191218:role/AmazonEKSClusterAutoscalerRole-test",
            "assume_role_policy": "{\"Statement\":[{\"Action\":\"sts:AssumeRoleWithWebIdentity\",\"Condition\":{\"StringEquals\":{\"oidc.eks.us-east-2.amazonaws.com/id/53FFF478DE470400E617FB8DD926CD7E:sub\":\"system:serviceaccount:kube-system:cluster-autoscaler\"}},\"Effect\":\"Allow\",\"Principal\":{\"Federated\":\"arn:aws:iam::000982191218:oidc-provider/oidc.eks.us-east-2.amazonaws.com/id/53FFF478DE470400E617FB8DD926CD7E\"}}],\"Version\":\"2012-10-17\"}",
            "create_date": "2022-07-26T02:34:44Z",
            "description": "",
            "force_detach_policies": false,
            "id": "AmazonEKSClusterAutoscalerRole-test",
            "inline_policy": [],
            "managed_policy_arns": [],
            "max_session_duration": 3600,
            "name": "AmazonEKSClusterAutoscalerRole-test",
            "name_prefix": "",
            "path": "/",
            "permissions_boundary": null,
            "tags": {
              "ServiceAccountName": "cluster-autoscaler",
              "ServiceAccountNameSpace": "kube-system"
            },
            "tags_all": {
              "ServiceAccountName": "cluster-autoscaler",
              "ServiceAccountNameSpace": "kube-system"
            },
            "unique_id": "AROAQAOULBRZMGUHN7D7A"
          },
          "sensitive_attributes": [],
          "private": "bnVsbA==",
          "dependencies": [
            "aws_iam_openid_connect_provider.cluster",
            "data.tls_certificate.cluster",
            "module.eks.aws_eks_cluster.this"
          ]
        }
      ]
    },
    {
      "mode": "managed",
      "type": "aws_iam_role_policy_attachment",
      "name": "cluster_autoscaler",
      "provider": "provider[\"registry.terraform.io/hashicorp/aws\"]",
      "instances": [
        {
          "schema_version": 0,
          "attributes": {
            "id": "AmazonEKSClusterAutoscalerRole-test-2022072602344547350000000a",
            "policy_arn": "arn:aws:iam::000982191218:policy/AmazonEKSClusterAutoscalerPolicy-test",
            "role": "AmazonEKSClusterAutoscalerRole-test"
          },
          "sensitive_attributes": [],
          "private": "bnVsbA==",
          "dependencies": [
            "aws_iam_openid_connect_provider.cluster",
            "aws_iam_role.cluster_autoscaler",
            "data.tls_certificate.cluster",
            "module.eks.aws_eks_cluster.this",
            "module.iam_policy_autoscaler.aws_iam_policy.policy"
          ]
        }
      ]
    },
    {
      "mode": "managed",
      "type": "aws_internet_gateway",
      "name": "this",
      "provider": "provider[\"registry.terraform.io/hashicorp/aws\"]",
      "instances": [
        {
          "schema_version": 0,
          "attributes": {
            "arn": "arn:aws:ec2:us-east-2:000982191218:internet-gateway/igw-0d377530e582ffae8",
            "id": "igw-0d377530e582ffae8",
            "owner_id": "000982191218",
            "tags": {
              "Name": "test-vpc-igw"
            },
            "tags_all": {
              "Name": "test-vpc-igw"
            },
            "vpc_id": "vpc-00b803915610b2733"
          },
          "sensitive_attributes": [],
          "private": "bnVsbA==",
          "dependencies": [
            "aws_vpc.this"
          ]
        }
      ]
    },
    {
      "mode": "managed",
      "type": "aws_nat_gateway",
      "name": "this",
      "provider": "provider[\"registry.terraform.io/hashicorp/aws\"]",
      "instances": [
        {
          "schema_version": 0,
          "attributes": {
            "allocation_id": "eipalloc-0e58c3be4b67b6d51",
            "connectivity_type": "public",
            "id": "nat-0243bca91cadf43ba",
            "network_interface_id": "eni-0034fdb29ef9bf050",
            "private_ip": "10.0.0.228",
            "public_ip": "18.119.153.60",
            "subnet_id": "subnet-0ae7222a96596f395",
            "tags": {
              "Name": "test-vpc-natgw"
            },
            "tags_all": {
              "Name": "test-vpc-natgw"
            }
          },
          "sensitive_attributes": [],
          "private": "bnVsbA==",
          "dependencies": [
            "aws_eip.nat_gateway",
            "aws_subnet.public"
          ]
        }
      ]
    },
    {
      "mode": "managed",
      "type": "aws_route",
      "name": "private_worldwide",
      "provider": "provider[\"registry.terraform.io/hashicorp/aws\"]",
      "instances": [
        {
          "schema_version": 0,
          "attributes": {
            "carrier_gateway_id": "",
            "core_network_arn": "",
            "destination_cidr_block": "0.0.0.0/0",
            "destination_ipv6_cidr_block": "",
            "destination_prefix_list_id": "",
            "egress_only_gateway_id": "",
            "gateway_id": "",
            "id": "r-rtb-02801736c97e0c4071080289494",
            "instance_id": "",
            "instance_owner_id": "",
            "local_gateway_id": "",
            "nat_gateway_id": "nat-0243bca91cadf43ba",
            "network_interface_id": "",
            "origin": "CreateRoute",
            "route_table_id": "rtb-02801736c97e0c407",
            "state": "active",
            "timeouts": null,
            "transit_gateway_id": "",
            "vpc_endpoint_id": "",
            "vpc_peering_connection_id": ""
          },
          "sensitive_attributes": [],
          "private": "eyJlMmJmYjczMC1lY2FhLTExZTYtOGY4OC0zNDM2M2JjN2M0YzAiOnsiY3JlYXRlIjozMDAwMDAwMDAwMDAsImRlbGV0ZSI6MzAwMDAwMDAwMDAwLCJ1cGRhdGUiOjEyMDAwMDAwMDAwMH19",
          "dependencies": [
            "aws_eip.nat_gateway",
            "aws_nat_gateway.this",
            "aws_route_table.private",
            "aws_subnet.public",
            "aws_vpc.this"
          ]
        }
      ]
    },
    {
      "mode": "managed",
      "type": "aws_route",
      "name": "public",
      "provider": "provider[\"registry.terraform.io/hashicorp/aws\"]",
      "instances": [
        {
          "schema_version": 0,
          "attributes": {
            "carrier_gateway_id": "",
            "core_network_arn": "",
            "destination_cidr_block": "0.0.0.0/0",
            "destination_ipv6_cidr_block": "",
            "destination_prefix_list_id": "",
            "egress_only_gateway_id": "",
            "gateway_id": "igw-0d377530e582ffae8",
            "id": "r-rtb-0caf5d0f1f14e64b41080289494",
            "instance_id": "",
            "instance_owner_id": "",
            "local_gateway_id": "",
            "nat_gateway_id": "",
            "network_interface_id": "",
            "origin": "CreateRoute",
            "route_table_id": "rtb-0caf5d0f1f14e64b4",
            "state": "active",
            "timeouts": null,
            "transit_gateway_id": "",
            "vpc_endpoint_id": "",
            "vpc_peering_connection_id": ""
          },
          "sensitive_attributes": [],
          "private": "eyJlMmJmYjczMC1lY2FhLTExZTYtOGY4OC0zNDM2M2JjN2M0YzAiOnsiY3JlYXRlIjozMDAwMDAwMDAwMDAsImRlbGV0ZSI6MzAwMDAwMDAwMDAwLCJ1cGRhdGUiOjEyMDAwMDAwMDAwMH19",
          "dependencies": [
            "aws_internet_gateway.this",
            "aws_route_table.public",
            "aws_vpc.this"
          ]
        }
      ]
    },
    {
      "mode": "managed",
      "type": "aws_route_table",
      "name": "private",
      "provider": "provider[\"registry.terraform.io/hashicorp/aws\"]",
      "instances": [
        {
          "schema_version": 0,
          "attributes": {
            "arn": "arn:aws:ec2:us-east-2:000982191218:route-table/rtb-02801736c97e0c407",
            "id": "rtb-02801736c97e0c407",
            "owner_id": "000982191218",
            "propagating_vgws": [],
            "route": [],
            "tags": {
              "Name": "test-vpc-private"
            },
            "tags_all": {
              "Name": "test-vpc-private"
            },
            "timeouts": null,
            "vpc_id": "vpc-00b803915610b2733"
          },
          "sensitive_attributes": [],
          "private": "eyJlMmJmYjczMC1lY2FhLTExZTYtOGY4OC0zNDM2M2JjN2M0YzAiOnsiY3JlYXRlIjozMDAwMDAwMDAwMDAsImRlbGV0ZSI6MzAwMDAwMDAwMDAwLCJ1cGRhdGUiOjEyMDAwMDAwMDAwMH19",
          "dependencies": [
            "aws_vpc.this"
          ]
        }
      ]
    },
    {
      "mode": "managed",
      "type": "aws_route_table",
      "name": "public",
      "provider": "provider[\"registry.terraform.io/hashicorp/aws\"]",
      "instances": [
        {
          "schema_version": 0,
          "attributes": {
            "arn": "arn:aws:ec2:us-east-2:000982191218:route-table/rtb-0caf5d0f1f14e64b4",
            "id": "rtb-0caf5d0f1f14e64b4",
            "owner_id": "000982191218",
            "propagating_vgws": [],
            "route": [],
            "tags": {
              "Name": "test-vpc-public"
            },
            "tags_all": {
              "Name": "test-vpc-public"
            },
            "timeouts": null,
            "vpc_id": "vpc-00b803915610b2733"
          },
          "sensitive_attributes": [],
          "private": "eyJlMmJmYjczMC1lY2FhLTExZTYtOGY4OC0zNDM2M2JjN2M0YzAiOnsiY3JlYXRlIjozMDAwMDAwMDAwMDAsImRlbGV0ZSI6MzAwMDAwMDAwMDAwLCJ1cGRhdGUiOjEyMDAwMDAwMDAwMH19",
          "dependencies": [
            "aws_vpc.this"
          ]
        }
      ]
    },
    {
      "mode": "managed",
      "type": "aws_route_table_association",
      "name": "private",
      "provider": "provider[\"registry.terraform.io/hashicorp/aws\"]",
      "instances": [
        {
          "index_key": 0,
          "schema_version": 0,
          "attributes": {
            "gateway_id": "",
            "id": "rtbassoc-0c10a74f8c0dc831f",
            "route_table_id": "rtb-02801736c97e0c407",
            "subnet_id": "subnet-08da7cda63fb7a3f7"
          },
          "sensitive_attributes": [],
          "private": "bnVsbA==",
          "dependencies": [
            "aws_route_table.private",
            "aws_subnet.private",
            "aws_vpc.this"
          ]
        },
        {
          "index_key": 1,
          "schema_version": 0,
          "attributes": {
            "gateway_id": "",
            "id": "rtbassoc-0693fc24977a354af",
            "route_table_id": "rtb-02801736c97e0c407",
            "subnet_id": "subnet-0176b6b2d2d0d6ed7"
          },
          "sensitive_attributes": [],
          "private": "bnVsbA==",
          "dependencies": [
            "aws_route_table.private",
            "aws_subnet.private",
            "aws_vpc.this"
          ]
        }
      ]
    },
    {
      "mode": "managed",
      "type": "aws_route_table_association",
      "name": "public",
      "provider": "provider[\"registry.terraform.io/hashicorp/aws\"]",
      "instances": [
        {
          "index_key": 0,
          "schema_version": 0,
          "attributes": {
            "gateway_id": "",
            "id": "rtbassoc-037cdaf58664dc929",
            "route_table_id": "rtb-0caf5d0f1f14e64b4",
            "subnet_id": "subnet-0ae7222a96596f395"
          },
          "sensitive_attributes": [],
          "private": "bnVsbA==",
          "dependencies": [
            "aws_route_table.public",
            "aws_subnet.public",
            "aws_vpc.this"
          ]
        },
        {
          "index_key": 1,
          "schema_version": 0,
          "attributes": {
            "gateway_id": "",
            "id": "rtbassoc-083ddd508060e57cc",
            "route_table_id": "rtb-0caf5d0f1f14e64b4",
            "subnet_id": "subnet-01aae4de217b70784"
          },
          "sensitive_attributes": [],
          "private": "bnVsbA==",
          "dependencies": [
            "aws_route_table.public",
            "aws_subnet.public",
            "aws_vpc.this"
          ]
        }
      ]
    },
    {
      "mode": "managed",
      "type": "aws_subnet",
      "name": "private",
      "provider": "provider[\"registry.terraform.io/hashicorp/aws\"]",
      "instances": [
        {
          "index_key": 0,
          "schema_version": 1,
          "attributes": {
            "arn": "arn:aws:ec2:us-east-2:000982191218:subnet/subnet-08da7cda63fb7a3f7",
            "assign_ipv6_address_on_creation": false,
            "availability_zone": "us-east-2a",
            "availability_zone_id": "use2-az1",
            "cidr_block": "10.0.10.0/24",
            "customer_owned_ipv4_pool": "",
            "enable_dns64": false,
            "enable_resource_name_dns_a_record_on_launch": false,
            "enable_resource_name_dns_aaaa_record_on_launch": false,
            "id": "subnet-08da7cda63fb7a3f7",
            "ipv6_cidr_block": "",
            "ipv6_cidr_block_association_id": "",
            "ipv6_native": false,
            "map_customer_owned_ip_on_launch": false,
            "map_public_ip_on_launch": false,
            "outpost_arn": "",
            "owner_id": "000982191218",
            "private_dns_hostname_type_on_launch": "ip-name",
            "tags": {
              "Name": "test-vpc-private-1",
              "kubernetes.io/cluster/test-cluster": "shared",
              "kubernetes.io/role/internal-elb": "1"
            },
            "tags_all": {
              "Name": "test-vpc-private-1",
              "kubernetes.io/cluster/test-cluster": "shared",
              "kubernetes.io/role/internal-elb": "1"
            },
            "timeouts": null,
            "vpc_id": "vpc-00b803915610b2733"
          },
          "sensitive_attributes": [],
          "private": "eyJlMmJmYjczMC1lY2FhLTExZTYtOGY4OC0zNDM2M2JjN2M0YzAiOnsiY3JlYXRlIjo2MDAwMDAwMDAwMDAsImRlbGV0ZSI6MTIwMDAwMDAwMDAwMH0sInNjaGVtYV92ZXJzaW9uIjoiMSJ9",
          "dependencies": [
            "aws_vpc.this"
          ],
          "create_before_destroy": true
        },
        {
          "index_key": 1,
          "schema_version": 1,
          "attributes": {
            "arn": "arn:aws:ec2:us-east-2:000982191218:subnet/subnet-0176b6b2d2d0d6ed7",
            "assign_ipv6_address_on_creation": false,
            "availability_zone": "us-east-2c",
            "availability_zone_id": "use2-az3",
            "cidr_block": "10.0.11.0/24",
            "customer_owned_ipv4_pool": "",
            "enable_dns64": false,
            "enable_resource_name_dns_a_record_on_launch": false,
            "enable_resource_name_dns_aaaa_record_on_launch": false,
            "id": "subnet-0176b6b2d2d0d6ed7",
            "ipv6_cidr_block": "",
            "ipv6_cidr_block_association_id": "",
            "ipv6_native": false,
            "map_customer_owned_ip_on_launch": false,
            "map_public_ip_on_launch": false,
            "outpost_arn": "",
            "owner_id": "000982191218",
            "private_dns_hostname_type_on_launch": "ip-name",
            "tags": {
              "Name": "test-vpc-private-2",
              "kubernetes.io/cluster/test-cluster": "shared",
              "kubernetes.io/role/internal-elb": "1"
            },
            "tags_all": {
              "Name": "test-vpc-private-2",
              "kubernetes.io/cluster/test-cluster": "shared",
              "kubernetes.io/role/internal-elb": "1"
            },
            "timeouts": null,
            "vpc_id": "vpc-00b803915610b2733"
          },
          "sensitive_attributes": [],
          "private": "eyJlMmJmYjczMC1lY2FhLTExZTYtOGY4OC0zNDM2M2JjN2M0YzAiOnsiY3JlYXRlIjo2MDAwMDAwMDAwMDAsImRlbGV0ZSI6MTIwMDAwMDAwMDAwMH0sInNjaGVtYV92ZXJzaW9uIjoiMSJ9",
          "dependencies": [
            "aws_vpc.this"
          ],
          "create_before_destroy": true
        }
      ]
    },
    {
      "mode": "managed",
      "type": "aws_subnet",
      "name": "public",
      "provider": "provider[\"registry.terraform.io/hashicorp/aws\"]",
      "instances": [
        {
          "index_key": 0,
          "schema_version": 1,
          "attributes": {
            "arn": "arn:aws:ec2:us-east-2:000982191218:subnet/subnet-0ae7222a96596f395",
            "assign_ipv6_address_on_creation": false,
            "availability_zone": "us-east-2a",
            "availability_zone_id": "use2-az1",
            "cidr_block": "10.0.0.0/24",
            "customer_owned_ipv4_pool": "",
            "enable_dns64": false,
            "enable_resource_name_dns_a_record_on_launch": false,
            "enable_resource_name_dns_aaaa_record_on_launch": false,
            "id": "subnet-0ae7222a96596f395",
            "ipv6_cidr_block": "",
            "ipv6_cidr_block_association_id": "",
            "ipv6_native": false,
            "map_customer_owned_ip_on_launch": false,
            "map_public_ip_on_launch": true,
            "outpost_arn": "",
            "owner_id": "000982191218",
            "private_dns_hostname_type_on_launch": "ip-name",
            "tags": {
              "Name": "test-vpc-public-1",
              "kubernetes.io/cluster/test-cluster": "shared",
              "kubernetes.io/role/internal-elb": "1"
            },
            "tags_all": {
              "Name": "test-vpc-public-1",
              "kubernetes.io/cluster/test-cluster": "shared",
              "kubernetes.io/role/internal-elb": "1"
            },
            "timeouts": null,
            "vpc_id": "vpc-00b803915610b2733"
          },
          "sensitive_attributes": [],
          "private": "eyJlMmJmYjczMC1lY2FhLTExZTYtOGY4OC0zNDM2M2JjN2M0YzAiOnsiY3JlYXRlIjo2MDAwMDAwMDAwMDAsImRlbGV0ZSI6MTIwMDAwMDAwMDAwMH0sInNjaGVtYV92ZXJzaW9uIjoiMSJ9",
          "dependencies": [
            "aws_vpc.this"
          ]
        },
        {
          "index_key": 1,
          "schema_version": 1,
          "attributes": {
            "arn": "arn:aws:ec2:us-east-2:000982191218:subnet/subnet-01aae4de217b70784",
            "assign_ipv6_address_on_creation": false,
            "availability_zone": "us-east-2c",
            "availability_zone_id": "use2-az3",
            "cidr_block": "10.0.1.0/24",
            "customer_owned_ipv4_pool": "",
            "enable_dns64": false,
            "enable_resource_name_dns_a_record_on_launch": false,
            "enable_resource_name_dns_aaaa_record_on_launch": false,
            "id": "subnet-01aae4de217b70784",
            "ipv6_cidr_block": "",
            "ipv6_cidr_block_association_id": "",
            "ipv6_native": false,
            "map_customer_owned_ip_on_launch": false,
            "map_public_ip_on_launch": true,
            "outpost_arn": "",
            "owner_id": "000982191218",
            "private_dns_hostname_type_on_launch": "ip-name",
            "tags": {
              "Name": "test-vpc-public-2",
              "kubernetes.io/cluster/test-cluster": "shared",
              "kubernetes.io/role/internal-elb": "1"
            },
            "tags_all": {
              "Name": "test-vpc-public-2",
              "kubernetes.io/cluster/test-cluster": "shared",
              "kubernetes.io/role/internal-elb": "1"
            },
            "timeouts": null,
            "vpc_id": "vpc-00b803915610b2733"
          },
          "sensitive_attributes": [],
          "private": "eyJlMmJmYjczMC1lY2FhLTExZTYtOGY4OC0zNDM2M2JjN2M0YzAiOnsiY3JlYXRlIjo2MDAwMDAwMDAwMDAsImRlbGV0ZSI6MTIwMDAwMDAwMDAwMH0sInNjaGVtYV92ZXJzaW9uIjoiMSJ9",
          "dependencies": [
            "aws_vpc.this"
          ]
        }
      ]
    },
    {
      "mode": "managed",
      "type": "aws_vpc",
      "name": "this",
      "provider": "provider[\"registry.terraform.io/hashicorp/aws\"]",
      "instances": [
        {
          "schema_version": 1,
          "attributes": {
            "arn": "arn:aws:ec2:us-east-2:000982191218:vpc/vpc-00b803915610b2733",
            "assign_generated_ipv6_cidr_block": false,
            "cidr_block": "10.0.0.0/16",
            "default_network_acl_id": "acl-086c40429ca2d66ce",
            "default_route_table_id": "rtb-0f67ac39bc9382cc9",
            "default_security_group_id": "sg-0702e59e7f7a2e4f6",
            "dhcp_options_id": "dopt-eda37786",
            "enable_classiclink": false,
            "enable_classiclink_dns_support": false,
            "enable_dns_hostnames": false,
            "enable_dns_support": true,
            "id": "vpc-00b803915610b2733",
            "instance_tenancy": "default",
            "ipv4_ipam_pool_id": null,
            "ipv4_netmask_length": null,
            "ipv6_association_id": "",
            "ipv6_cidr_block": "",
            "ipv6_cidr_block_network_border_group": "",
            "ipv6_ipam_pool_id": "",
            "ipv6_netmask_length": 0,
            "main_route_table_id": "rtb-0f67ac39bc9382cc9",
            "owner_id": "000982191218",
            "tags": {
              "Name": "test-vpc"
            },
            "tags_all": {
              "Name": "test-vpc"
            }
          },
          "sensitive_attributes": [],
          "private": "eyJzY2hlbWFfdmVyc2lvbiI6IjEifQ==",
          "create_before_destroy": true
        }
      ]
    },
    {
      "mode": "managed",
      "type": "local_file",
      "name": "pem",
      "provider": "provider[\"registry.terraform.io/hashicorp/local\"]",
      "instances": [
        {
          "schema_version": 0,
          "attributes": {
            "content": "-----BEGIN RSA PRIVATE KEY-----\nMIIEpgIBAAKCAQEA6DUI/TwVYMgAOAqNy+ZH5UDmCKaoDNSKOJKcPqPs3wAC4PiM\nGoA4L+PL1q5CsVtsrTZyzMeD2fISPHfoNLike3dJpUajk3/j0OwUqNm4p/jgkakV\ndYxjzqwwgEAV6hKIjpVvReAMDh4oaCOrGesvhBxEjuFr5d/oWupVJMFR8JsPpRER\n+ecgmHVh3E3pyLMvmptnnroSexDKi0nRYJh641rGKthGKwdgIH461cWO0iSAROkX\ngpe+aUEJdv6tEE6vjuyEnECXwyr3FPtlOs9YyaD8LYpAV81cwo66BxkqvFQuL9IZ\nMGD8P01crTHhW9CQRtn70LGfhwhEpB8GYb2wYQIDAQABAoIBAQCgAxPrtUCiDZAh\nDhzCOjCm6P7bTUSWesu4ykbC36E11kMllgCtrleJoLbxe+nXX8HW5qNbO80/HZG1\ne4dW9TnbHstwCepklQd/C3/9DvMxRM4zccmo1BJe88cESaUQRK83WgBwrUCBZgTA\nJnwcgzWeGwCfWPVKVe4+4CXGCzWUz2UuRlcIr7kZ9ApjEh92aiNarpHowuLRTOxm\ngbZIwpKDcXVDg21bTEsj8sGexcWKYRq4EqBtARUGBNfcWi2LHKzFasPAGehAAYL0\nt4P6JkBgd7CpcK7M6cLZDlI4sS06osb3Mq0XxlqfskZRT9qpOQ28b6/N5Z+zYlBI\nFXg+dC7BAoGBAOkZls3iDq2tp+IQsKj2yyhxX/mRNv3N+g6unrmSifK9Gob34hFX\nFAOdMwQCFSYV38qKjjaRG0Qr/94AMSppTxSFJdciFX9R/6n8nutJ0W2JDUEw8Mwt\nQIbPy8fCJklvpyN+PMuKaSnq1jGf2+b2zaNswGI9BLCAdlDUbDrmxnZZAoGBAP8E\n/hrO+4thCx1zNxFe4wvseIRinbKAHZPZuzoet1jbK6BKiJfdoQFfImQsOwQiP6iZ\nM/jiSSu3luzXg8G2xeCOtpbU9uFDqyglWGhzL+nAbS1vZ17JWOsWaoUqYiZN9nJj\nwVjEfyPt5IKG12vBRQbuMVyBcV7IP9a9jfsl6VlJAoGBAKL+E6cPBPiIzzWSOhVL\nzK8Q5+1Yjz1VxB50F+TnBLLJbD0oI9nAK+yDBWMuGZ+x9/Rmgh7BxHEc2yNeuwJO\n9M8Cc31FBgcrTTyNuooH6ftPtAb7s8Txd4dM0c9ygNckzZhR8yzYMcTvwqqcf2W2\n+f/mUXff9uF8Uj8e6jcdm3SxAoGBAP3xDsfLTJjiLZtJ25AkmJqLAwdw2++fu9Q6\ngEHDzHdi5/JZxeLUAzvGbAysLqhTImjVBffT/WDXFCcMBFulkS2nbxKLRrvSEmGL\nrplz+kYeI5mW0ayFe1G9pJyuM8ZI5BvMUf/+y0wP2/hOJb1bW00na2feTfJAHbHM\nV9G7Ur5hAoGBAMYmTWbUi17QRew2lAfPo3cmySCZE/wFoLxbzgVi16uO6FsDSxwY\nYj70WLey3+j1eERvohhei/xpw/X7BY4bLg07DVKcfaLGNbpCdocnYYUhwSHSU9RO\nhUtCcyFJAIpBosGy9ZFiRu8VGG7y3oHePh8ql+WpilIwEhhhSIOREupC\n-----END RSA PRIVATE KEY-----\n",
            "content_base64": null,
            "directory_permission": "0777",
            "file_permission": "0777",
            "filename": "./test-key-pair.pem",
            "id": "61b59e1a6284dc1797b34eef723b2e9456bfcd0c",
            "sensitive_content": null,
            "source": null
          },
          "sensitive_attributes": [
            [
              {
                "type": "get_attr",
                "value": "content"
              }
            ]
          ],
          "private": "bnVsbA==",
          "dependencies": [
            "module.key_pair.aws_key_pair.this",
            "module.key_pair.tls_private_key.this",
            "tls_private_key.this"
          ]
        }
      ]
    },
    {
      "mode": "managed",
      "type": "tls_private_key",
      "name": "this",
      "provider": "provider[\"registry.terraform.io/hashicorp/tls\"]",
      "instances": [
        {
          "schema_version": 0,
          "attributes": {
            "algorithm": "RSA",
            "ecdsa_curve": "P224",
            "id": "3fe67be147c6bc2d8d091f7b28c680e5970e524e",
            "private_key_openssh": "-----BEGIN OPENSSH PRIVATE KEY-----\nb3BlbnNzaC1rZXktdjEAAAAABG5vbmUAAAAEbm9uZQAAAAAAAAABAAABFwAAAAdz\nc2gtcnNhAAAAAwEAAQAAAQEA6DUI/TwVYMgAOAqNy+ZH5UDmCKaoDNSKOJKcPqPs\n3wAC4PiMGoA4L+PL1q5CsVtsrTZyzMeD2fISPHfoNLike3dJpUajk3/j0OwUqNm4\np/jgkakVdYxjzqwwgEAV6hKIjpVvReAMDh4oaCOrGesvhBxEjuFr5d/oWupVJMFR\n8JsPpRER+ecgmHVh3E3pyLMvmptnnroSexDKi0nRYJh641rGKthGKwdgIH461cWO\n0iSAROkXgpe+aUEJdv6tEE6vjuyEnECXwyr3FPtlOs9YyaD8LYpAV81cwo66Bxkq\nvFQuL9IZMGD8P01crTHhW9CQRtn70LGfhwhEpB8GYb2wYQAAA7h68whEevMIRAAA\nAAdzc2gtcnNhAAABAQDoNQj9PBVgyAA4Co3L5kflQOYIpqgM1Io4kpw+o+zfAALg\n+IwagDgv48vWrkKxW2ytNnLMx4PZ8hI8d+g0uKR7d0mlRqOTf+PQ7BSo2bin+OCR\nqRV1jGPOrDCAQBXqEoiOlW9F4AwOHihoI6sZ6y+EHESO4Wvl3+ha6lUkwVHwmw+l\nERH55yCYdWHcTenIsy+am2eeuhJ7EMqLSdFgmHrjWsYq2EYrB2AgfjrVxY7SJIBE\n6ReCl75pQQl2/q0QTq+O7IScQJfDKvcU+2U6z1jJoPwtikBXzVzCjroHGSq8VC4v\n0hkwYPw/TVytMeFb0JBG2fvQsZ+HCESkHwZhvbBhAAAAAwEAAQAAAQEAoAMT67VA\nog2QIQ4cwjowpuj+201ElnrLuMpGwt+hNdZDJZYAra5XiaC28Xvp11/B1uajWzvN\nPx2RtXuHVvU52x7LcAnqZJUHfwt//Q7zMUTOM3HJqNQSXvPHBEmlEESvN1oAcK1A\ngWYEwCZ8HIM1nhsAn1j1SlXuPuAlxgs1lM9lLkZXCK+5GfQKYxIfdmojWq6R6MLi\n0UzsZoG2SMKSg3F1Q4NtW0xLI/LBnsXFimEauBKgbQEVBgTX3FotixysxWrDwBno\nQAGC9LeD+iZAYHewqXCuzOnC2Q5SOLEtOqLG9zKtF8Zan7JGUU/aqTkNvG+vzeWf\ns2JQSBV4PnQuwQAAAIEAxiZNZtSLXtBF7DaUB8+jdybJIJkT/AWgvFvOBWLXq47o\nWwNLHBhiPvRYt7Lf6PV4RG+iGF6L/GnD9fsFjhsuDTsNUpx9osY1ukJ2hydhhSHB\nIdJT1E6FS0JzIUkAikGiwbL1kWJG7xUYbvLegd4+HyqX5amKUjASGGFIg5ES6kIA\nAACBAOkZls3iDq2tp+IQsKj2yyhxX/mRNv3N+g6unrmSifK9Gob34hFXFAOdMwQC\nFSYV38qKjjaRG0Qr/94AMSppTxSFJdciFX9R/6n8nutJ0W2JDUEw8MwtQIbPy8fC\nJklvpyN+PMuKaSnq1jGf2+b2zaNswGI9BLCAdlDUbDrmxnZZAAAAgQD/BP4azvuL\nYQsdczcRXuML7HiEYp2ygB2T2bs6HrdY2yugSoiX3aEBXyJkLDsEIj+omTP44kkr\nt5bs14PBtsXgjraW1PbhQ6soJVhocy/pwG0tb2deyVjrFmqFKmImTfZyY8FYxH8j\n7eSChtdrwUUG7jFcgXFeyD/WvY37JelZSQAAAAAB\n-----END OPENSSH PRIVATE KEY-----\n",
            "private_key_pem": "-----BEGIN RSA PRIVATE KEY-----\nMIIEpgIBAAKCAQEA6DUI/TwVYMgAOAqNy+ZH5UDmCKaoDNSKOJKcPqPs3wAC4PiM\nGoA4L+PL1q5CsVtsrTZyzMeD2fISPHfoNLike3dJpUajk3/j0OwUqNm4p/jgkakV\ndYxjzqwwgEAV6hKIjpVvReAMDh4oaCOrGesvhBxEjuFr5d/oWupVJMFR8JsPpRER\n+ecgmHVh3E3pyLMvmptnnroSexDKi0nRYJh641rGKthGKwdgIH461cWO0iSAROkX\ngpe+aUEJdv6tEE6vjuyEnECXwyr3FPtlOs9YyaD8LYpAV81cwo66BxkqvFQuL9IZ\nMGD8P01crTHhW9CQRtn70LGfhwhEpB8GYb2wYQIDAQABAoIBAQCgAxPrtUCiDZAh\nDhzCOjCm6P7bTUSWesu4ykbC36E11kMllgCtrleJoLbxe+nXX8HW5qNbO80/HZG1\ne4dW9TnbHstwCepklQd/C3/9DvMxRM4zccmo1BJe88cESaUQRK83WgBwrUCBZgTA\nJnwcgzWeGwCfWPVKVe4+4CXGCzWUz2UuRlcIr7kZ9ApjEh92aiNarpHowuLRTOxm\ngbZIwpKDcXVDg21bTEsj8sGexcWKYRq4EqBtARUGBNfcWi2LHKzFasPAGehAAYL0\nt4P6JkBgd7CpcK7M6cLZDlI4sS06osb3Mq0XxlqfskZRT9qpOQ28b6/N5Z+zYlBI\nFXg+dC7BAoGBAOkZls3iDq2tp+IQsKj2yyhxX/mRNv3N+g6unrmSifK9Gob34hFX\nFAOdMwQCFSYV38qKjjaRG0Qr/94AMSppTxSFJdciFX9R/6n8nutJ0W2JDUEw8Mwt\nQIbPy8fCJklvpyN+PMuKaSnq1jGf2+b2zaNswGI9BLCAdlDUbDrmxnZZAoGBAP8E\n/hrO+4thCx1zNxFe4wvseIRinbKAHZPZuzoet1jbK6BKiJfdoQFfImQsOwQiP6iZ\nM/jiSSu3luzXg8G2xeCOtpbU9uFDqyglWGhzL+nAbS1vZ17JWOsWaoUqYiZN9nJj\nwVjEfyPt5IKG12vBRQbuMVyBcV7IP9a9jfsl6VlJAoGBAKL+E6cPBPiIzzWSOhVL\nzK8Q5+1Yjz1VxB50F+TnBLLJbD0oI9nAK+yDBWMuGZ+x9/Rmgh7BxHEc2yNeuwJO\n9M8Cc31FBgcrTTyNuooH6ftPtAb7s8Txd4dM0c9ygNckzZhR8yzYMcTvwqqcf2W2\n+f/mUXff9uF8Uj8e6jcdm3SxAoGBAP3xDsfLTJjiLZtJ25AkmJqLAwdw2++fu9Q6\ngEHDzHdi5/JZxeLUAzvGbAysLqhTImjVBffT/WDXFCcMBFulkS2nbxKLRrvSEmGL\nrplz+kYeI5mW0ayFe1G9pJyuM8ZI5BvMUf/+y0wP2/hOJb1bW00na2feTfJAHbHM\nV9G7Ur5hAoGBAMYmTWbUi17QRew2lAfPo3cmySCZE/wFoLxbzgVi16uO6FsDSxwY\nYj70WLey3+j1eERvohhei/xpw/X7BY4bLg07DVKcfaLGNbpCdocnYYUhwSHSU9RO\nhUtCcyFJAIpBosGy9ZFiRu8VGG7y3oHePh8ql+WpilIwEhhhSIOREupC\n-----END RSA PRIVATE KEY-----\n",
            "public_key_fingerprint_md5": "18:29:45:26:89:d2:58:fa:fc:93:99:ad:a9:8f:ee:8b",
            "public_key_fingerprint_sha256": "SHA256:9fEYKFT+6j5I7WGh2oDDsXD/Qc30lWHbDnrQlnb7bI8",
            "public_key_openssh": "ssh-rsa AAAAB3NzaC1yc2EAAAADAQABAAABAQDoNQj9PBVgyAA4Co3L5kflQOYIpqgM1Io4kpw+o+zfAALg+IwagDgv48vWrkKxW2ytNnLMx4PZ8hI8d+g0uKR7d0mlRqOTf+PQ7BSo2bin+OCRqRV1jGPOrDCAQBXqEoiOlW9F4AwOHihoI6sZ6y+EHESO4Wvl3+ha6lUkwVHwmw+lERH55yCYdWHcTenIsy+am2eeuhJ7EMqLSdFgmHrjWsYq2EYrB2AgfjrVxY7SJIBE6ReCl75pQQl2/q0QTq+O7IScQJfDKvcU+2U6z1jJoPwtikBXzVzCjroHGSq8VC4v0hkwYPw/TVytMeFb0JBG2fvQsZ+HCESkHwZhvbBh\n",
            "public_key_pem": "-----BEGIN PUBLIC KEY-----\nMIIBIjANBgkqhkiG9w0BAQEFAAOCAQ8AMIIBCgKCAQEA6DUI/TwVYMgAOAqNy+ZH\n5UDmCKaoDNSKOJKcPqPs3wAC4PiMGoA4L+PL1q5CsVtsrTZyzMeD2fISPHfoNLik\ne3dJpUajk3/j0OwUqNm4p/jgkakVdYxjzqwwgEAV6hKIjpVvReAMDh4oaCOrGesv\nhBxEjuFr5d/oWupVJMFR8JsPpRER+ecgmHVh3E3pyLMvmptnnroSexDKi0nRYJh6\n41rGKthGKwdgIH461cWO0iSAROkXgpe+aUEJdv6tEE6vjuyEnECXwyr3FPtlOs9Y\nyaD8LYpAV81cwo66BxkqvFQuL9IZMGD8P01crTHhW9CQRtn70LGfhwhEpB8GYb2w\nYQIDAQAB\n-----END PUBLIC KEY-----\n",
            "rsa_bits": 2048
          },
          "sensitive_attributes": [],
          "private": "bnVsbA==",
          "create_before_destroy": true
        }
      ]
    },
    {
      "module": "module.all_worker_management",
      "mode": "managed",
      "type": "aws_security_group",
      "name": "this_name_prefix",
      "provider": "provider[\"registry.terraform.io/hashicorp/aws\"]",
      "instances": [
        {
          "index_key": 0,
          "schema_version": 1,
          "attributes": {
            "arn": "arn:aws:ec2:us-east-2:000982191218:security-group/sg-0fb769a6a9e67f4b5",
            "description": "Security Group managed by Terraform",
            "egress": [],
            "id": "sg-0fb769a6a9e67f4b5",
            "ingress": [],
            "name": "all_worker_management-2022072518082602650000000b",
            "name_prefix": "all_worker_management-",
            "owner_id": "000982191218",
            "revoke_rules_on_delete": false,
            "tags": {
              "Name": "all_worker_management"
            },
            "tags_all": {
              "Name": "all_worker_management"
            },
            "timeouts": {
              "create": "10m",
              "delete": "15m"
            },
            "vpc_id": "vpc-00b803915610b2733"
          },
          "sensitive_attributes": [],
          "private": "eyJlMmJmYjczMC1lY2FhLTExZTYtOGY4OC0zNDM2M2JjN2M0YzAiOnsiY3JlYXRlIjo2MDAwMDAwMDAwMDAsImRlbGV0ZSI6OTAwMDAwMDAwMDAwfSwic2NoZW1hX3ZlcnNpb24iOiIxIn0=",
          "dependencies": [
            "aws_vpc.this"
          ],
          "create_before_destroy": true
        }
      ]
    },
    {
      "module": "module.all_worker_management",
      "mode": "managed",
      "type": "aws_security_group_rule",
      "name": "egress_with_cidr_blocks",
      "provider": "provider[\"registry.terraform.io/hashicorp/aws\"]",
      "instances": [
        {
          "index_key": 0,
          "schema_version": 2,
          "attributes": {
            "cidr_blocks": [
              "0.0.0.0/0"
            ],
            "description": "Egress Rule",
            "from_port": 0,
            "id": "sgrule-940886985",
            "ipv6_cidr_blocks": null,
            "prefix_list_ids": [],
            "protocol": "-1",
            "security_group_id": "sg-0fb769a6a9e67f4b5",
            "self": false,
            "source_security_group_id": null,
            "to_port": 65535,
            "type": "egress"
          },
          "sensitive_attributes": [],
          "private": "eyJzY2hlbWFfdmVyc2lvbiI6IjIifQ==",
          "dependencies": [
            "module.all_worker_management.aws_security_group.this",
            "module.all_worker_management.aws_security_group.this_name_prefix"
          ]
        }
      ]
    },
    {
      "module": "module.all_worker_management",
      "mode": "managed",
      "type": "aws_security_group_rule",
      "name": "ingress_with_cidr_blocks",
      "provider": "provider[\"registry.terraform.io/hashicorp/aws\"]",
      "instances": [
        {
          "index_key": 0,
          "schema_version": 2,
          "attributes": {
            "cidr_blocks": [
              "0.0.0.0/0"
            ],
            "description": "Ingress Rule",
            "from_port": 22,
            "id": "sgrule-4021042473",
            "ipv6_cidr_blocks": null,
            "prefix_list_ids": [],
            "protocol": "tcp",
            "security_group_id": "sg-0fb769a6a9e67f4b5",
            "self": false,
            "source_security_group_id": null,
            "to_port": 22,
            "type": "ingress"
          },
          "sensitive_attributes": [],
          "private": "eyJzY2hlbWFfdmVyc2lvbiI6IjIifQ==",
          "dependencies": [
            "module.all_worker_management.aws_security_group.this",
            "module.all_worker_management.aws_security_group.this_name_prefix"
          ]
        },
        {
          "index_key": 1,
          "schema_version": 2,
          "attributes": {
            "cidr_blocks": [
              "0.0.0.0/0"
            ],
            "description": "Ingress Rule",
            "from_port": 443,
            "id": "sgrule-912629658",
            "ipv6_cidr_blocks": null,
            "prefix_list_ids": [],
            "protocol": "tcp",
            "security_group_id": "sg-0fb769a6a9e67f4b5",
            "self": false,
            "source_security_group_id": null,
            "to_port": 443,
            "type": "ingress"
          },
          "sensitive_attributes": [],
          "private": "eyJzY2hlbWFfdmVyc2lvbiI6IjIifQ==",
          "dependencies": [
            "module.all_worker_management.aws_security_group.this",
            "module.all_worker_management.aws_security_group.this_name_prefix"
          ]
        },
        {
          "index_key": 2,
          "schema_version": 2,
          "attributes": {
            "cidr_blocks": [
              "0.0.0.0/0"
            ],
            "description": "Ingress Rule",
            "from_port": 80,
            "id": "sgrule-1495687324",
            "ipv6_cidr_blocks": null,
            "prefix_list_ids": [],
            "protocol": "tcp",
            "security_group_id": "sg-0fb769a6a9e67f4b5",
            "self": false,
            "source_security_group_id": null,
            "to_port": 80,
            "type": "ingress"
          },
          "sensitive_attributes": [],
          "private": "eyJzY2hlbWFfdmVyc2lvbiI6IjIifQ==",
          "dependencies": [
            "module.all_worker_management.aws_security_group.this",
            "module.all_worker_management.aws_security_group.this_name_prefix"
          ]
        }
      ]
    },
    {
      "module": "module.aws_iam_role",
      "mode": "data",
      "type": "aws_iam_policy_document",
      "name": "assume_role",
      "provider": "provider[\"registry.terraform.io/hashicorp/aws\"]",
      "instances": [
        {
          "index_key": 0,
          "schema_version": 0,
          "attributes": {
            "id": "3505649292",
            "json": "{\n  \"Version\": \"2012-10-17\",\n  \"Statement\": [\n    {\n      \"Sid\": \"\",\n      \"Effect\": \"Allow\",\n      \"Action\": \"sts:AssumeRole\",\n      \"Principal\": {\n        \"AWS\": \"arn:aws:iam::000982191218:user/mjs1212\",\n        \"Service\": \"ec2.amazonaws.com\"\n      }\n    }\n  ]\n}",
            "override_json": null,
            "override_policy_documents": null,
            "policy_id": null,
            "source_json": null,
            "source_policy_documents": null,
            "statement": [
              {
                "actions": [
                  "sts:AssumeRole"
                ],
                "condition": [],
                "effect": "Allow",
                "not_actions": [],
                "not_principals": [],
                "not_resources": [],
                "principals": [
                  {
                    "identifiers": [
                      "arn:aws:iam::000982191218:user/mjs1212"
                    ],
                    "type": "AWS"
                  },
                  {
                    "identifiers": [
                      "ec2.amazonaws.com"
                    ],
                    "type": "Service"
                  }
                ],
                "resources": [],
                "sid": ""
              }
            ],
            "version": "2012-10-17"
          },
          "sensitive_attributes": []
        }
      ]
    },
    {
      "module": "module.aws_iam_role",
      "mode": "managed",
      "type": "aws_iam_role",
      "name": "this",
      "provider": "provider[\"registry.terraform.io/hashicorp/aws\"]",
      "instances": [
        {
          "index_key": 0,
          "schema_version": 0,
          "attributes": {
            "arn": "arn:aws:iam::000982191218:role/AmazonEKSNodeGroupRole-test",
            "assume_role_policy": "{\"Statement\":[{\"Action\":\"sts:AssumeRole\",\"Effect\":\"Allow\",\"Principal\":{\"AWS\":\"arn:aws:iam::000982191218:user/mjs1212\",\"Service\":\"ec2.amazonaws.com\"},\"Sid\":\"\"}],\"Version\":\"2012-10-17\"}",
            "create_date": "2022-07-25T18:08:25Z",
            "description": "",
            "force_detach_policies": false,
            "id": "AmazonEKSNodeGroupRole-test",
            "inline_policy": [],
            "managed_policy_arns": [],
            "max_session_duration": 3600,
            "name": "AmazonEKSNodeGroupRole-test",
            "name_prefix": "",
            "path": "/",
            "permissions_boundary": "",
            "tags": {
              "Name": "rol-test-eks-node"
            },
            "tags_all": {
              "Name": "rol-test-eks-node"
            },
            "unique_id": "AROAQAOULBRZJGW2CFCWT"
          },
          "sensitive_attributes": [],
          "private": "bnVsbA==",
          "dependencies": [
            "module.aws_iam_role.data.aws_iam_policy_document.assume_role",
            "module.aws_iam_role.data.aws_iam_policy_document.assume_role_with_mfa",
            "module.iam_policy.aws_iam_policy.policy"
          ],
          "create_before_destroy": true
        }
      ]
    },
    {
      "module": "module.aws_iam_role",
      "mode": "managed",
      "type": "aws_iam_role_policy_attachment",
      "name": "custom",
      "provider": "provider[\"registry.terraform.io/hashicorp/aws\"]",
      "instances": [
        {
          "index_key": 0,
          "schema_version": 0,
          "attributes": {
            "id": "AmazonEKSNodeGroupRole-test-20220726023445064500000006",
            "policy_arn": "arn:aws:iam::aws:policy/AmazonEKSWorkerNodePolicy",
            "role": "AmazonEKSNodeGroupRole-test"
          },
          "sensitive_attributes": [],
          "private": "bnVsbA==",
          "dependencies": [
            "module.aws_iam_role.aws_iam_role.this",
            "module.iam_policy.aws_iam_policy.policy"
          ]
        },
        {
          "index_key": 1,
          "schema_version": 0,
          "attributes": {
            "id": "AmazonEKSNodeGroupRole-test-20220726023445175500000008",
            "policy_arn": "arn:aws:iam::aws:policy/AmazonEC2ContainerRegistryReadOnly",
            "role": "AmazonEKSNodeGroupRole-test"
          },
          "sensitive_attributes": [],
          "private": "bnVsbA==",
          "dependencies": [
            "module.aws_iam_role.aws_iam_role.this",
            "module.iam_policy.aws_iam_policy.policy"
          ]
        },
        {
          "index_key": 2,
          "schema_version": 0,
          "attributes": {
            "id": "AmazonEKSNodeGroupRole-test-20220726023445104800000007",
            "policy_arn": "arn:aws:iam::aws:policy/AmazonEKS_CNI_Policy",
            "role": "AmazonEKSNodeGroupRole-test"
          },
          "sensitive_attributes": [],
          "private": "bnVsbA==",
          "dependencies": [
            "module.aws_iam_role.aws_iam_role.this",
            "module.iam_policy.aws_iam_policy.policy"
          ]
        },
        {
          "index_key": 3,
          "schema_version": 0,
          "attributes": {
            "id": "AmazonEKSNodeGroupRole-test-20220726023445011100000005",
            "policy_arn": "arn:aws:iam::000982191218:policy/AmazonEKSNodeACMAccess-test",
            "role": "AmazonEKSNodeGroupRole-test"
          },
          "sensitive_attributes": [],
          "private": "bnVsbA==",
          "dependencies": [
            "module.aws_iam_role.aws_iam_role.this",
            "module.iam_policy.aws_iam_policy.policy"
          ]
        }
      ]
    },
    {
      "module": "module.eks",
      "mode": "data",
      "type": "aws_ami",
      "name": "eks_worker",
      "provider": "provider[\"registry.terraform.io/hashicorp/aws\"]",
      "instances": []
    },
    {
      "module": "module.eks",
      "mode": "data",
      "type": "aws_ami",
      "name": "eks_worker_windows",
      "provider": "provider[\"registry.terraform.io/hashicorp/aws\"]",
      "instances": []
    },
    {
      "module": "module.eks",
      "mode": "data",
      "type": "aws_caller_identity",
      "name": "current",
      "provider": "provider[\"registry.terraform.io/hashicorp/aws\"]",
      "instances": [
        {
          "schema_version": 0,
          "attributes": {
            "account_id": "000982191218",
            "arn": "arn:aws:iam::000982191218:user/mjs1212",
            "id": "000982191218",
            "user_id": "AIDAQAOULBRZEJDWM5JGP"
          },
          "sensitive_attributes": []
        }
      ]
    },
    {
      "module": "module.eks",
      "mode": "data",
      "type": "aws_iam_instance_profile",
      "name": "custom_worker_group_iam_instance_profile",
      "provider": "provider[\"registry.terraform.io/hashicorp/aws\"]",
      "instances": []
    },
    {
      "module": "module.eks",
      "mode": "data",
      "type": "aws_iam_instance_profile",
      "name": "custom_worker_group_launch_template_iam_instance_profile",
      "provider": "provider[\"registry.terraform.io/hashicorp/aws\"]",
      "instances": []
    },
    {
      "module": "module.eks",
      "mode": "data",
      "type": "aws_iam_policy_document",
      "name": "cluster_assume_role_policy",
      "provider": "provider[\"registry.terraform.io/hashicorp/aws\"]",
      "instances": [
        {
          "schema_version": 0,
          "attributes": {
            "id": "2764486067",
            "json": "{\n  \"Version\": \"2012-10-17\",\n  \"Statement\": [\n    {\n      \"Sid\": \"EKSClusterAssumeRole\",\n      \"Effect\": \"Allow\",\n      \"Action\": \"sts:AssumeRole\",\n      \"Principal\": {\n        \"Service\": \"eks.amazonaws.com\"\n      }\n    }\n  ]\n}",
            "override_json": null,
            "override_policy_documents": null,
            "policy_id": null,
            "source_json": null,
            "source_policy_documents": null,
            "statement": [
              {
                "actions": [
                  "sts:AssumeRole"
                ],
                "condition": [],
                "effect": "Allow",
                "not_actions": [],
                "not_principals": [],
                "not_resources": [],
                "principals": [
                  {
                    "identifiers": [
                      "eks.amazonaws.com"
                    ],
                    "type": "Service"
                  }
                ],
                "resources": [],
                "sid": "EKSClusterAssumeRole"
              }
            ],
            "version": "2012-10-17"
          },
          "sensitive_attributes": []
        }
      ]
    },
    {
      "module": "module.eks",
      "mode": "data",
      "type": "aws_iam_policy_document",
      "name": "cluster_deny_log_group",
      "provider": "provider[\"registry.terraform.io/hashicorp/aws\"]",
      "instances": [
        {
          "index_key": 0,
          "schema_version": 0,
          "attributes": {
            "id": "2675893060",
            "json": "{\n  \"Version\": \"2012-10-17\",\n  \"Statement\": [\n    {\n      \"Sid\": \"\",\n      \"Effect\": \"Deny\",\n      \"Action\": \"logs:CreateLogGroup\",\n      \"Resource\": \"*\"\n    }\n  ]\n}",
            "override_json": null,
            "override_policy_documents": null,
            "policy_id": null,
            "source_json": null,
            "source_policy_documents": null,
            "statement": [
              {
                "actions": [
                  "logs:CreateLogGroup"
                ],
                "condition": [],
                "effect": "Deny",
                "not_actions": [],
                "not_principals": [],
                "not_resources": [],
                "principals": [],
                "resources": [
                  "*"
                ],
                "sid": ""
              }
            ],
            "version": "2012-10-17"
          },
          "sensitive_attributes": []
        }
      ]
    },
    {
      "module": "module.eks",
      "mode": "data",
      "type": "aws_iam_policy_document",
      "name": "cluster_elb_sl_role_creation",
      "provider": "provider[\"registry.terraform.io/hashicorp/aws\"]",
      "instances": [
        {
          "index_key": 0,
          "schema_version": 0,
          "attributes": {
            "id": "3709839417",
            "json": "{\n  \"Version\": \"2012-10-17\",\n  \"Statement\": [\n    {\n      \"Sid\": \"\",\n      \"Effect\": \"Allow\",\n      \"Action\": [\n        \"ec2:DescribeInternetGateways\",\n        \"ec2:DescribeAddresses\",\n        \"ec2:DescribeAccountAttributes\"\n      ],\n      \"Resource\": \"*\"\n    }\n  ]\n}",
            "override_json": null,
            "override_policy_documents": null,
            "policy_id": null,
            "source_json": null,
            "source_policy_documents": null,
            "statement": [
              {
                "actions": [
                  "ec2:DescribeAccountAttributes",
                  "ec2:DescribeAddresses",
                  "ec2:DescribeInternetGateways"
                ],
                "condition": [],
                "effect": "Allow",
                "not_actions": [],
                "not_principals": [],
                "not_resources": [],
                "principals": [],
                "resources": [
                  "*"
                ],
                "sid": ""
              }
            ],
            "version": "2012-10-17"
          },
          "sensitive_attributes": []
        }
      ]
    },
    {
      "module": "module.eks",
      "mode": "data",
      "type": "aws_iam_policy_document",
      "name": "workers_assume_role_policy",
      "provider": "provider[\"registry.terraform.io/hashicorp/aws\"]",
      "instances": [
        {
          "schema_version": 0,
          "attributes": {
            "id": "3778018924",
            "json": "{\n  \"Version\": \"2012-10-17\",\n  \"Statement\": [\n    {\n      \"Sid\": \"EKSWorkerAssumeRole\",\n      \"Effect\": \"Allow\",\n      \"Action\": \"sts:AssumeRole\",\n      \"Principal\": {\n        \"Service\": \"ec2.amazonaws.com\"\n      }\n    }\n  ]\n}",
            "override_json": null,
            "override_policy_documents": null,
            "policy_id": null,
            "source_json": null,
            "source_policy_documents": null,
            "statement": [
              {
                "actions": [
                  "sts:AssumeRole"
                ],
                "condition": [],
                "effect": "Allow",
                "not_actions": [],
                "not_principals": [],
                "not_resources": [],
                "principals": [
                  {
                    "identifiers": [
                      "ec2.amazonaws.com"
                    ],
                    "type": "Service"
                  }
                ],
                "resources": [],
                "sid": "EKSWorkerAssumeRole"
              }
            ],
            "version": "2012-10-17"
          },
          "sensitive_attributes": []
        }
      ]
    },
    {
      "module": "module.eks",
      "mode": "data",
      "type": "aws_iam_role",
      "name": "custom_cluster_iam_role",
      "provider": "provider[\"registry.terraform.io/hashicorp/aws\"]",
      "instances": []
    },
    {
      "module": "module.eks",
      "mode": "data",
      "type": "aws_partition",
      "name": "current",
      "provider": "provider[\"registry.terraform.io/hashicorp/aws\"]",
      "instances": [
        {
          "schema_version": 0,
          "attributes": {
            "dns_suffix": "amazonaws.com",
            "id": "aws",
            "partition": "aws",
            "reverse_dns_prefix": "com.amazonaws"
          },
          "sensitive_attributes": []
        }
      ]
    },
    {
      "module": "module.eks",
      "mode": "data",
      "type": "http",
      "name": "wait_for_cluster",
      "provider": "provider[\"registry.terraform.io/terraform-aws-modules/http\"]",
      "instances": [
        {
          "index_key": 0,
          "schema_version": 0,
          "attributes": {
            "body": "ok",
            "ca_certificate": "-----BEGIN CERTIFICATE-----\nMIIC5zCCAc+gAwIBAgIBADANBgkqhkiG9w0BAQsFADAVMRMwEQYDVQQDEwprdWJl\ncm5ldGVzMB4XDTIyMDcyNTE4MjYwMloXDTMyMDcyMjE4MjYwMlowFTETMBEGA1UE\nAxMKa3ViZXJuZXRlczCCASIwDQYJKoZIhvcNAQEBBQADggEPADCCAQoCggEBAJ8d\nZpnWsEJYFhEA2Z04bZCr690GR4oqrGfVJtjhNQ5nnXXxR3OuaGUbtj57/H6IDnPf\n9qs+u/Tf6fEFxrWbjs1F1NLc/4fJRXufd+iHxoERdL0Eth3mceX/TTZCGiY1fxQx\nvVvbnwPEoiPm7WQPAShupEyf7+hJgNnbVvqAhRMFH1yYiydigsXM4lLCMMXv+1XI\nWfOm3XczRwMJXzoAv2MA32ze6+k4qt30F/LxiiovQuF60V8bc5JUR4nQ6gZAgT4A\n8KdgeeOgAC/CC8QoXu7iKGVII2Qz/yC65GvHGWyZI8od6GgBvMWQG37a1GpglMXf\ngoerngelQRi2pz/hUBMCAwEAAaNCMEAwDgYDVR0PAQH/BAQDAgKkMA8GA1UdEwEB\n/wQFMAMBAf8wHQYDVR0OBBYEFBRb/52i7Q83ScXslo0J1A+n0RcwMA0GCSqGSIb3\nDQEBCwUAA4IBAQArN3OzR3QxOesliRdKjDk44OACAD1Z2warn5bhrdJ4AXhq5S5U\n0Eavj2pBpyioBKKsC/XLHq2GQxyOmeXt4ogpWxNtpZJrSGOe3pAV9pfzmD8/QbFv\nMbPpFck0YDuXVE5x6hBMNWNqlh69+rd3PltRtjvFPuNFIJVp+5AuwJ5a38L8eVuH\niZmIVnhzLuyEh9irAqjo/Xh04bCyC/2Jwnkx8+SPG/oh/t3z/6r2H7cqGPYol1iv\n/pPcrmYSM8cX5smbKfDtPu5pgs1oaVmTEbKoJigSlpDC6qd779cZuV2JeNciInpH\ncRjzUd8FxwX1X0e+ho600uNPCOjoZPIX1gns\n-----END CERTIFICATE-----\n",
            "id": "https://53FFF478DE470400E617FB8DD926CD7E.gr7.us-east-2.eks.amazonaws.com/healthz",
            "insecure": false,
            "request_headers": null,
            "response_headers": {
              "Cache-Control": "no-cache, private",
              "Content-Length": "2",
              "Content-Type": "text/plain; charset=utf-8",
              "Date": "Tue, 26 Jul 2022 02:34:15 GMT",
              "X-Content-Type-Options": "nosniff",
              "X-Kubernetes-Pf-Flowschema-Uid": "1b7aa91c-f966-485d-a5c2-5a9624e47bff",
              "X-Kubernetes-Pf-Prioritylevel-Uid": "fc0fa5d1-4004-44c5-b335-0e56701ff261"
            },
            "timeout": 600,
            "url": "https://53FFF478DE470400E617FB8DD926CD7E.gr7.us-east-2.eks.amazonaws.com/healthz"
          },
          "sensitive_attributes": []
        }
      ]
    },
    {
      "module": "module.eks",
      "mode": "managed",
      "type": "aws_autoscaling_group",
      "name": "workers",
      "provider": "provider[\"registry.terraform.io/hashicorp/aws\"]",
      "instances": []
    },
    {
      "module": "module.eks",
      "mode": "managed",
      "type": "aws_autoscaling_group",
      "name": "workers_launch_template",
      "provider": "provider[\"registry.terraform.io/hashicorp/aws\"]",
      "instances": []
    },
    {
      "module": "module.eks",
      "mode": "managed",
      "type": "aws_cloudwatch_log_group",
      "name": "this",
      "provider": "provider[\"registry.terraform.io/hashicorp/aws\"]",
      "instances": []
    },
    {
      "module": "module.eks",
      "mode": "managed",
      "type": "aws_eks_cluster",
      "name": "this",
      "provider": "provider[\"registry.terraform.io/hashicorp/aws\"]",
      "instances": [
        {
          "index_key": 0,
          "schema_version": 0,
          "attributes": {
            "arn": "arn:aws:eks:us-east-2:000982191218:cluster/test-cluster",
            "certificate_authority": [
              {
                "data": "LS0tLS1CRUdJTiBDRVJUSUZJQ0FURS0tLS0tCk1JSUM1ekNDQWMrZ0F3SUJBZ0lCQURBTkJna3Foa2lHOXcwQkFRc0ZBREFWTVJNd0VRWURWUVFERXdwcmRXSmwKY201bGRHVnpNQjRYRFRJeU1EY3lOVEU0TWpZd01sb1hEVE15TURjeU1qRTRNall3TWxvd0ZURVRNQkVHQTFVRQpBeE1LYTNWaVpYSnVaWFJsY3pDQ0FTSXdEUVlKS29aSWh2Y05BUUVCQlFBRGdnRVBBRENDQVFvQ2dnRUJBSjhkClpwbldzRUpZRmhFQTJaMDRiWkNyNjkwR1I0b3FyR2ZWSnRqaE5RNW5uWFh4UjNPdWFHVWJ0ajU3L0g2SURuUGYKOXFzK3UvVGY2ZkVGeHJXYmpzMUYxTkxjLzRmSlJYdWZkK2lIeG9FUmRMMEV0aDNtY2VYL1RUWkNHaVkxZnhReAp2VnZibndQRW9pUG03V1FQQVNodXBFeWY3K2hKZ05uYlZ2cUFoUk1GSDF5WWl5ZGlnc1hNNGxMQ01NWHYrMVhJCldmT20zWGN6UndNSlh6b0F2Mk1BMzJ6ZTYrazRxdDMwRi9MeGlpb3ZRdUY2MFY4YmM1SlVSNG5RNmdaQWdUNEEKOEtkZ2VlT2dBQy9DQzhRb1h1N2lLR1ZJSTJRei95QzY1R3ZIR1d5Wkk4b2Q2R2dCdk1XUUczN2ExR3BnbE1YZgpnb2VybmdlbFFSaTJwei9oVUJNQ0F3RUFBYU5DTUVBd0RnWURWUjBQQVFIL0JBUURBZ0trTUE4R0ExVWRFd0VCCi93UUZNQU1CQWY4d0hRWURWUjBPQkJZRUZCUmIvNTJpN1E4M1NjWHNsbzBKMUErbjBSY3dNQTBHQ1NxR1NJYjMKRFFFQkN3VUFBNElCQVFBck4zT3pSM1F4T2VzbGlSZEtqRGs0NE9BQ0FEMVoyd2FybjViaHJkSjRBWGhxNVM1VQowRWF2ajJwQnB5aW9CS0tzQy9YTEhxMkdReHlPbWVYdDRvZ3BXeE50cFpKclNHT2UzcEFWOXBmem1EOC9RYkZ2Ck1iUHBGY2swWUR1WFZFNXg2aEJNTldOcWxoNjkrcmQzUGx0UnRqdkZQdU5GSUpWcCs1QXV3SjVhMzhMOGVWdUgKaVptSVZuaHpMdXlFaDlpckFxam8vWGgwNGJDeUMvMkp3bmt4OCtTUEcvb2gvdDN6LzZyMkg3Y3FHUFlvbDFpdgovcFBjcm1ZU004Y1g1c21iS2ZEdFB1NXBnczFvYVZtVEViS29KaWdTbHBEQzZxZDc3OWNadVYySmVOY2lJbnBICmNSanpVZDhGeHdYMVgwZStobzYwMHVOUENPam9aUElYMWducwotLS0tLUVORCBDRVJUSUZJQ0FURS0tLS0tCg=="
              }
            ],
            "created_at": "2022-07-25 18:20:21.682 +0000 UTC",
            "enabled_cluster_log_types": [],
            "encryption_config": [],
            "endpoint": "https://53FFF478DE470400E617FB8DD926CD7E.gr7.us-east-2.eks.amazonaws.com",
            "id": "test-cluster",
            "identity": [
              {
                "oidc": [
                  {
                    "issuer": "https://oidc.eks.us-east-2.amazonaws.com/id/53FFF478DE470400E617FB8DD926CD7E"
                  }
                ]
              }
            ],
            "kubernetes_network_config": [
              {
                "ip_family": "ipv4",
                "service_ipv4_cidr": "172.20.0.0/16"
              }
            ],
            "name": "test-cluster",
            "platform_version": "eks.9",
            "role_arn": "arn:aws:iam::000982191218:role/test-cluster20220725180825149600000002",
            "status": "ACTIVE",
            "tags": {},
            "tags_all": {},
            "timeouts": {
              "create": "30m",
              "delete": "15m",
              "update": "60m"
            },
            "version": "1.21",
            "vpc_config": [
              {
                "cluster_security_group_id": "sg-06c7bb5ad865e0c1b",
                "endpoint_private_access": true,
                "endpoint_public_access": true,
                "public_access_cidrs": [
                  "0.0.0.0/0"
                ],
                "security_group_ids": [
                  "sg-08d975695d8b9d780"
                ],
                "subnet_ids": [
                  "subnet-0176b6b2d2d0d6ed7",
                  "subnet-08da7cda63fb7a3f7"
                ],
                "vpc_id": "vpc-00b803915610b2733"
              }
            ]
          },
          "sensitive_attributes": [],
          "private": "eyJlMmJmYjczMC1lY2FhLTExZTYtOGY4OC0zNDM2M2JjN2M0YzAiOnsiY3JlYXRlIjoxODAwMDAwMDAwMDAwLCJkZWxldGUiOjkwMDAwMDAwMDAwMCwidXBkYXRlIjozNjAwMDAwMDAwMDAwfX0=",
          "dependencies": [
            "aws_subnet.private",
            "aws_vpc.this",
            "module.eks.aws_cloudwatch_log_group.this",
            "module.eks.aws_iam_role.cluster",
            "module.eks.aws_iam_role_policy_attachment.cluster_AmazonEKSClusterPolicy",
            "module.eks.aws_iam_role_policy_attachment.cluster_AmazonEKSServicePolicy",
            "module.eks.aws_iam_role_policy_attachment.cluster_AmazonEKSVPCResourceControllerPolicy",
            "module.eks.aws_security_group.cluster",
            "module.eks.aws_security_group.workers",
            "module.eks.aws_security_group_rule.cluster_egress_internet",
            "module.eks.aws_security_group_rule.cluster_https_worker_ingress",
            "module.eks.data.aws_iam_policy_document.cluster_assume_role_policy",
            "module.eks.data.aws_iam_role.custom_cluster_iam_role",
            "module.eks.data.aws_partition.current"
          ],
          "create_before_destroy": true
        }
      ]
    },
    {
      "module": "module.eks",
      "mode": "managed",
      "type": "aws_iam_instance_profile",
      "name": "workers",
      "provider": "provider[\"registry.terraform.io/hashicorp/aws\"]",
      "instances": []
    },
    {
      "module": "module.eks",
      "mode": "managed",
      "type": "aws_iam_instance_profile",
      "name": "workers_launch_template",
      "provider": "provider[\"registry.terraform.io/hashicorp/aws\"]",
      "instances": []
    },
    {
      "module": "module.eks",
      "mode": "managed",
      "type": "aws_iam_openid_connect_provider",
      "name": "oidc_provider",
      "provider": "provider[\"registry.terraform.io/hashicorp/aws\"]",
      "instances": []
    },
    {
      "module": "module.eks",
      "mode": "managed",
      "type": "aws_iam_policy",
      "name": "cluster_deny_log_group",
      "provider": "provider[\"registry.terraform.io/hashicorp/aws\"]",
      "instances": [
        {
          "index_key": 0,
          "schema_version": 0,
          "attributes": {
            "arn": "arn:aws:iam::000982191218:policy/test-cluster-deny-log-group20220726023444182300000002",
            "description": "Deny CreateLogGroup",
            "id": "arn:aws:iam::000982191218:policy/test-cluster-deny-log-group20220726023444182300000002",
            "name": "test-cluster-deny-log-group20220726023444182300000002",
            "name_prefix": "test-cluster-deny-log-group",
            "path": "/",
            "policy": "{\"Statement\":[{\"Action\":\"logs:CreateLogGroup\",\"Effect\":\"Deny\",\"Resource\":\"*\",\"Sid\":\"\"}],\"Version\":\"2012-10-17\"}",
            "policy_id": "ANPAQAOULBRZGUSYM3DFR",
            "tags": null,
            "tags_all": {}
          },
          "sensitive_attributes": [],
          "private": "bnVsbA==",
          "dependencies": [
            "module.eks.data.aws_iam_policy_document.cluster_deny_log_group"
          ]
        }
      ]
    },
    {
      "module": "module.eks",
      "mode": "managed",
      "type": "aws_iam_policy",
      "name": "cluster_elb_sl_role_creation",
      "provider": "provider[\"registry.terraform.io/hashicorp/aws\"]",
      "instances": [
        {
          "index_key": 0,
          "schema_version": 0,
          "attributes": {
            "arn": "arn:aws:iam::000982191218:policy/test-cluster-elb-sl-role-creation20220726023444175300000001",
            "description": "Permissions for EKS to create AWSServiceRoleForElasticLoadBalancing service-linked role",
            "id": "arn:aws:iam::000982191218:policy/test-cluster-elb-sl-role-creation20220726023444175300000001",
            "name": "test-cluster-elb-sl-role-creation20220726023444175300000001",
            "name_prefix": "test-cluster-elb-sl-role-creation",
            "path": "/",
            "policy": "{\"Statement\":[{\"Action\":[\"ec2:DescribeInternetGateways\",\"ec2:DescribeAddresses\",\"ec2:DescribeAccountAttributes\"],\"Effect\":\"Allow\",\"Resource\":\"*\",\"Sid\":\"\"}],\"Version\":\"2012-10-17\"}",
            "policy_id": "ANPAQAOULBRZCIJYORFV6",
            "tags": null,
            "tags_all": {}
          },
          "sensitive_attributes": [],
          "private": "bnVsbA==",
          "dependencies": [
            "module.eks.data.aws_iam_policy_document.cluster_elb_sl_role_creation"
          ]
        }
      ]
    },
    {
      "module": "module.eks",
      "mode": "managed",
      "type": "aws_iam_role",
      "name": "cluster",
      "provider": "provider[\"registry.terraform.io/hashicorp/aws\"]",
      "instances": [
        {
          "index_key": 0,
          "schema_version": 0,
          "attributes": {
            "arn": "arn:aws:iam::000982191218:role/test-cluster20220725180825149600000002",
            "assume_role_policy": "{\"Statement\":[{\"Action\":\"sts:AssumeRole\",\"Effect\":\"Allow\",\"Principal\":{\"Service\":\"eks.amazonaws.com\"},\"Sid\":\"EKSClusterAssumeRole\"}],\"Version\":\"2012-10-17\"}",
            "create_date": "2022-07-25T18:08:25Z",
            "description": "",
            "force_detach_policies": true,
            "id": "test-cluster20220725180825149600000002",
            "inline_policy": [],
            "managed_policy_arns": [
              "arn:aws:iam::aws:policy/AmazonEKSClusterPolicy",
              "arn:aws:iam::aws:policy/AmazonEKSServicePolicy",
              "arn:aws:iam::aws:policy/AmazonEKSVPCResourceController"
            ],
            "max_session_duration": 3600,
            "name": "test-cluster20220725180825149600000002",
            "name_prefix": "test-cluster",
            "path": "/",
            "permissions_boundary": null,
            "tags": {},
            "tags_all": {},
            "unique_id": "AROAQAOULBRZCMPARG622"
          },
          "sensitive_attributes": [],
          "private": "bnVsbA==",
          "dependencies": [
            "module.eks.data.aws_iam_policy_document.cluster_assume_role_policy"
          ],
          "create_before_destroy": true
        }
      ]
    },
    {
      "module": "module.eks",
      "mode": "managed",
      "type": "aws_iam_role",
      "name": "workers",
      "provider": "provider[\"registry.terraform.io/hashicorp/aws\"]",
      "instances": [
        {
          "index_key": 0,
          "schema_version": 0,
          "attributes": {
            "arn": "arn:aws:iam::000982191218:role/test-cluster20220725183111591600000001",
            "assume_role_policy": "{\"Statement\":[{\"Action\":\"sts:AssumeRole\",\"Effect\":\"Allow\",\"Principal\":{\"Service\":\"ec2.amazonaws.com\"},\"Sid\":\"EKSWorkerAssumeRole\"}],\"Version\":\"2012-10-17\"}",
            "create_date": "2022-07-25T18:31:11Z",
            "description": "",
            "force_detach_policies": true,
            "id": "test-cluster20220725183111591600000001",
            "inline_policy": [],
            "managed_policy_arns": [
              "arn:aws:iam::aws:policy/AmazonEC2ContainerRegistryReadOnly",
              "arn:aws:iam::aws:policy/AmazonEKSWorkerNodePolicy",
              "arn:aws:iam::aws:policy/AmazonEKS_CNI_Policy"
            ],
            "max_session_duration": 3600,
            "name": "test-cluster20220725183111591600000001",
            "name_prefix": "test-cluster",
            "path": "/",
            "permissions_boundary": null,
            "tags": {},
            "tags_all": {},
            "unique_id": "AROAQAOULBRZNLNS4LUTM"
          },
          "sensitive_attributes": [],
          "private": "bnVsbA==",
          "dependencies": [
            "aws_subnet.private",
            "aws_vpc.this",
            "module.eks.aws_cloudwatch_log_group.this",
            "module.eks.aws_eks_cluster.this",
            "module.eks.aws_iam_role.cluster",
            "module.eks.aws_iam_role_policy_attachment.cluster_AmazonEKSClusterPolicy",
            "module.eks.aws_iam_role_policy_attachment.cluster_AmazonEKSServicePolicy",
            "module.eks.aws_iam_role_policy_attachment.cluster_AmazonEKSVPCResourceControllerPolicy",
            "module.eks.aws_security_group.cluster",
            "module.eks.aws_security_group.workers",
            "module.eks.aws_security_group_rule.cluster_egress_internet",
            "module.eks.aws_security_group_rule.cluster_https_worker_ingress",
            "module.eks.data.aws_iam_policy_document.cluster_assume_role_policy",
            "module.eks.data.aws_iam_policy_document.workers_assume_role_policy",
            "module.eks.data.aws_iam_role.custom_cluster_iam_role",
            "module.eks.data.aws_partition.current"
          ],
          "create_before_destroy": true
        }
      ]
    },
    {
      "module": "module.eks",
      "mode": "managed",
      "type": "aws_iam_role_policy_attachment",
      "name": "cluster_AmazonEKSClusterPolicy",
      "provider": "provider[\"registry.terraform.io/hashicorp/aws\"]",
      "instances": [
        {
          "index_key": 0,
          "schema_version": 0,
          "attributes": {
            "id": "test-cluster20220725180825149600000002-20220725180825827100000005",
            "policy_arn": "arn:aws:iam::aws:policy/AmazonEKSClusterPolicy",
            "role": "test-cluster20220725180825149600000002"
          },
          "sensitive_attributes": [],
          "private": "bnVsbA==",
          "dependencies": [
            "module.eks.aws_iam_role.cluster",
            "module.eks.data.aws_iam_policy_document.cluster_assume_role_policy",
            "module.eks.data.aws_partition.current"
          ],
          "create_before_destroy": true
        }
      ]
    },
    {
      "module": "module.eks",
      "mode": "managed",
      "type": "aws_iam_role_policy_attachment",
      "name": "cluster_AmazonEKSServicePolicy",
      "provider": "provider[\"registry.terraform.io/hashicorp/aws\"]",
      "instances": [
        {
          "index_key": 0,
          "schema_version": 0,
          "attributes": {
            "id": "test-cluster20220725180825149600000002-20220725180825825900000004",
            "policy_arn": "arn:aws:iam::aws:policy/AmazonEKSServicePolicy",
            "role": "test-cluster20220725180825149600000002"
          },
          "sensitive_attributes": [],
          "private": "bnVsbA==",
          "dependencies": [
            "module.eks.aws_iam_role.cluster",
            "module.eks.data.aws_iam_policy_document.cluster_assume_role_policy",
            "module.eks.data.aws_partition.current"
          ],
          "create_before_destroy": true
        }
      ]
    },
    {
      "module": "module.eks",
      "mode": "managed",
      "type": "aws_iam_role_policy_attachment",
      "name": "cluster_AmazonEKSVPCResourceControllerPolicy",
      "provider": "provider[\"registry.terraform.io/hashicorp/aws\"]",
      "instances": [
        {
          "index_key": 0,
          "schema_version": 0,
          "attributes": {
            "id": "test-cluster20220725180825149600000002-20220725180825828700000006",
            "policy_arn": "arn:aws:iam::aws:policy/AmazonEKSVPCResourceController",
            "role": "test-cluster20220725180825149600000002"
          },
          "sensitive_attributes": [],
          "private": "bnVsbA==",
          "dependencies": [
            "module.eks.aws_iam_role.cluster",
            "module.eks.data.aws_iam_policy_document.cluster_assume_role_policy",
            "module.eks.data.aws_partition.current"
          ],
          "create_before_destroy": true
        }
      ]
    },
    {
      "module": "module.eks",
      "mode": "managed",
      "type": "aws_iam_role_policy_attachment",
      "name": "cluster_deny_log_group",
      "provider": "provider[\"registry.terraform.io/hashicorp/aws\"]",
      "instances": [
        {
          "index_key": 0,
          "schema_version": 0,
          "attributes": {
            "id": "test-cluster20220725180825149600000002-20220726023444638400000003",
            "policy_arn": "arn:aws:iam::000982191218:policy/test-cluster-deny-log-group20220726023444182300000002",
            "role": "test-cluster20220725180825149600000002"
          },
          "sensitive_attributes": [],
          "private": "bnVsbA==",
          "dependencies": [
            "module.eks.aws_iam_policy.cluster_deny_log_group",
            "module.eks.aws_iam_role.cluster",
            "module.eks.data.aws_iam_policy_document.cluster_deny_log_group"
          ]
        }
      ]
    },
    {
      "module": "module.eks",
      "mode": "managed",
      "type": "aws_iam_role_policy_attachment",
      "name": "cluster_elb_sl_role_creation",
      "provider": "provider[\"registry.terraform.io/hashicorp/aws\"]",
      "instances": [
        {
          "index_key": 0,
          "schema_version": 0,
          "attributes": {
            "id": "test-cluster20220725180825149600000002-20220726023444678500000004",
            "policy_arn": "arn:aws:iam::000982191218:policy/test-cluster-elb-sl-role-creation20220726023444175300000001",
            "role": "test-cluster20220725180825149600000002"
          },
          "sensitive_attributes": [],
          "private": "bnVsbA==",
          "dependencies": [
            "module.eks.aws_iam_policy.cluster_elb_sl_role_creation",
            "module.eks.aws_iam_role.cluster",
            "module.eks.data.aws_iam_policy_document.cluster_elb_sl_role_creation"
          ]
        }
      ]
    },
    {
      "module": "module.eks",
      "mode": "managed",
      "type": "aws_iam_role_policy_attachment",
      "name": "workers_AmazonEC2ContainerRegistryReadOnly",
      "provider": "provider[\"registry.terraform.io/hashicorp/aws\"]",
      "instances": [
        {
          "index_key": 0,
          "schema_version": 0,
          "attributes": {
            "id": "test-cluster20220725183111591600000001-20220725183112333500000002",
            "policy_arn": "arn:aws:iam::aws:policy/AmazonEC2ContainerRegistryReadOnly",
            "role": "test-cluster20220725183111591600000001"
          },
          "sensitive_attributes": [],
          "private": "bnVsbA==",
          "dependencies": [
            "aws_subnet.private",
            "aws_vpc.this",
            "module.eks.aws_cloudwatch_log_group.this",
            "module.eks.aws_eks_cluster.this",
            "module.eks.aws_iam_role.cluster",
            "module.eks.aws_iam_role.workers",
            "module.eks.aws_iam_role_policy_attachment.cluster_AmazonEKSClusterPolicy",
            "module.eks.aws_iam_role_policy_attachment.cluster_AmazonEKSServicePolicy",
            "module.eks.aws_iam_role_policy_attachment.cluster_AmazonEKSVPCResourceControllerPolicy",
            "module.eks.aws_security_group.cluster",
            "module.eks.aws_security_group.workers",
            "module.eks.aws_security_group_rule.cluster_egress_internet",
            "module.eks.aws_security_group_rule.cluster_https_worker_ingress",
            "module.eks.data.aws_iam_policy_document.cluster_assume_role_policy",
            "module.eks.data.aws_iam_policy_document.workers_assume_role_policy",
            "module.eks.data.aws_iam_role.custom_cluster_iam_role",
            "module.eks.data.aws_partition.current"
          ],
          "create_before_destroy": true
        }
      ]
    },
    {
      "module": "module.eks",
      "mode": "managed",
      "type": "aws_iam_role_policy_attachment",
      "name": "workers_AmazonEKSWorkerNodePolicy",
      "provider": "provider[\"registry.terraform.io/hashicorp/aws\"]",
      "instances": [
        {
          "index_key": 0,
          "schema_version": 0,
          "attributes": {
            "id": "test-cluster20220725183111591600000001-20220725183112345100000003",
            "policy_arn": "arn:aws:iam::aws:policy/AmazonEKSWorkerNodePolicy",
            "role": "test-cluster20220725183111591600000001"
          },
          "sensitive_attributes": [],
          "private": "bnVsbA==",
          "dependencies": [
            "aws_subnet.private",
            "aws_vpc.this",
            "module.eks.aws_cloudwatch_log_group.this",
            "module.eks.aws_eks_cluster.this",
            "module.eks.aws_iam_role.cluster",
            "module.eks.aws_iam_role.workers",
            "module.eks.aws_iam_role_policy_attachment.cluster_AmazonEKSClusterPolicy",
            "module.eks.aws_iam_role_policy_attachment.cluster_AmazonEKSServicePolicy",
            "module.eks.aws_iam_role_policy_attachment.cluster_AmazonEKSVPCResourceControllerPolicy",
            "module.eks.aws_security_group.cluster",
            "module.eks.aws_security_group.workers",
            "module.eks.aws_security_group_rule.cluster_egress_internet",
            "module.eks.aws_security_group_rule.cluster_https_worker_ingress",
            "module.eks.data.aws_iam_policy_document.cluster_assume_role_policy",
            "module.eks.data.aws_iam_policy_document.workers_assume_role_policy",
            "module.eks.data.aws_iam_role.custom_cluster_iam_role",
            "module.eks.data.aws_partition.current"
          ],
          "create_before_destroy": true
        }
      ]
    },
    {
      "module": "module.eks",
      "mode": "managed",
      "type": "aws_iam_role_policy_attachment",
      "name": "workers_AmazonEKS_CNI_Policy",
      "provider": "provider[\"registry.terraform.io/hashicorp/aws\"]",
      "instances": [
        {
          "index_key": 0,
          "schema_version": 0,
          "attributes": {
            "id": "test-cluster20220725183111591600000001-20220725183112377900000004",
            "policy_arn": "arn:aws:iam::aws:policy/AmazonEKS_CNI_Policy",
            "role": "test-cluster20220725183111591600000001"
          },
          "sensitive_attributes": [],
          "private": "bnVsbA==",
          "dependencies": [
            "aws_subnet.private",
            "aws_vpc.this",
            "module.eks.aws_cloudwatch_log_group.this",
            "module.eks.aws_eks_cluster.this",
            "module.eks.aws_iam_role.cluster",
            "module.eks.aws_iam_role.workers",
            "module.eks.aws_iam_role_policy_attachment.cluster_AmazonEKSClusterPolicy",
            "module.eks.aws_iam_role_policy_attachment.cluster_AmazonEKSServicePolicy",
            "module.eks.aws_iam_role_policy_attachment.cluster_AmazonEKSVPCResourceControllerPolicy",
            "module.eks.aws_security_group.cluster",
            "module.eks.aws_security_group.workers",
            "module.eks.aws_security_group_rule.cluster_egress_internet",
            "module.eks.aws_security_group_rule.cluster_https_worker_ingress",
            "module.eks.data.aws_iam_policy_document.cluster_assume_role_policy",
            "module.eks.data.aws_iam_policy_document.workers_assume_role_policy",
            "module.eks.data.aws_iam_role.custom_cluster_iam_role",
            "module.eks.data.aws_partition.current"
          ],
          "create_before_destroy": true
        }
      ]
    },
    {
      "module": "module.eks",
      "mode": "managed",
      "type": "aws_launch_template",
      "name": "workers_launch_template",
      "provider": "provider[\"registry.terraform.io/hashicorp/aws\"]",
      "instances": []
    },
    {
      "module": "module.eks",
      "mode": "managed",
      "type": "aws_security_group",
      "name": "cluster",
      "provider": "provider[\"registry.terraform.io/hashicorp/aws\"]",
      "instances": [
        {
          "index_key": 0,
          "schema_version": 1,
          "attributes": {
            "arn": "arn:aws:ec2:us-east-2:000982191218:security-group/sg-08d975695d8b9d780",
            "description": "EKS cluster security group.",
            "egress": [
              {
                "cidr_blocks": [
                  "0.0.0.0/0"
                ],
                "description": "Allow cluster egress access to the Internet.",
                "from_port": 0,
                "ipv6_cidr_blocks": [],
                "prefix_list_ids": [],
                "protocol": "-1",
                "security_groups": [],
                "self": false,
                "to_port": 0
              }
            ],
            "id": "sg-08d975695d8b9d780",
            "ingress": [
              {
                "cidr_blocks": [],
                "description": "Allow pods to communicate with the EKS cluster API.",
                "from_port": 443,
                "ipv6_cidr_blocks": [],
                "prefix_list_ids": [],
                "protocol": "tcp",
                "security_groups": [
                  "sg-08cb554d9e4ac8abf"
                ],
                "self": false,
                "to_port": 443
              }
            ],
            "name": "test-cluster2022072518082596790000000a",
            "name_prefix": "test-cluster",
            "owner_id": "000982191218",
            "revoke_rules_on_delete": false,
            "tags": {
              "Name": "test-cluster-eks_cluster_sg"
            },
            "tags_all": {
              "Name": "test-cluster-eks_cluster_sg"
            },
            "timeouts": null,
            "vpc_id": "vpc-00b803915610b2733"
          },
          "sensitive_attributes": [],
          "private": "eyJlMmJmYjczMC1lY2FhLTExZTYtOGY4OC0zNDM2M2JjN2M0YzAiOnsiY3JlYXRlIjo2MDAwMDAwMDAwMDAsImRlbGV0ZSI6OTAwMDAwMDAwMDAwfSwic2NoZW1hX3ZlcnNpb24iOiIxIn0=",
          "dependencies": [
            "aws_vpc.this"
          ],
          "create_before_destroy": true
        }
      ]
    },
    {
      "module": "module.eks",
      "mode": "managed",
      "type": "aws_security_group",
      "name": "workers",
      "provider": "provider[\"registry.terraform.io/hashicorp/aws\"]",
      "instances": [
        {
          "index_key": 0,
          "schema_version": 1,
          "attributes": {
            "arn": "arn:aws:ec2:us-east-2:000982191218:security-group/sg-08cb554d9e4ac8abf",
            "description": "Security group for all nodes in the cluster.",
            "egress": [
              {
                "cidr_blocks": [
                  "0.0.0.0/0"
                ],
                "description": "Allow nodes all egress to the Internet.",
                "from_port": 0,
                "ipv6_cidr_blocks": [],
                "prefix_list_ids": [],
                "protocol": "-1",
                "security_groups": [],
                "self": false,
                "to_port": 0
              }
            ],
            "id": "sg-08cb554d9e4ac8abf",
            "ingress": [
              {
                "cidr_blocks": [],
                "description": "Allow pods running extension API servers on port 443 to receive communication from cluster control plane.",
                "from_port": 443,
                "ipv6_cidr_blocks": [],
                "prefix_list_ids": [],
                "protocol": "tcp",
                "security_groups": [
                  "sg-08d975695d8b9d780"
                ],
                "self": false,
                "to_port": 443
              }
            ],
            "name": "test-cluster20220725180825967200000009",
            "name_prefix": "test-cluster",
            "owner_id": "000982191218",
            "revoke_rules_on_delete": false,
            "tags": {
              "Name": "test-cluster-eks_worker_sg",
              "kubernetes.io/cluster/test-cluster": "owned"
            },
            "tags_all": {
              "Name": "test-cluster-eks_worker_sg",
              "kubernetes.io/cluster/test-cluster": "owned"
            },
            "timeouts": null,
            "vpc_id": "vpc-00b803915610b2733"
          },
          "sensitive_attributes": [],
          "private": "eyJlMmJmYjczMC1lY2FhLTExZTYtOGY4OC0zNDM2M2JjN2M0YzAiOnsiY3JlYXRlIjo2MDAwMDAwMDAwMDAsImRlbGV0ZSI6OTAwMDAwMDAwMDAwfSwic2NoZW1hX3ZlcnNpb24iOiIxIn0=",
          "dependencies": [
            "aws_vpc.this"
          ],
          "create_before_destroy": true
        }
      ]
    },
    {
      "module": "module.eks",
      "mode": "managed",
      "type": "aws_security_group_rule",
      "name": "cluster_egress_internet",
      "provider": "provider[\"registry.terraform.io/hashicorp/aws\"]",
      "instances": [
        {
          "index_key": 0,
          "schema_version": 2,
          "attributes": {
            "cidr_blocks": [
              "0.0.0.0/0"
            ],
            "description": "Allow cluster egress access to the Internet.",
            "from_port": 0,
            "id": "sgrule-2694480960",
            "ipv6_cidr_blocks": [],
            "prefix_list_ids": [],
            "protocol": "-1",
            "security_group_id": "sg-08d975695d8b9d780",
            "self": false,
            "source_security_group_id": null,
            "to_port": 0,
            "type": "egress"
          },
          "sensitive_attributes": [],
          "private": "eyJzY2hlbWFfdmVyc2lvbiI6IjIifQ==",
          "dependencies": [
            "aws_vpc.this",
            "module.eks.aws_security_group.cluster"
          ],
          "create_before_destroy": true
        }
      ]
    },
    {
      "module": "module.eks",
      "mode": "managed",
      "type": "aws_security_group_rule",
      "name": "cluster_https_worker_ingress",
      "provider": "provider[\"registry.terraform.io/hashicorp/aws\"]",
      "instances": [
        {
          "index_key": 0,
          "schema_version": 2,
          "attributes": {
            "cidr_blocks": [],
            "description": "Allow pods to communicate with the EKS cluster API.",
            "from_port": 443,
            "id": "sgrule-4150351917",
            "ipv6_cidr_blocks": [],
            "prefix_list_ids": [],
            "protocol": "tcp",
            "security_group_id": "sg-08d975695d8b9d780",
            "self": false,
            "source_security_group_id": "sg-08cb554d9e4ac8abf",
            "to_port": 443,
            "type": "ingress"
          },
          "sensitive_attributes": [],
          "private": "eyJzY2hlbWFfdmVyc2lvbiI6IjIifQ==",
          "dependencies": [
            "aws_vpc.this",
            "module.eks.aws_security_group.cluster",
            "module.eks.aws_security_group.workers"
          ],
          "create_before_destroy": true
        }
      ]
    },
    {
      "module": "module.eks",
      "mode": "managed",
      "type": "aws_security_group_rule",
      "name": "workers_egress_internet",
      "provider": "provider[\"registry.terraform.io/hashicorp/aws\"]",
      "instances": [
        {
          "index_key": 0,
          "schema_version": 2,
          "attributes": {
            "cidr_blocks": [
              "0.0.0.0/0"
            ],
            "description": "Allow nodes all egress to the Internet.",
            "from_port": 0,
            "id": "sgrule-3708998337",
            "ipv6_cidr_blocks": [],
            "prefix_list_ids": [],
            "protocol": "-1",
            "security_group_id": "sg-08cb554d9e4ac8abf",
            "self": false,
            "source_security_group_id": null,
            "to_port": 0,
            "type": "egress"
          },
          "sensitive_attributes": [],
          "private": "eyJzY2hlbWFfdmVyc2lvbiI6IjIifQ==",
          "dependencies": [
            "aws_vpc.this",
            "module.eks.aws_security_group.workers"
          ],
          "create_before_destroy": true
        }
      ]
    },
    {
      "module": "module.eks",
      "mode": "managed",
      "type": "aws_security_group_rule",
      "name": "workers_ingress_cluster",
      "provider": "provider[\"registry.terraform.io/hashicorp/aws\"]",
      "instances": [
        {
          "index_key": 0,
          "schema_version": 2,
          "attributes": {
            "cidr_blocks": null,
            "description": "Allow workers pods to receive communication from the cluster control plane.",
            "from_port": 1025,
            "id": "sgrule-3723416807",
            "ipv6_cidr_blocks": null,
            "prefix_list_ids": null,
            "protocol": "tcp",
            "security_group_id": "sg-08cb554d9e4ac8abf",
            "self": false,
            "source_security_group_id": "sg-08d975695d8b9d780",
            "to_port": 65535,
            "type": "ingress"
          },
          "sensitive_attributes": [],
          "private": "eyJzY2hlbWFfdmVyc2lvbiI6IjIifQ==",
          "dependencies": [
            "module.eks.aws_security_group.cluster",
            "module.eks.aws_security_group.workers"
          ]
        }
      ]
    },
    {
      "module": "module.eks",
      "mode": "managed",
      "type": "aws_security_group_rule",
      "name": "workers_ingress_cluster_https",
      "provider": "provider[\"registry.terraform.io/hashicorp/aws\"]",
      "instances": [
        {
          "index_key": 0,
          "schema_version": 2,
          "attributes": {
            "cidr_blocks": [],
            "description": "Allow pods running extension API servers on port 443 to receive communication from cluster control plane.",
            "from_port": 443,
            "id": "sgrule-2367009808",
            "ipv6_cidr_blocks": [],
            "prefix_list_ids": [],
            "protocol": "tcp",
            "security_group_id": "sg-08cb554d9e4ac8abf",
            "self": false,
            "source_security_group_id": "sg-08d975695d8b9d780",
            "to_port": 443,
            "type": "ingress"
          },
          "sensitive_attributes": [],
          "private": "eyJzY2hlbWFfdmVyc2lvbiI6IjIifQ==",
          "dependencies": [
            "aws_vpc.this",
            "module.eks.aws_security_group.cluster",
            "module.eks.aws_security_group.workers"
          ],
          "create_before_destroy": true
        }
      ]
    },
    {
      "module": "module.eks",
      "mode": "managed",
      "type": "aws_security_group_rule",
      "name": "workers_ingress_self",
      "provider": "provider[\"registry.terraform.io/hashicorp/aws\"]",
      "instances": [
        {
          "index_key": 0,
          "schema_version": 2,
          "attributes": {
            "cidr_blocks": null,
            "description": "Allow node to communicate with each other.",
            "from_port": 0,
            "id": "sgrule-3135027714",
            "ipv6_cidr_blocks": null,
            "prefix_list_ids": null,
            "protocol": "-1",
            "security_group_id": "sg-08cb554d9e4ac8abf",
            "self": false,
            "source_security_group_id": "sg-08cb554d9e4ac8abf",
            "to_port": 65535,
            "type": "ingress"
          },
          "sensitive_attributes": [],
          "private": "eyJzY2hlbWFfdmVyc2lvbiI6IjIifQ==",
          "dependencies": [
            "module.eks.aws_security_group.workers"
          ]
        }
      ]
    },
    {
      "module": "module.eks",
      "mode": "managed",
      "type": "kubernetes_config_map",
      "name": "aws_auth",
      "provider": "provider[\"registry.terraform.io/hashicorp/kubernetes\"]",
      "instances": [
        {
          "index_key": 0,
          "schema_version": 0,
          "attributes": {
            "binary_data": null,
            "data": {
              "mapAccounts": "[]\n",
              "mapRoles": "- \"groups\":\n  - \"system:bootstrappers\"\n  - \"system:nodes\"\n  \"rolearn\": \"arn:aws:iam::000982191218:role/AmazonEKSNodeGroupRole-test\"\n  \"username\": \"system:node:{{EC2PrivateDNSName}}\"\n",
              "mapUsers": "[]\n"
            },
            "id": "kube-system/aws-auth",
            "metadata": [
              {
                "annotations": null,
                "generate_name": "",
                "generation": 0,
                "labels": {
                  "app.kubernetes.io/managed-by": "Terraform",
                  "terraform.io/module": "terraform-aws-modules.eks.aws"
                },
                "name": "aws-auth",
                "namespace": "kube-system",
                "resource_version": "76360",
                "uid": "e656e04a-3571-4936-af19-e7271a420877"
              }
            ]
          },
          "sensitive_attributes": [],
          "private": "bnVsbA==",
          "dependencies": [
            "aws_subnet.private",
            "data.aws_eks_cluster.cluster",
            "data.aws_eks_cluster_auth.cluster",
            "module.aws_iam_role.aws_iam_role.this",
            "module.eks.aws_eks_cluster.this",
            "module.eks.aws_iam_instance_profile.workers",
            "module.eks.aws_iam_instance_profile.workers_launch_template",
            "module.eks.aws_iam_role.workers",
            "module.eks.aws_iam_role_policy_attachment.workers_AmazonEC2ContainerRegistryReadOnly",
            "module.eks.aws_iam_role_policy_attachment.workers_AmazonEKSWorkerNodePolicy",
            "module.eks.aws_iam_role_policy_attachment.workers_AmazonEKS_CNI_Policy",
            "module.eks.data.aws_ami.eks_worker",
            "module.eks.data.aws_ami.eks_worker_windows",
            "module.eks.data.aws_caller_identity.current",
            "module.eks.data.aws_iam_instance_profile.custom_worker_group_iam_instance_profile",
            "module.eks.data.aws_iam_instance_profile.custom_worker_group_launch_template_iam_instance_profile",
            "module.eks.data.aws_partition.current",
            "module.eks.data.http.wait_for_cluster",
            "module.eks.module.fargate.aws_iam_role.eks_fargate_pod",
            "module.eks.module.fargate.data.aws_iam_role.custom_fargate_iam_role",
            "module.iam_policy.aws_iam_policy.policy",
            "module.key_pair.aws_key_pair.this"
          ]
        }
      ]
    },
    {
      "module": "module.eks",
      "mode": "managed",
      "type": "local_file",
      "name": "kubeconfig",
      "provider": "provider[\"registry.terraform.io/hashicorp/local\"]",
      "instances": [
        {
          "index_key": 0,
          "schema_version": 0,
          "attributes": {
            "content": "apiVersion: v1\npreferences: {}\nkind: Config\n\nclusters:\n- cluster:\n    server: https://53FFF478DE470400E617FB8DD926CD7E.gr7.us-east-2.eks.amazonaws.com\n    certificate-authority-data: LS0tLS1CRUdJTiBDRVJUSUZJQ0FURS0tLS0tCk1JSUM1ekNDQWMrZ0F3SUJBZ0lCQURBTkJna3Foa2lHOXcwQkFRc0ZBREFWTVJNd0VRWURWUVFERXdwcmRXSmwKY201bGRHVnpNQjRYRFRJeU1EY3lOVEU0TWpZd01sb1hEVE15TURjeU1qRTRNall3TWxvd0ZURVRNQkVHQTFVRQpBeE1LYTNWaVpYSnVaWFJsY3pDQ0FTSXdEUVlKS29aSWh2Y05BUUVCQlFBRGdnRVBBRENDQVFvQ2dnRUJBSjhkClpwbldzRUpZRmhFQTJaMDRiWkNyNjkwR1I0b3FyR2ZWSnRqaE5RNW5uWFh4UjNPdWFHVWJ0ajU3L0g2SURuUGYKOXFzK3UvVGY2ZkVGeHJXYmpzMUYxTkxjLzRmSlJYdWZkK2lIeG9FUmRMMEV0aDNtY2VYL1RUWkNHaVkxZnhReAp2VnZibndQRW9pUG03V1FQQVNodXBFeWY3K2hKZ05uYlZ2cUFoUk1GSDF5WWl5ZGlnc1hNNGxMQ01NWHYrMVhJCldmT20zWGN6UndNSlh6b0F2Mk1BMzJ6ZTYrazRxdDMwRi9MeGlpb3ZRdUY2MFY4YmM1SlVSNG5RNmdaQWdUNEEKOEtkZ2VlT2dBQy9DQzhRb1h1N2lLR1ZJSTJRei95QzY1R3ZIR1d5Wkk4b2Q2R2dCdk1XUUczN2ExR3BnbE1YZgpnb2VybmdlbFFSaTJwei9oVUJNQ0F3RUFBYU5DTUVBd0RnWURWUjBQQVFIL0JBUURBZ0trTUE4R0ExVWRFd0VCCi93UUZNQU1CQWY4d0hRWURWUjBPQkJZRUZCUmIvNTJpN1E4M1NjWHNsbzBKMUErbjBSY3dNQTBHQ1NxR1NJYjMKRFFFQkN3VUFBNElCQVFBck4zT3pSM1F4T2VzbGlSZEtqRGs0NE9BQ0FEMVoyd2FybjViaHJkSjRBWGhxNVM1VQowRWF2ajJwQnB5aW9CS0tzQy9YTEhxMkdReHlPbWVYdDRvZ3BXeE50cFpKclNHT2UzcEFWOXBmem1EOC9RYkZ2Ck1iUHBGY2swWUR1WFZFNXg2aEJNTldOcWxoNjkrcmQzUGx0UnRqdkZQdU5GSUpWcCs1QXV3SjVhMzhMOGVWdUgKaVptSVZuaHpMdXlFaDlpckFxam8vWGgwNGJDeUMvMkp3bmt4OCtTUEcvb2gvdDN6LzZyMkg3Y3FHUFlvbDFpdgovcFBjcm1ZU004Y1g1c21iS2ZEdFB1NXBnczFvYVZtVEViS29KaWdTbHBEQzZxZDc3OWNadVYySmVOY2lJbnBICmNSanpVZDhGeHdYMVgwZStobzYwMHVOUENPam9aUElYMWducwotLS0tLUVORCBDRVJUSUZJQ0FURS0tLS0tCg==\n  name: eks_test-cluster\n\ncontexts:\n- context:\n    cluster: eks_test-cluster\n    user: eks_test-cluster\n  name: eks_test-cluster\n\ncurrent-context: eks_test-cluster\n\nusers:\n- name: eks_test-cluster\n  user:\n    exec:\n      apiVersion: client.authentication.k8s.io/v1alpha1\n      command: aws-iam-authenticator\n      args:\n        - \"token\"\n        - \"-i\"\n        - \"test-cluster\"\n",
            "content_base64": null,
            "directory_permission": "0755",
            "file_permission": "0600",
            "filename": "./kubeconfig_test-cluster",
            "id": "3bd3c30d16350c7c0c6a3115c5381e07335c11b2",
            "sensitive_content": null,
            "source": null
          },
          "sensitive_attributes": [],
          "private": "bnVsbA==",
          "dependencies": [
            "module.eks.aws_eks_cluster.this"
          ]
        }
      ]
    },
    {
      "module": "module.eks.module.fargate",
      "mode": "data",
      "type": "aws_partition",
      "name": "current",
      "provider": "provider[\"registry.terraform.io/hashicorp/aws\"]",
      "instances": [
        {
          "schema_version": 0,
          "attributes": {
            "dns_suffix": "amazonaws.com",
            "id": "aws",
            "partition": "aws",
            "reverse_dns_prefix": "com.amazonaws"
          },
          "sensitive_attributes": []
        }
      ]
    },
    {
      "module": "module.eks.module.node_groups",
      "mode": "managed",
      "type": "aws_eks_node_group",
      "name": "workers",
      "provider": "provider[\"registry.terraform.io/hashicorp/aws\"]",
      "instances": [
        {
          "index_key": "normal",
          "status": "tainted",
          "schema_version": 0,
          "attributes": {
            "ami_type": null,
            "arn": null,
            "capacity_type": null,
            "cluster_name": "test-cluster",
            "disk_size": 50,
            "force_update_version": null,
            "id": "test-cluster:normal",
            "instance_types": [
              "t2.medium"
            ],
            "labels": null,
            "launch_template": [],
            "node_group_name": "normal",
            "node_group_name_prefix": null,
            "node_role_arn": "arn:aws:iam::000982191218:role/AmazonEKSNodeGroupRole-test",
            "release_version": null,
            "remote_access": [
              {
                "ec2_ssh_key": "test-key-pair",
                "source_security_group_ids": null
              }
            ],
            "resources": null,
            "scaling_config": [
              {
                "desired_size": 1,
                "max_size": 2,
                "min_size": 1
              }
            ],
            "status": null,
            "subnet_ids": [
              "subnet-0176b6b2d2d0d6ed7",
              "subnet-08da7cda63fb7a3f7"
            ],
            "tags": null,
            "tags_all": null,
            "taint": [],
            "timeouts": {
              "create": null,
              "delete": null,
              "update": null
            },
            "update_config": null,
            "version": null
          },
          "sensitive_attributes": [],
          "private": "eyJlMmJmYjczMC1lY2FhLTExZTYtOGY4OC0zNDM2M2JjN2M0YzAiOnsiY3JlYXRlIjozNjAwMDAwMDAwMDAwLCJkZWxldGUiOjM2MDAwMDAwMDAwMDAsInVwZGF0ZSI6MzYwMDAwMDAwMDAwMH19",
          "dependencies": [
            "aws_subnet.private",
            "module.aws_iam_role.aws_iam_role.this",
            "module.eks.aws_eks_cluster.this",
            "module.eks.aws_iam_role.workers",
            "module.eks.aws_iam_role_policy_attachment.workers_AmazonEC2ContainerRegistryReadOnly",
            "module.eks.aws_iam_role_policy_attachment.workers_AmazonEKSWorkerNodePolicy",
            "module.eks.aws_iam_role_policy_attachment.workers_AmazonEKS_CNI_Policy",
            "module.eks.data.aws_ami.eks_worker",
            "module.eks.data.aws_ami.eks_worker_windows",
            "module.eks.module.node_groups.aws_launch_template.workers",
            "module.iam_policy.aws_iam_policy.policy",
            "module.key_pair.aws_key_pair.this"
          ],
          "create_before_destroy": true
        }
      ]
    },
    {
      "module": "module.eks.module.node_groups",
      "mode": "managed",
      "type": "aws_launch_template",
      "name": "workers",
      "provider": "provider[\"registry.terraform.io/hashicorp/aws\"]",
      "instances": []
    },
    {
      "module": "module.iam_policy",
      "mode": "managed",
      "type": "aws_iam_policy",
      "name": "policy",
      "provider": "provider[\"registry.terraform.io/hashicorp/aws\"]",
      "instances": [
        {
          "index_key": 0,
          "schema_version": 0,
          "attributes": {
            "arn": "arn:aws:iam::000982191218:policy/AmazonEKSNodeACMAccess-test",
            "description": "Permissions EKS node to get ACM",
            "id": "arn:aws:iam::000982191218:policy/AmazonEKSNodeACMAccess-test",
            "name": "AmazonEKSNodeACMAccess-test",
            "name_prefix": null,
            "path": "/",
            "policy": "{\"Statement\":[{\"Action\":[\"acm:DescribeCertificate\",\"acm:GetCertificate\",\"acm:ListCertificates\"],\"Effect\":\"Allow\",\"Resource\":\"*\",\"Sid\":\"VisualEditor0\"}],\"Version\":\"2012-10-17\"}",
            "policy_id": "ANPAQAOULBRZPXFCHFLTP",
            "tags": {
              "Name": "pol-test-eks-acm",
              "PolicyDescription": "Permissions EKS node to get ACM"
            },
            "tags_all": {
              "Name": "pol-test-eks-acm",
              "PolicyDescription": "Permissions EKS node to get ACM"
            }
          },
          "sensitive_attributes": [],
          "private": "bnVsbA==",
          "create_before_destroy": true
        }
      ]
    },
    {
      "module": "module.iam_policy_autoscaler",
      "mode": "managed",
      "type": "aws_iam_policy",
      "name": "policy",
      "provider": "provider[\"registry.terraform.io/hashicorp/aws\"]",
      "instances": [
        {
          "index_key": 0,
          "schema_version": 0,
          "attributes": {
            "arn": "arn:aws:iam::000982191218:policy/AmazonEKSClusterAutoscalerPolicy-test",
            "description": "Grant autoscaling permissions to EKS node autoscaler",
            "id": "arn:aws:iam::000982191218:policy/AmazonEKSClusterAutoscalerPolicy-test",
            "name": "AmazonEKSClusterAutoscalerPolicy-test",
            "name_prefix": null,
            "path": "/",
            "policy": "{\"Statement\":[{\"Action\":[\"autoscaling:DescribeAutoScalingGroups\",\"autoscaling:DescribeAutoScalingInstances\",\"autoscaling:DescribeLaunchConfigurations\",\"autoscaling:DescribeTags\",\"autoscaling:SetDesiredCapacity\",\"autoscaling:TerminateInstanceInAutoScalingGroup\",\"ec2:DescribeLaunchTemplateVersions\"],\"Effect\":\"Allow\",\"Resource\":\"*\"}],\"Version\":\"2012-10-17\"}",
            "policy_id": "ANPAQAOULBRZPE5KOXTPE",
            "tags": {
              "Name": "pol-test-node-autoscaler",
              "PolicyDescription": "EKS Node Autoscaler permissions"
            },
            "tags_all": {
              "Name": "pol-test-node-autoscaler",
              "PolicyDescription": "EKS Node Autoscaler permissions"
            }
          },
          "sensitive_attributes": [],
          "private": "bnVsbA=="
        }
      ]
    },
    {
      "module": "module.key_pair",
      "mode": "managed",
      "type": "aws_key_pair",
      "name": "this",
      "provider": "provider[\"registry.terraform.io/hashicorp/aws\"]",
      "instances": [
        {
          "index_key": 0,
          "schema_version": 1,
          "attributes": {
            "arn": "arn:aws:ec2:us-east-2:000982191218:key-pair/test-key-pair",
            "fingerprint": "9e:67:b8:6d:c7:02:0f:8d:c4:6f:5d:28:be:42:ab:b7",
            "id": "test-key-pair",
            "key_name": "test-key-pair",
            "key_name_prefix": "",
            "key_pair_id": "key-0e7eb3eccfddaef0c",
            "key_type": "rsa",
            "public_key": "ssh-rsa AAAAB3NzaC1yc2EAAAADAQABAAABAQDoNQj9PBVgyAA4Co3L5kflQOYIpqgM1Io4kpw+o+zfAALg+IwagDgv48vWrkKxW2ytNnLMx4PZ8hI8d+g0uKR7d0mlRqOTf+PQ7BSo2bin+OCRqRV1jGPOrDCAQBXqEoiOlW9F4AwOHihoI6sZ6y+EHESO4Wvl3+ha6lUkwVHwmw+lERH55yCYdWHcTenIsy+am2eeuhJ7EMqLSdFgmHrjWsYq2EYrB2AgfjrVxY7SJIBE6ReCl75pQQl2/q0QTq+O7IScQJfDKvcU+2U6z1jJoPwtikBXzVzCjroHGSq8VC4v0hkwYPw/TVytMeFb0JBG2fvQsZ+HCESkHwZhvbBh",
            "tags": {
              "Name": "test-key-pair"
            },
            "tags_all": {
              "Name": "test-key-pair"
            }
          },
          "sensitive_attributes": [],
          "private": "eyJzY2hlbWFfdmVyc2lvbiI6IjEifQ==",
          "dependencies": [
            "module.key_pair.tls_private_key.this",
            "tls_private_key.this"
          ],
          "create_before_destroy": true
        }
      ]
    }
  ]
}
