{
  "version": 4,
  "terraform_version": "1.2.5",
  "serial": 254,
  "lineage": "6d25e67a-5411-17f9-2964-827453a19629",
  "outputs": {},
  "resources": [
    {
      "mode": "managed",
      "type": "aws_eip",
      "name": "nat_gateway",
      "provider": "provider[\"registry.terraform.io/hashicorp/aws\"]",
      "instances": [
        {
          "schema_version": 0,
          "attributes": {
            "address": null,
            "allocation_id": "eipalloc-0e58c3be4b67b6d51",
            "associate_with_private_ip": null,
            "association_id": "eipassoc-08a8785c79f2de90a",
            "carrier_ip": "",
            "customer_owned_ip": "",
            "customer_owned_ipv4_pool": "",
            "domain": "vpc",
            "id": "eipalloc-0e58c3be4b67b6d51",
            "instance": "",
            "network_border_group": "us-east-2",
            "network_interface": "eni-0b55e90d72b5607d2",
            "private_dns": "ip-10-0-0-139.us-east-2.compute.internal",
            "private_ip": "10.0.0.139",
            "public_dns": "ec2-18-119-153-60.us-east-2.compute.amazonaws.com",
            "public_ip": "18.119.153.60",
            "public_ipv4_pool": "amazon",
            "tags": {
              "Name": "test-vpc-natgw"
            },
            "tags_all": {
              "Name": "test-vpc-natgw"
            },
            "timeouts": null,
            "vpc": true
          },
          "sensitive_attributes": [],
          "private": "eyJlMmJmYjczMC1lY2FhLTExZTYtOGY4OC0zNDM2M2JjN2M0YzAiOnsiZGVsZXRlIjoxODAwMDAwMDAwMDAsInJlYWQiOjkwMDAwMDAwMDAwMCwidXBkYXRlIjozMDAwMDAwMDAwMDB9fQ=="
        }
      ]
    },
    {
      "mode": "managed",
      "type": "aws_internet_gateway",
      "name": "this",
      "provider": "provider[\"registry.terraform.io/hashicorp/aws\"]",
      "instances": [
        {
          "schema_version": 0,
          "attributes": {
            "arn": "arn:aws:ec2:us-east-2:000982191218:internet-gateway/igw-0d377530e582ffae8",
            "id": "igw-0d377530e582ffae8",
            "owner_id": "000982191218",
            "tags": {
              "Name": "test-vpc-igw"
            },
            "tags_all": {
              "Name": "test-vpc-igw"
            },
            "vpc_id": "vpc-00b803915610b2733"
          },
          "sensitive_attributes": [],
          "private": "bnVsbA==",
          "dependencies": [
            "aws_vpc.this"
          ]
        }
      ]
    },
    {
      "mode": "managed",
      "type": "aws_nat_gateway",
      "name": "this",
      "provider": "provider[\"registry.terraform.io/hashicorp/aws\"]",
      "instances": [
        {
          "schema_version": 0,
          "attributes": {
            "allocation_id": "eipalloc-0e58c3be4b67b6d51",
            "connectivity_type": "public",
            "id": "nat-07b283fc071e9047c",
            "network_interface_id": "eni-0b55e90d72b5607d2",
            "private_ip": "10.0.0.139",
            "public_ip": "18.119.153.60",
            "subnet_id": "subnet-0ae7222a96596f395",
            "tags": {
              "Name": "test-vpc-natgw"
            },
            "tags_all": {
              "Name": "test-vpc-natgw"
            }
          },
          "sensitive_attributes": [],
          "private": "bnVsbA==",
          "dependencies": [
            "aws_eip.nat_gateway",
            "aws_subnet.public",
            "aws_vpc.this"
          ]
        }
      ]
    },
    {
      "mode": "managed",
      "type": "aws_subnet",
      "name": "private",
      "provider": "provider[\"registry.terraform.io/hashicorp/aws\"]",
      "instances": [
        {
          "index_key": 0,
          "schema_version": 1,
          "attributes": {
            "arn": "arn:aws:ec2:us-east-2:000982191218:subnet/subnet-08da7cda63fb7a3f7",
            "assign_ipv6_address_on_creation": false,
            "availability_zone": "us-east-2a",
            "availability_zone_id": "use2-az1",
            "cidr_block": "10.0.10.0/24",
            "customer_owned_ipv4_pool": "",
            "enable_dns64": false,
            "enable_resource_name_dns_a_record_on_launch": false,
            "enable_resource_name_dns_aaaa_record_on_launch": false,
            "id": "subnet-08da7cda63fb7a3f7",
            "ipv6_cidr_block": "",
            "ipv6_cidr_block_association_id": "",
            "ipv6_native": false,
            "map_customer_owned_ip_on_launch": false,
            "map_public_ip_on_launch": false,
            "outpost_arn": "",
            "owner_id": "000982191218",
            "private_dns_hostname_type_on_launch": "ip-name",
            "tags": {
              "Name": "test-vpc-private-1",
              "kubernetes.io/cluster/test-cluster": "shared",
              "kubernetes.io/role/internal-elb": "1"
            },
            "tags_all": {
              "Name": "test-vpc-private-1",
              "kubernetes.io/cluster/test-cluster": "shared",
              "kubernetes.io/role/internal-elb": "1"
            },
            "timeouts": null,
            "vpc_id": "vpc-00b803915610b2733"
          },
          "sensitive_attributes": [],
          "private": "eyJlMmJmYjczMC1lY2FhLTExZTYtOGY4OC0zNDM2M2JjN2M0YzAiOnsiY3JlYXRlIjo2MDAwMDAwMDAwMDAsImRlbGV0ZSI6MTIwMDAwMDAwMDAwMH0sInNjaGVtYV92ZXJzaW9uIjoiMSJ9",
          "dependencies": [
            "aws_vpc.this"
          ],
          "create_before_destroy": true
        },
        {
          "index_key": 1,
          "schema_version": 1,
          "attributes": {
            "arn": "arn:aws:ec2:us-east-2:000982191218:subnet/subnet-0176b6b2d2d0d6ed7",
            "assign_ipv6_address_on_creation": false,
            "availability_zone": "us-east-2c",
            "availability_zone_id": "use2-az3",
            "cidr_block": "10.0.11.0/24",
            "customer_owned_ipv4_pool": "",
            "enable_dns64": false,
            "enable_resource_name_dns_a_record_on_launch": false,
            "enable_resource_name_dns_aaaa_record_on_launch": false,
            "id": "subnet-0176b6b2d2d0d6ed7",
            "ipv6_cidr_block": "",
            "ipv6_cidr_block_association_id": "",
            "ipv6_native": false,
            "map_customer_owned_ip_on_launch": false,
            "map_public_ip_on_launch": false,
            "outpost_arn": "",
            "owner_id": "000982191218",
            "private_dns_hostname_type_on_launch": "ip-name",
            "tags": {
              "Name": "test-vpc-private-2",
              "kubernetes.io/cluster/test-cluster": "shared",
              "kubernetes.io/role/internal-elb": "1"
            },
            "tags_all": {
              "Name": "test-vpc-private-2",
              "kubernetes.io/cluster/test-cluster": "shared",
              "kubernetes.io/role/internal-elb": "1"
            },
            "timeouts": null,
            "vpc_id": "vpc-00b803915610b2733"
          },
          "sensitive_attributes": [],
          "private": "eyJlMmJmYjczMC1lY2FhLTExZTYtOGY4OC0zNDM2M2JjN2M0YzAiOnsiY3JlYXRlIjo2MDAwMDAwMDAwMDAsImRlbGV0ZSI6MTIwMDAwMDAwMDAwMH0sInNjaGVtYV92ZXJzaW9uIjoiMSJ9",
          "dependencies": [
            "aws_vpc.this"
          ],
          "create_before_destroy": true
        }
      ]
    },
    {
      "mode": "managed",
      "type": "aws_subnet",
      "name": "public",
      "provider": "provider[\"registry.terraform.io/hashicorp/aws\"]",
      "instances": [
        {
          "index_key": 0,
          "schema_version": 1,
          "attributes": {
            "arn": "arn:aws:ec2:us-east-2:000982191218:subnet/subnet-0ae7222a96596f395",
            "assign_ipv6_address_on_creation": false,
            "availability_zone": "us-east-2a",
            "availability_zone_id": "use2-az1",
            "cidr_block": "10.0.0.0/24",
            "customer_owned_ipv4_pool": "",
            "enable_dns64": false,
            "enable_resource_name_dns_a_record_on_launch": false,
            "enable_resource_name_dns_aaaa_record_on_launch": false,
            "id": "subnet-0ae7222a96596f395",
            "ipv6_cidr_block": "",
            "ipv6_cidr_block_association_id": "",
            "ipv6_native": false,
            "map_customer_owned_ip_on_launch": false,
            "map_public_ip_on_launch": true,
            "outpost_arn": "",
            "owner_id": "000982191218",
            "private_dns_hostname_type_on_launch": "ip-name",
            "tags": {
              "Name": "test-vpc-public-1",
              "kubernetes.io/cluster/test-cluster": "shared",
              "kubernetes.io/role/internal-elb": "1"
            },
            "tags_all": {
              "Name": "test-vpc-public-1",
              "kubernetes.io/cluster/test-cluster": "shared",
              "kubernetes.io/role/internal-elb": "1"
            },
            "timeouts": null,
            "vpc_id": "vpc-00b803915610b2733"
          },
          "sensitive_attributes": [],
          "private": "eyJlMmJmYjczMC1lY2FhLTExZTYtOGY4OC0zNDM2M2JjN2M0YzAiOnsiY3JlYXRlIjo2MDAwMDAwMDAwMDAsImRlbGV0ZSI6MTIwMDAwMDAwMDAwMH0sInNjaGVtYV92ZXJzaW9uIjoiMSJ9",
          "dependencies": [
            "aws_vpc.this"
          ]
        },
        {
          "index_key": 1,
          "schema_version": 1,
          "attributes": {
            "arn": "arn:aws:ec2:us-east-2:000982191218:subnet/subnet-01aae4de217b70784",
            "assign_ipv6_address_on_creation": false,
            "availability_zone": "us-east-2c",
            "availability_zone_id": "use2-az3",
            "cidr_block": "10.0.1.0/24",
            "customer_owned_ipv4_pool": "",
            "enable_dns64": false,
            "enable_resource_name_dns_a_record_on_launch": false,
            "enable_resource_name_dns_aaaa_record_on_launch": false,
            "id": "subnet-01aae4de217b70784",
            "ipv6_cidr_block": "",
            "ipv6_cidr_block_association_id": "",
            "ipv6_native": false,
            "map_customer_owned_ip_on_launch": false,
            "map_public_ip_on_launch": true,
            "outpost_arn": "",
            "owner_id": "000982191218",
            "private_dns_hostname_type_on_launch": "ip-name",
            "tags": {
              "Name": "test-vpc-public-2",
              "kubernetes.io/cluster/test-cluster": "shared",
              "kubernetes.io/role/internal-elb": "1"
            },
            "tags_all": {
              "Name": "test-vpc-public-2",
              "kubernetes.io/cluster/test-cluster": "shared",
              "kubernetes.io/role/internal-elb": "1"
            },
            "timeouts": null,
            "vpc_id": "vpc-00b803915610b2733"
          },
          "sensitive_attributes": [],
          "private": "eyJlMmJmYjczMC1lY2FhLTExZTYtOGY4OC0zNDM2M2JjN2M0YzAiOnsiY3JlYXRlIjo2MDAwMDAwMDAwMDAsImRlbGV0ZSI6MTIwMDAwMDAwMDAwMH0sInNjaGVtYV92ZXJzaW9uIjoiMSJ9",
          "dependencies": [
            "aws_vpc.this"
          ]
        }
      ]
    },
    {
      "mode": "managed",
      "type": "aws_vpc",
      "name": "this",
      "provider": "provider[\"registry.terraform.io/hashicorp/aws\"]",
      "instances": [
        {
          "schema_version": 1,
          "attributes": {
            "arn": "arn:aws:ec2:us-east-2:000982191218:vpc/vpc-00b803915610b2733",
            "assign_generated_ipv6_cidr_block": false,
            "cidr_block": "10.0.0.0/16",
            "default_network_acl_id": "acl-086c40429ca2d66ce",
            "default_route_table_id": "rtb-0f67ac39bc9382cc9",
            "default_security_group_id": "sg-0702e59e7f7a2e4f6",
            "dhcp_options_id": "dopt-eda37786",
            "enable_classiclink": false,
            "enable_classiclink_dns_support": false,
            "enable_dns_hostnames": false,
            "enable_dns_support": true,
            "id": "vpc-00b803915610b2733",
            "instance_tenancy": "default",
            "ipv4_ipam_pool_id": null,
            "ipv4_netmask_length": null,
            "ipv6_association_id": "",
            "ipv6_cidr_block": "",
            "ipv6_cidr_block_network_border_group": "",
            "ipv6_ipam_pool_id": "",
            "ipv6_netmask_length": 0,
            "main_route_table_id": "rtb-0f67ac39bc9382cc9",
            "owner_id": "000982191218",
            "tags": {
              "Name": "test-vpc"
            },
            "tags_all": {
              "Name": "test-vpc"
            }
          },
          "sensitive_attributes": [],
          "private": "eyJzY2hlbWFfdmVyc2lvbiI6IjEifQ==",
          "create_before_destroy": true
        }
      ]
    },
    {
      "mode": "managed",
      "type": "tls_private_key",
      "name": "this",
      "provider": "provider[\"registry.terraform.io/hashicorp/tls\"]",
      "instances": [
        {
          "schema_version": 0,
          "attributes": {
            "algorithm": "RSA",
            "ecdsa_curve": "P224",
            "id": "3fe67be147c6bc2d8d091f7b28c680e5970e524e",
            "private_key_openssh": "-----BEGIN OPENSSH PRIVATE KEY-----\nb3BlbnNzaC1rZXktdjEAAAAABG5vbmUAAAAEbm9uZQAAAAAAAAABAAABFwAAAAdz\nc2gtcnNhAAAAAwEAAQAAAQEA6DUI/TwVYMgAOAqNy+ZH5UDmCKaoDNSKOJKcPqPs\n3wAC4PiMGoA4L+PL1q5CsVtsrTZyzMeD2fISPHfoNLike3dJpUajk3/j0OwUqNm4\np/jgkakVdYxjzqwwgEAV6hKIjpVvReAMDh4oaCOrGesvhBxEjuFr5d/oWupVJMFR\n8JsPpRER+ecgmHVh3E3pyLMvmptnnroSexDKi0nRYJh641rGKthGKwdgIH461cWO\n0iSAROkXgpe+aUEJdv6tEE6vjuyEnECXwyr3FPtlOs9YyaD8LYpAV81cwo66Bxkq\nvFQuL9IZMGD8P01crTHhW9CQRtn70LGfhwhEpB8GYb2wYQAAA7h68whEevMIRAAA\nAAdzc2gtcnNhAAABAQDoNQj9PBVgyAA4Co3L5kflQOYIpqgM1Io4kpw+o+zfAALg\n+IwagDgv48vWrkKxW2ytNnLMx4PZ8hI8d+g0uKR7d0mlRqOTf+PQ7BSo2bin+OCR\nqRV1jGPOrDCAQBXqEoiOlW9F4AwOHihoI6sZ6y+EHESO4Wvl3+ha6lUkwVHwmw+l\nERH55yCYdWHcTenIsy+am2eeuhJ7EMqLSdFgmHrjWsYq2EYrB2AgfjrVxY7SJIBE\n6ReCl75pQQl2/q0QTq+O7IScQJfDKvcU+2U6z1jJoPwtikBXzVzCjroHGSq8VC4v\n0hkwYPw/TVytMeFb0JBG2fvQsZ+HCESkHwZhvbBhAAAAAwEAAQAAAQEAoAMT67VA\nog2QIQ4cwjowpuj+201ElnrLuMpGwt+hNdZDJZYAra5XiaC28Xvp11/B1uajWzvN\nPx2RtXuHVvU52x7LcAnqZJUHfwt//Q7zMUTOM3HJqNQSXvPHBEmlEESvN1oAcK1A\ngWYEwCZ8HIM1nhsAn1j1SlXuPuAlxgs1lM9lLkZXCK+5GfQKYxIfdmojWq6R6MLi\n0UzsZoG2SMKSg3F1Q4NtW0xLI/LBnsXFimEauBKgbQEVBgTX3FotixysxWrDwBno\nQAGC9LeD+iZAYHewqXCuzOnC2Q5SOLEtOqLG9zKtF8Zan7JGUU/aqTkNvG+vzeWf\ns2JQSBV4PnQuwQAAAIEAxiZNZtSLXtBF7DaUB8+jdybJIJkT/AWgvFvOBWLXq47o\nWwNLHBhiPvRYt7Lf6PV4RG+iGF6L/GnD9fsFjhsuDTsNUpx9osY1ukJ2hydhhSHB\nIdJT1E6FS0JzIUkAikGiwbL1kWJG7xUYbvLegd4+HyqX5amKUjASGGFIg5ES6kIA\nAACBAOkZls3iDq2tp+IQsKj2yyhxX/mRNv3N+g6unrmSifK9Gob34hFXFAOdMwQC\nFSYV38qKjjaRG0Qr/94AMSppTxSFJdciFX9R/6n8nutJ0W2JDUEw8MwtQIbPy8fC\nJklvpyN+PMuKaSnq1jGf2+b2zaNswGI9BLCAdlDUbDrmxnZZAAAAgQD/BP4azvuL\nYQsdczcRXuML7HiEYp2ygB2T2bs6HrdY2yugSoiX3aEBXyJkLDsEIj+omTP44kkr\nt5bs14PBtsXgjraW1PbhQ6soJVhocy/pwG0tb2deyVjrFmqFKmImTfZyY8FYxH8j\n7eSChtdrwUUG7jFcgXFeyD/WvY37JelZSQAAAAAB\n-----END OPENSSH PRIVATE KEY-----\n",
            "private_key_pem": "-----BEGIN RSA PRIVATE KEY-----\nMIIEpgIBAAKCAQEA6DUI/TwVYMgAOAqNy+ZH5UDmCKaoDNSKOJKcPqPs3wAC4PiM\nGoA4L+PL1q5CsVtsrTZyzMeD2fISPHfoNLike3dJpUajk3/j0OwUqNm4p/jgkakV\ndYxjzqwwgEAV6hKIjpVvReAMDh4oaCOrGesvhBxEjuFr5d/oWupVJMFR8JsPpRER\n+ecgmHVh3E3pyLMvmptnnroSexDKi0nRYJh641rGKthGKwdgIH461cWO0iSAROkX\ngpe+aUEJdv6tEE6vjuyEnECXwyr3FPtlOs9YyaD8LYpAV81cwo66BxkqvFQuL9IZ\nMGD8P01crTHhW9CQRtn70LGfhwhEpB8GYb2wYQIDAQABAoIBAQCgAxPrtUCiDZAh\nDhzCOjCm6P7bTUSWesu4ykbC36E11kMllgCtrleJoLbxe+nXX8HW5qNbO80/HZG1\ne4dW9TnbHstwCepklQd/C3/9DvMxRM4zccmo1BJe88cESaUQRK83WgBwrUCBZgTA\nJnwcgzWeGwCfWPVKVe4+4CXGCzWUz2UuRlcIr7kZ9ApjEh92aiNarpHowuLRTOxm\ngbZIwpKDcXVDg21bTEsj8sGexcWKYRq4EqBtARUGBNfcWi2LHKzFasPAGehAAYL0\nt4P6JkBgd7CpcK7M6cLZDlI4sS06osb3Mq0XxlqfskZRT9qpOQ28b6/N5Z+zYlBI\nFXg+dC7BAoGBAOkZls3iDq2tp+IQsKj2yyhxX/mRNv3N+g6unrmSifK9Gob34hFX\nFAOdMwQCFSYV38qKjjaRG0Qr/94AMSppTxSFJdciFX9R/6n8nutJ0W2JDUEw8Mwt\nQIbPy8fCJklvpyN+PMuKaSnq1jGf2+b2zaNswGI9BLCAdlDUbDrmxnZZAoGBAP8E\n/hrO+4thCx1zNxFe4wvseIRinbKAHZPZuzoet1jbK6BKiJfdoQFfImQsOwQiP6iZ\nM/jiSSu3luzXg8G2xeCOtpbU9uFDqyglWGhzL+nAbS1vZ17JWOsWaoUqYiZN9nJj\nwVjEfyPt5IKG12vBRQbuMVyBcV7IP9a9jfsl6VlJAoGBAKL+E6cPBPiIzzWSOhVL\nzK8Q5+1Yjz1VxB50F+TnBLLJbD0oI9nAK+yDBWMuGZ+x9/Rmgh7BxHEc2yNeuwJO\n9M8Cc31FBgcrTTyNuooH6ftPtAb7s8Txd4dM0c9ygNckzZhR8yzYMcTvwqqcf2W2\n+f/mUXff9uF8Uj8e6jcdm3SxAoGBAP3xDsfLTJjiLZtJ25AkmJqLAwdw2++fu9Q6\ngEHDzHdi5/JZxeLUAzvGbAysLqhTImjVBffT/WDXFCcMBFulkS2nbxKLRrvSEmGL\nrplz+kYeI5mW0ayFe1G9pJyuM8ZI5BvMUf/+y0wP2/hOJb1bW00na2feTfJAHbHM\nV9G7Ur5hAoGBAMYmTWbUi17QRew2lAfPo3cmySCZE/wFoLxbzgVi16uO6FsDSxwY\nYj70WLey3+j1eERvohhei/xpw/X7BY4bLg07DVKcfaLGNbpCdocnYYUhwSHSU9RO\nhUtCcyFJAIpBosGy9ZFiRu8VGG7y3oHePh8ql+WpilIwEhhhSIOREupC\n-----END RSA PRIVATE KEY-----\n",
            "public_key_fingerprint_md5": "18:29:45:26:89:d2:58:fa:fc:93:99:ad:a9:8f:ee:8b",
            "public_key_fingerprint_sha256": "SHA256:9fEYKFT+6j5I7WGh2oDDsXD/Qc30lWHbDnrQlnb7bI8",
            "public_key_openssh": "ssh-rsa AAAAB3NzaC1yc2EAAAADAQABAAABAQDoNQj9PBVgyAA4Co3L5kflQOYIpqgM1Io4kpw+o+zfAALg+IwagDgv48vWrkKxW2ytNnLMx4PZ8hI8d+g0uKR7d0mlRqOTf+PQ7BSo2bin+OCRqRV1jGPOrDCAQBXqEoiOlW9F4AwOHihoI6sZ6y+EHESO4Wvl3+ha6lUkwVHwmw+lERH55yCYdWHcTenIsy+am2eeuhJ7EMqLSdFgmHrjWsYq2EYrB2AgfjrVxY7SJIBE6ReCl75pQQl2/q0QTq+O7IScQJfDKvcU+2U6z1jJoPwtikBXzVzCjroHGSq8VC4v0hkwYPw/TVytMeFb0JBG2fvQsZ+HCESkHwZhvbBh\n",
            "public_key_pem": "-----BEGIN PUBLIC KEY-----\nMIIBIjANBgkqhkiG9w0BAQEFAAOCAQ8AMIIBCgKCAQEA6DUI/TwVYMgAOAqNy+ZH\n5UDmCKaoDNSKOJKcPqPs3wAC4PiMGoA4L+PL1q5CsVtsrTZyzMeD2fISPHfoNLik\ne3dJpUajk3/j0OwUqNm4p/jgkakVdYxjzqwwgEAV6hKIjpVvReAMDh4oaCOrGesv\nhBxEjuFr5d/oWupVJMFR8JsPpRER+ecgmHVh3E3pyLMvmptnnroSexDKi0nRYJh6\n41rGKthGKwdgIH461cWO0iSAROkXgpe+aUEJdv6tEE6vjuyEnECXwyr3FPtlOs9Y\nyaD8LYpAV81cwo66BxkqvFQuL9IZMGD8P01crTHhW9CQRtn70LGfhwhEpB8GYb2w\nYQIDAQAB\n-----END PUBLIC KEY-----\n",
            "rsa_bits": 2048
          },
          "sensitive_attributes": [],
          "private": "bnVsbA==",
          "create_before_destroy": true
        }
      ]
    },
    {
      "module": "module.all_worker_management",
      "mode": "managed",
      "type": "aws_security_group",
      "name": "this_name_prefix",
      "provider": "provider[\"registry.terraform.io/hashicorp/aws\"]",
      "instances": [
        {
          "index_key": 0,
          "schema_version": 1,
          "attributes": {
            "arn": "arn:aws:ec2:us-east-2:000982191218:security-group/sg-0fb769a6a9e67f4b5",
            "description": "Security Group managed by Terraform",
            "egress": [
              {
                "cidr_blocks": [
                  "0.0.0.0/0"
                ],
                "description": "Egress Rule",
                "from_port": 0,
                "ipv6_cidr_blocks": [],
                "prefix_list_ids": [],
                "protocol": "-1",
                "security_groups": [],
                "self": false,
                "to_port": 0
              }
            ],
            "id": "sg-0fb769a6a9e67f4b5",
            "ingress": [
              {
                "cidr_blocks": [
                  "0.0.0.0/0"
                ],
                "description": "Ingress Rule",
                "from_port": 22,
                "ipv6_cidr_blocks": [],
                "prefix_list_ids": [],
                "protocol": "tcp",
                "security_groups": [],
                "self": false,
                "to_port": 22
              },
              {
                "cidr_blocks": [
                  "0.0.0.0/0"
                ],
                "description": "Ingress Rule",
                "from_port": 443,
                "ipv6_cidr_blocks": [],
                "prefix_list_ids": [],
                "protocol": "tcp",
                "security_groups": [],
                "self": false,
                "to_port": 443
              },
              {
                "cidr_blocks": [
                  "0.0.0.0/0"
                ],
                "description": "Ingress Rule",
                "from_port": 80,
                "ipv6_cidr_blocks": [],
                "prefix_list_ids": [],
                "protocol": "tcp",
                "security_groups": [],
                "self": false,
                "to_port": 80
              }
            ],
            "name": "all_worker_management-2022072518082602650000000b",
            "name_prefix": "all_worker_management-",
            "owner_id": "000982191218",
            "revoke_rules_on_delete": false,
            "tags": {
              "Name": "all_worker_management"
            },
            "tags_all": {
              "Name": "all_worker_management"
            },
            "timeouts": {
              "create": "10m",
              "delete": "15m"
            },
            "vpc_id": "vpc-00b803915610b2733"
          },
          "sensitive_attributes": [],
          "private": "eyJlMmJmYjczMC1lY2FhLTExZTYtOGY4OC0zNDM2M2JjN2M0YzAiOnsiY3JlYXRlIjo2MDAwMDAwMDAwMDAsImRlbGV0ZSI6OTAwMDAwMDAwMDAwfSwic2NoZW1hX3ZlcnNpb24iOiIxIn0=",
          "dependencies": [
            "aws_vpc.this"
          ],
          "create_before_destroy": true
        }
      ]
    },
    {
      "module": "module.aws_iam_role",
      "mode": "data",
      "type": "aws_iam_policy_document",
      "name": "assume_role",
      "provider": "provider[\"registry.terraform.io/hashicorp/aws\"]",
      "instances": [
        {
          "index_key": 0,
          "schema_version": 0,
          "attributes": {
            "id": "3505649292",
            "json": "{\n  \"Version\": \"2012-10-17\",\n  \"Statement\": [\n    {\n      \"Sid\": \"\",\n      \"Effect\": \"Allow\",\n      \"Action\": \"sts:AssumeRole\",\n      \"Principal\": {\n        \"AWS\": \"arn:aws:iam::000982191218:user/mjs1212\",\n        \"Service\": \"ec2.amazonaws.com\"\n      }\n    }\n  ]\n}",
            "override_json": null,
            "override_policy_documents": null,
            "policy_id": null,
            "source_json": null,
            "source_policy_documents": null,
            "statement": [
              {
                "actions": [
                  "sts:AssumeRole"
                ],
                "condition": [],
                "effect": "Allow",
                "not_actions": [],
                "not_principals": [],
                "not_resources": [],
                "principals": [
                  {
                    "identifiers": [
                      "arn:aws:iam::000982191218:user/mjs1212"
                    ],
                    "type": "AWS"
                  },
                  {
                    "identifiers": [
                      "ec2.amazonaws.com"
                    ],
                    "type": "Service"
                  }
                ],
                "resources": [],
                "sid": ""
              }
            ],
            "version": "2012-10-17"
          },
          "sensitive_attributes": []
        }
      ]
    },
    {
      "module": "module.aws_iam_role",
      "mode": "managed",
      "type": "aws_iam_role",
      "name": "this",
      "provider": "provider[\"registry.terraform.io/hashicorp/aws\"]",
      "instances": [
        {
          "index_key": 0,
          "schema_version": 0,
          "attributes": {
            "arn": "arn:aws:iam::000982191218:role/AmazonEKSNodeGroupRole-test",
            "assume_role_policy": "{\"Statement\":[{\"Action\":\"sts:AssumeRole\",\"Effect\":\"Allow\",\"Principal\":{\"AWS\":\"arn:aws:iam::000982191218:user/mjs1212\",\"Service\":\"ec2.amazonaws.com\"},\"Sid\":\"\"}],\"Version\":\"2012-10-17\"}",
            "create_date": "2022-07-25T18:08:25Z",
            "description": "",
            "force_detach_policies": false,
            "id": "AmazonEKSNodeGroupRole-test",
            "inline_policy": [],
            "managed_policy_arns": [
              "arn:aws:iam::000982191218:policy/AmazonEKSNodeACMAccess-test",
              "arn:aws:iam::aws:policy/AmazonEC2ContainerRegistryReadOnly",
              "arn:aws:iam::aws:policy/AmazonEKSWorkerNodePolicy",
              "arn:aws:iam::aws:policy/AmazonEKS_CNI_Policy"
            ],
            "max_session_duration": 3600,
            "name": "AmazonEKSNodeGroupRole-test",
            "name_prefix": "",
            "path": "/",
            "permissions_boundary": "",
            "tags": {
              "Name": "rol-test-eks-node"
            },
            "tags_all": {
              "Name": "rol-test-eks-node"
            },
            "unique_id": "AROAQAOULBRZJGW2CFCWT"
          },
          "sensitive_attributes": [],
          "private": "bnVsbA==",
          "dependencies": [
            "module.aws_iam_role.data.aws_iam_policy_document.assume_role",
            "module.aws_iam_role.data.aws_iam_policy_document.assume_role_with_mfa",
            "module.iam_policy.aws_iam_policy.policy"
          ],
          "create_before_destroy": true
        }
      ]
    },
    {
      "module": "module.eks",
      "mode": "data",
      "type": "aws_iam_policy_document",
      "name": "cluster_assume_role_policy",
      "provider": "provider[\"registry.terraform.io/hashicorp/aws\"]",
      "instances": [
        {
          "schema_version": 0,
          "attributes": {
            "id": "2764486067",
            "json": "{\n  \"Version\": \"2012-10-17\",\n  \"Statement\": [\n    {\n      \"Sid\": \"EKSClusterAssumeRole\",\n      \"Effect\": \"Allow\",\n      \"Action\": \"sts:AssumeRole\",\n      \"Principal\": {\n        \"Service\": \"eks.amazonaws.com\"\n      }\n    }\n  ]\n}",
            "override_json": null,
            "override_policy_documents": null,
            "policy_id": null,
            "source_json": null,
            "source_policy_documents": null,
            "statement": [
              {
                "actions": [
                  "sts:AssumeRole"
                ],
                "condition": [],
                "effect": "Allow",
                "not_actions": [],
                "not_principals": [],
                "not_resources": [],
                "principals": [
                  {
                    "identifiers": [
                      "eks.amazonaws.com"
                    ],
                    "type": "Service"
                  }
                ],
                "resources": [],
                "sid": "EKSClusterAssumeRole"
              }
            ],
            "version": "2012-10-17"
          },
          "sensitive_attributes": []
        }
      ]
    },
    {
      "module": "module.eks",
      "mode": "data",
      "type": "aws_iam_policy_document",
      "name": "workers_assume_role_policy",
      "provider": "provider[\"registry.terraform.io/hashicorp/aws\"]",
      "instances": [
        {
          "schema_version": 0,
          "attributes": {
            "id": "3778018924",
            "json": "{\n  \"Version\": \"2012-10-17\",\n  \"Statement\": [\n    {\n      \"Sid\": \"EKSWorkerAssumeRole\",\n      \"Effect\": \"Allow\",\n      \"Action\": \"sts:AssumeRole\",\n      \"Principal\": {\n        \"Service\": \"ec2.amazonaws.com\"\n      }\n    }\n  ]\n}",
            "override_json": null,
            "override_policy_documents": null,
            "policy_id": null,
            "source_json": null,
            "source_policy_documents": null,
            "statement": [
              {
                "actions": [
                  "sts:AssumeRole"
                ],
                "condition": [],
                "effect": "Allow",
                "not_actions": [],
                "not_principals": [],
                "not_resources": [],
                "principals": [
                  {
                    "identifiers": [
                      "ec2.amazonaws.com"
                    ],
                    "type": "Service"
                  }
                ],
                "resources": [],
                "sid": "EKSWorkerAssumeRole"
              }
            ],
            "version": "2012-10-17"
          },
          "sensitive_attributes": []
        }
      ]
    },
    {
      "module": "module.eks",
      "mode": "data",
      "type": "aws_partition",
      "name": "current",
      "provider": "provider[\"registry.terraform.io/hashicorp/aws\"]",
      "instances": [
        {
          "schema_version": 0,
          "attributes": {
            "dns_suffix": "amazonaws.com",
            "id": "aws",
            "partition": "aws",
            "reverse_dns_prefix": "com.amazonaws"
          },
          "sensitive_attributes": []
        }
      ]
    },
    {
      "module": "module.eks",
      "mode": "managed",
      "type": "aws_eks_cluster",
      "name": "this",
      "provider": "provider[\"registry.terraform.io/hashicorp/aws\"]",
      "instances": [
        {
          "index_key": 0,
          "schema_version": 0,
          "attributes": {
            "arn": "arn:aws:eks:us-east-2:000982191218:cluster/test-cluster",
            "certificate_authority": [
              {
                "data": "LS0tLS1CRUdJTiBDRVJUSUZJQ0FURS0tLS0tCk1JSUM1ekNDQWMrZ0F3SUJBZ0lCQURBTkJna3Foa2lHOXcwQkFRc0ZBREFWTVJNd0VRWURWUVFERXdwcmRXSmwKY201bGRHVnpNQjRYRFRJeU1EY3lOVEU0TWpZd01sb1hEVE15TURjeU1qRTRNall3TWxvd0ZURVRNQkVHQTFVRQpBeE1LYTNWaVpYSnVaWFJsY3pDQ0FTSXdEUVlKS29aSWh2Y05BUUVCQlFBRGdnRVBBRENDQVFvQ2dnRUJBSjhkClpwbldzRUpZRmhFQTJaMDRiWkNyNjkwR1I0b3FyR2ZWSnRqaE5RNW5uWFh4UjNPdWFHVWJ0ajU3L0g2SURuUGYKOXFzK3UvVGY2ZkVGeHJXYmpzMUYxTkxjLzRmSlJYdWZkK2lIeG9FUmRMMEV0aDNtY2VYL1RUWkNHaVkxZnhReAp2VnZibndQRW9pUG03V1FQQVNodXBFeWY3K2hKZ05uYlZ2cUFoUk1GSDF5WWl5ZGlnc1hNNGxMQ01NWHYrMVhJCldmT20zWGN6UndNSlh6b0F2Mk1BMzJ6ZTYrazRxdDMwRi9MeGlpb3ZRdUY2MFY4YmM1SlVSNG5RNmdaQWdUNEEKOEtkZ2VlT2dBQy9DQzhRb1h1N2lLR1ZJSTJRei95QzY1R3ZIR1d5Wkk4b2Q2R2dCdk1XUUczN2ExR3BnbE1YZgpnb2VybmdlbFFSaTJwei9oVUJNQ0F3RUFBYU5DTUVBd0RnWURWUjBQQVFIL0JBUURBZ0trTUE4R0ExVWRFd0VCCi93UUZNQU1CQWY4d0hRWURWUjBPQkJZRUZCUmIvNTJpN1E4M1NjWHNsbzBKMUErbjBSY3dNQTBHQ1NxR1NJYjMKRFFFQkN3VUFBNElCQVFBck4zT3pSM1F4T2VzbGlSZEtqRGs0NE9BQ0FEMVoyd2FybjViaHJkSjRBWGhxNVM1VQowRWF2ajJwQnB5aW9CS0tzQy9YTEhxMkdReHlPbWVYdDRvZ3BXeE50cFpKclNHT2UzcEFWOXBmem1EOC9RYkZ2Ck1iUHBGY2swWUR1WFZFNXg2aEJNTldOcWxoNjkrcmQzUGx0UnRqdkZQdU5GSUpWcCs1QXV3SjVhMzhMOGVWdUgKaVptSVZuaHpMdXlFaDlpckFxam8vWGgwNGJDeUMvMkp3bmt4OCtTUEcvb2gvdDN6LzZyMkg3Y3FHUFlvbDFpdgovcFBjcm1ZU004Y1g1c21iS2ZEdFB1NXBnczFvYVZtVEViS29KaWdTbHBEQzZxZDc3OWNadVYySmVOY2lJbnBICmNSanpVZDhGeHdYMVgwZStobzYwMHVOUENPam9aUElYMWducwotLS0tLUVORCBDRVJUSUZJQ0FURS0tLS0tCg=="
              }
            ],
            "created_at": "2022-07-25 18:20:21.682 +0000 UTC",
            "enabled_cluster_log_types": [],
            "encryption_config": [],
            "endpoint": "https://53FFF478DE470400E617FB8DD926CD7E.gr7.us-east-2.eks.amazonaws.com",
            "id": "test-cluster",
            "identity": [
              {
                "oidc": [
                  {
                    "issuer": "https://oidc.eks.us-east-2.amazonaws.com/id/53FFF478DE470400E617FB8DD926CD7E"
                  }
                ]
              }
            ],
            "kubernetes_network_config": [
              {
                "ip_family": "ipv4",
                "service_ipv4_cidr": "172.20.0.0/16"
              }
            ],
            "name": "test-cluster",
            "platform_version": "eks.9",
            "role_arn": "arn:aws:iam::000982191218:role/test-cluster20220725180825149600000002",
            "status": "ACTIVE",
            "tags": {},
            "tags_all": {},
            "timeouts": {
              "create": "30m",
              "delete": "15m",
              "update": "60m"
            },
            "version": "1.21",
            "vpc_config": [
              {
                "cluster_security_group_id": "sg-06c7bb5ad865e0c1b",
                "endpoint_private_access": true,
                "endpoint_public_access": true,
                "public_access_cidrs": [
                  "0.0.0.0/0"
                ],
                "security_group_ids": [
                  "sg-08d975695d8b9d780"
                ],
                "subnet_ids": [
                  "subnet-0176b6b2d2d0d6ed7",
                  "subnet-08da7cda63fb7a3f7"
                ],
                "vpc_id": "vpc-00b803915610b2733"
              }
            ]
          },
          "sensitive_attributes": [],
          "private": "eyJlMmJmYjczMC1lY2FhLTExZTYtOGY4OC0zNDM2M2JjN2M0YzAiOnsiY3JlYXRlIjoxODAwMDAwMDAwMDAwLCJkZWxldGUiOjkwMDAwMDAwMDAwMCwidXBkYXRlIjozNjAwMDAwMDAwMDAwfX0=",
          "dependencies": [
            "aws_subnet.private",
            "aws_vpc.this",
            "module.eks.aws_cloudwatch_log_group.this",
            "module.eks.aws_iam_role.cluster",
            "module.eks.aws_iam_role_policy_attachment.cluster_AmazonEKSClusterPolicy",
            "module.eks.aws_iam_role_policy_attachment.cluster_AmazonEKSServicePolicy",
            "module.eks.aws_iam_role_policy_attachment.cluster_AmazonEKSVPCResourceControllerPolicy",
            "module.eks.aws_security_group.cluster",
            "module.eks.aws_security_group.workers",
            "module.eks.aws_security_group_rule.cluster_egress_internet",
            "module.eks.aws_security_group_rule.cluster_https_worker_ingress",
            "module.eks.data.aws_iam_policy_document.cluster_assume_role_policy",
            "module.eks.data.aws_iam_role.custom_cluster_iam_role",
            "module.eks.data.aws_partition.current"
          ],
          "create_before_destroy": true
        }
      ]
    },
    {
      "module": "module.eks",
      "mode": "managed",
      "type": "aws_iam_role",
      "name": "cluster",
      "provider": "provider[\"registry.terraform.io/hashicorp/aws\"]",
      "instances": [
        {
          "index_key": 0,
          "schema_version": 0,
          "attributes": {
            "arn": "arn:aws:iam::000982191218:role/test-cluster20220725180825149600000002",
            "assume_role_policy": "{\"Statement\":[{\"Action\":\"sts:AssumeRole\",\"Effect\":\"Allow\",\"Principal\":{\"Service\":\"eks.amazonaws.com\"},\"Sid\":\"EKSClusterAssumeRole\"}],\"Version\":\"2012-10-17\"}",
            "create_date": "2022-07-25T18:08:25Z",
            "description": "",
            "force_detach_policies": true,
            "id": "test-cluster20220725180825149600000002",
            "inline_policy": [],
            "managed_policy_arns": [
              "arn:aws:iam::000982191218:policy/test-cluster-deny-log-group20220725180825146600000001",
              "arn:aws:iam::000982191218:policy/test-cluster-elb-sl-role-creation20220725180825151900000003",
              "arn:aws:iam::aws:policy/AmazonEKSClusterPolicy",
              "arn:aws:iam::aws:policy/AmazonEKSServicePolicy",
              "arn:aws:iam::aws:policy/AmazonEKSVPCResourceController"
            ],
            "max_session_duration": 3600,
            "name": "test-cluster20220725180825149600000002",
            "name_prefix": "test-cluster",
            "path": "/",
            "permissions_boundary": null,
            "tags": {},
            "tags_all": {},
            "unique_id": "AROAQAOULBRZCMPARG622"
          },
          "sensitive_attributes": [],
          "private": "bnVsbA==",
          "dependencies": [
            "module.eks.data.aws_iam_policy_document.cluster_assume_role_policy"
          ],
          "create_before_destroy": true
        }
      ]
    },
    {
      "module": "module.eks",
      "mode": "managed",
      "type": "aws_iam_role",
      "name": "workers",
      "provider": "provider[\"registry.terraform.io/hashicorp/aws\"]",
      "instances": [
        {
          "index_key": 0,
          "schema_version": 0,
          "attributes": {
            "arn": "arn:aws:iam::000982191218:role/test-cluster20220725183111591600000001",
            "assume_role_policy": "{\"Statement\":[{\"Action\":\"sts:AssumeRole\",\"Effect\":\"Allow\",\"Principal\":{\"Service\":\"ec2.amazonaws.com\"},\"Sid\":\"EKSWorkerAssumeRole\"}],\"Version\":\"2012-10-17\"}",
            "create_date": "2022-07-25T18:31:11Z",
            "description": "",
            "force_detach_policies": true,
            "id": "test-cluster20220725183111591600000001",
            "inline_policy": [],
            "managed_policy_arns": [
              "arn:aws:iam::aws:policy/AmazonEC2ContainerRegistryReadOnly",
              "arn:aws:iam::aws:policy/AmazonEKSWorkerNodePolicy",
              "arn:aws:iam::aws:policy/AmazonEKS_CNI_Policy"
            ],
            "max_session_duration": 3600,
            "name": "test-cluster20220725183111591600000001",
            "name_prefix": "test-cluster",
            "path": "/",
            "permissions_boundary": null,
            "tags": {},
            "tags_all": {},
            "unique_id": "AROAQAOULBRZNLNS4LUTM"
          },
          "sensitive_attributes": [],
          "private": "bnVsbA==",
          "dependencies": [
            "aws_subnet.private",
            "aws_vpc.this",
            "module.eks.aws_cloudwatch_log_group.this",
            "module.eks.aws_eks_cluster.this",
            "module.eks.aws_iam_role.cluster",
            "module.eks.aws_iam_role_policy_attachment.cluster_AmazonEKSClusterPolicy",
            "module.eks.aws_iam_role_policy_attachment.cluster_AmazonEKSServicePolicy",
            "module.eks.aws_iam_role_policy_attachment.cluster_AmazonEKSVPCResourceControllerPolicy",
            "module.eks.aws_security_group.cluster",
            "module.eks.aws_security_group.workers",
            "module.eks.aws_security_group_rule.cluster_egress_internet",
            "module.eks.aws_security_group_rule.cluster_https_worker_ingress",
            "module.eks.data.aws_iam_policy_document.cluster_assume_role_policy",
            "module.eks.data.aws_iam_policy_document.workers_assume_role_policy",
            "module.eks.data.aws_iam_role.custom_cluster_iam_role",
            "module.eks.data.aws_partition.current"
          ],
          "create_before_destroy": true
        }
      ]
    },
    {
      "module": "module.eks",
      "mode": "managed",
      "type": "aws_iam_role_policy_attachment",
      "name": "cluster_AmazonEKSClusterPolicy",
      "provider": "provider[\"registry.terraform.io/hashicorp/aws\"]",
      "instances": [
        {
          "index_key": 0,
          "schema_version": 0,
          "attributes": {
            "id": "test-cluster20220725180825149600000002-20220725180825827100000005",
            "policy_arn": "arn:aws:iam::aws:policy/AmazonEKSClusterPolicy",
            "role": "test-cluster20220725180825149600000002"
          },
          "sensitive_attributes": [],
          "private": "bnVsbA==",
          "dependencies": [
            "module.eks.aws_iam_role.cluster",
            "module.eks.data.aws_iam_policy_document.cluster_assume_role_policy",
            "module.eks.data.aws_partition.current"
          ],
          "create_before_destroy": true
        }
      ]
    },
    {
      "module": "module.eks",
      "mode": "managed",
      "type": "aws_iam_role_policy_attachment",
      "name": "cluster_AmazonEKSServicePolicy",
      "provider": "provider[\"registry.terraform.io/hashicorp/aws\"]",
      "instances": [
        {
          "index_key": 0,
          "schema_version": 0,
          "attributes": {
            "id": "test-cluster20220725180825149600000002-20220725180825825900000004",
            "policy_arn": "arn:aws:iam::aws:policy/AmazonEKSServicePolicy",
            "role": "test-cluster20220725180825149600000002"
          },
          "sensitive_attributes": [],
          "private": "bnVsbA==",
          "dependencies": [
            "module.eks.aws_iam_role.cluster",
            "module.eks.data.aws_iam_policy_document.cluster_assume_role_policy",
            "module.eks.data.aws_partition.current"
          ],
          "create_before_destroy": true
        }
      ]
    },
    {
      "module": "module.eks",
      "mode": "managed",
      "type": "aws_iam_role_policy_attachment",
      "name": "cluster_AmazonEKSVPCResourceControllerPolicy",
      "provider": "provider[\"registry.terraform.io/hashicorp/aws\"]",
      "instances": [
        {
          "index_key": 0,
          "schema_version": 0,
          "attributes": {
            "id": "test-cluster20220725180825149600000002-20220725180825828700000006",
            "policy_arn": "arn:aws:iam::aws:policy/AmazonEKSVPCResourceController",
            "role": "test-cluster20220725180825149600000002"
          },
          "sensitive_attributes": [],
          "private": "bnVsbA==",
          "dependencies": [
            "module.eks.aws_iam_role.cluster",
            "module.eks.data.aws_iam_policy_document.cluster_assume_role_policy",
            "module.eks.data.aws_partition.current"
          ],
          "create_before_destroy": true
        }
      ]
    },
    {
      "module": "module.eks",
      "mode": "managed",
      "type": "aws_iam_role_policy_attachment",
      "name": "workers_AmazonEC2ContainerRegistryReadOnly",
      "provider": "provider[\"registry.terraform.io/hashicorp/aws\"]",
      "instances": [
        {
          "index_key": 0,
          "schema_version": 0,
          "attributes": {
            "id": "test-cluster20220725183111591600000001-20220725183112333500000002",
            "policy_arn": "arn:aws:iam::aws:policy/AmazonEC2ContainerRegistryReadOnly",
            "role": "test-cluster20220725183111591600000001"
          },
          "sensitive_attributes": [],
          "private": "bnVsbA==",
          "dependencies": [
            "aws_subnet.private",
            "aws_vpc.this",
            "module.eks.aws_cloudwatch_log_group.this",
            "module.eks.aws_eks_cluster.this",
            "module.eks.aws_iam_role.cluster",
            "module.eks.aws_iam_role.workers",
            "module.eks.aws_iam_role_policy_attachment.cluster_AmazonEKSClusterPolicy",
            "module.eks.aws_iam_role_policy_attachment.cluster_AmazonEKSServicePolicy",
            "module.eks.aws_iam_role_policy_attachment.cluster_AmazonEKSVPCResourceControllerPolicy",
            "module.eks.aws_security_group.cluster",
            "module.eks.aws_security_group.workers",
            "module.eks.aws_security_group_rule.cluster_egress_internet",
            "module.eks.aws_security_group_rule.cluster_https_worker_ingress",
            "module.eks.data.aws_iam_policy_document.cluster_assume_role_policy",
            "module.eks.data.aws_iam_policy_document.workers_assume_role_policy",
            "module.eks.data.aws_iam_role.custom_cluster_iam_role",
            "module.eks.data.aws_partition.current"
          ],
          "create_before_destroy": true
        }
      ]
    },
    {
      "module": "module.eks",
      "mode": "managed",
      "type": "aws_iam_role_policy_attachment",
      "name": "workers_AmazonEKSWorkerNodePolicy",
      "provider": "provider[\"registry.terraform.io/hashicorp/aws\"]",
      "instances": [
        {
          "index_key": 0,
          "schema_version": 0,
          "attributes": {
            "id": "test-cluster20220725183111591600000001-20220725183112345100000003",
            "policy_arn": "arn:aws:iam::aws:policy/AmazonEKSWorkerNodePolicy",
            "role": "test-cluster20220725183111591600000001"
          },
          "sensitive_attributes": [],
          "private": "bnVsbA==",
          "dependencies": [
            "aws_subnet.private",
            "aws_vpc.this",
            "module.eks.aws_cloudwatch_log_group.this",
            "module.eks.aws_eks_cluster.this",
            "module.eks.aws_iam_role.cluster",
            "module.eks.aws_iam_role.workers",
            "module.eks.aws_iam_role_policy_attachment.cluster_AmazonEKSClusterPolicy",
            "module.eks.aws_iam_role_policy_attachment.cluster_AmazonEKSServicePolicy",
            "module.eks.aws_iam_role_policy_attachment.cluster_AmazonEKSVPCResourceControllerPolicy",
            "module.eks.aws_security_group.cluster",
            "module.eks.aws_security_group.workers",
            "module.eks.aws_security_group_rule.cluster_egress_internet",
            "module.eks.aws_security_group_rule.cluster_https_worker_ingress",
            "module.eks.data.aws_iam_policy_document.cluster_assume_role_policy",
            "module.eks.data.aws_iam_policy_document.workers_assume_role_policy",
            "module.eks.data.aws_iam_role.custom_cluster_iam_role",
            "module.eks.data.aws_partition.current"
          ],
          "create_before_destroy": true
        }
      ]
    },
    {
      "module": "module.eks",
      "mode": "managed",
      "type": "aws_iam_role_policy_attachment",
      "name": "workers_AmazonEKS_CNI_Policy",
      "provider": "provider[\"registry.terraform.io/hashicorp/aws\"]",
      "instances": [
        {
          "index_key": 0,
          "schema_version": 0,
          "attributes": {
            "id": "test-cluster20220725183111591600000001-20220725183112377900000004",
            "policy_arn": "arn:aws:iam::aws:policy/AmazonEKS_CNI_Policy",
            "role": "test-cluster20220725183111591600000001"
          },
          "sensitive_attributes": [],
          "private": "bnVsbA==",
          "dependencies": [
            "aws_subnet.private",
            "aws_vpc.this",
            "module.eks.aws_cloudwatch_log_group.this",
            "module.eks.aws_eks_cluster.this",
            "module.eks.aws_iam_role.cluster",
            "module.eks.aws_iam_role.workers",
            "module.eks.aws_iam_role_policy_attachment.cluster_AmazonEKSClusterPolicy",
            "module.eks.aws_iam_role_policy_attachment.cluster_AmazonEKSServicePolicy",
            "module.eks.aws_iam_role_policy_attachment.cluster_AmazonEKSVPCResourceControllerPolicy",
            "module.eks.aws_security_group.cluster",
            "module.eks.aws_security_group.workers",
            "module.eks.aws_security_group_rule.cluster_egress_internet",
            "module.eks.aws_security_group_rule.cluster_https_worker_ingress",
            "module.eks.data.aws_iam_policy_document.cluster_assume_role_policy",
            "module.eks.data.aws_iam_policy_document.workers_assume_role_policy",
            "module.eks.data.aws_iam_role.custom_cluster_iam_role",
            "module.eks.data.aws_partition.current"
          ],
          "create_before_destroy": true
        }
      ]
    },
    {
      "module": "module.eks",
      "mode": "managed",
      "type": "aws_security_group",
      "name": "cluster",
      "provider": "provider[\"registry.terraform.io/hashicorp/aws\"]",
      "instances": [
        {
          "index_key": 0,
          "schema_version": 1,
          "attributes": {
            "arn": "arn:aws:ec2:us-east-2:000982191218:security-group/sg-08d975695d8b9d780",
            "description": "EKS cluster security group.",
            "egress": [
              {
                "cidr_blocks": [
                  "0.0.0.0/0"
                ],
                "description": "Allow cluster egress access to the Internet.",
                "from_port": 0,
                "ipv6_cidr_blocks": [],
                "prefix_list_ids": [],
                "protocol": "-1",
                "security_groups": [],
                "self": false,
                "to_port": 0
              }
            ],
            "id": "sg-08d975695d8b9d780",
            "ingress": [
              {
                "cidr_blocks": [],
                "description": "Allow pods to communicate with the EKS cluster API.",
                "from_port": 443,
                "ipv6_cidr_blocks": [],
                "prefix_list_ids": [],
                "protocol": "tcp",
                "security_groups": [
                  "sg-08cb554d9e4ac8abf"
                ],
                "self": false,
                "to_port": 443
              }
            ],
            "name": "test-cluster2022072518082596790000000a",
            "name_prefix": "test-cluster",
            "owner_id": "000982191218",
            "revoke_rules_on_delete": false,
            "tags": {
              "Name": "test-cluster-eks_cluster_sg"
            },
            "tags_all": {
              "Name": "test-cluster-eks_cluster_sg"
            },
            "timeouts": null,
            "vpc_id": "vpc-00b803915610b2733"
          },
          "sensitive_attributes": [],
          "private": "eyJlMmJmYjczMC1lY2FhLTExZTYtOGY4OC0zNDM2M2JjN2M0YzAiOnsiY3JlYXRlIjo2MDAwMDAwMDAwMDAsImRlbGV0ZSI6OTAwMDAwMDAwMDAwfSwic2NoZW1hX3ZlcnNpb24iOiIxIn0=",
          "dependencies": [
            "aws_vpc.this"
          ],
          "create_before_destroy": true
        }
      ]
    },
    {
      "module": "module.eks",
      "mode": "managed",
      "type": "aws_security_group",
      "name": "workers",
      "provider": "provider[\"registry.terraform.io/hashicorp/aws\"]",
      "instances": [
        {
          "index_key": 0,
          "schema_version": 1,
          "attributes": {
            "arn": "arn:aws:ec2:us-east-2:000982191218:security-group/sg-08cb554d9e4ac8abf",
            "description": "Security group for all nodes in the cluster.",
            "egress": [
              {
                "cidr_blocks": [
                  "0.0.0.0/0"
                ],
                "description": "Allow nodes all egress to the Internet.",
                "from_port": 0,
                "ipv6_cidr_blocks": [],
                "prefix_list_ids": [],
                "protocol": "-1",
                "security_groups": [],
                "self": false,
                "to_port": 0
              }
            ],
            "id": "sg-08cb554d9e4ac8abf",
            "ingress": [
              {
                "cidr_blocks": [],
                "description": "Allow node to communicate with each other.",
                "from_port": 0,
                "ipv6_cidr_blocks": [],
                "prefix_list_ids": [],
                "protocol": "-1",
                "security_groups": [],
                "self": true,
                "to_port": 0
              },
              {
                "cidr_blocks": [],
                "description": "Allow pods running extension API servers on port 443 to receive communication from cluster control plane.",
                "from_port": 443,
                "ipv6_cidr_blocks": [],
                "prefix_list_ids": [],
                "protocol": "tcp",
                "security_groups": [
                  "sg-08d975695d8b9d780"
                ],
                "self": false,
                "to_port": 443
              },
              {
                "cidr_blocks": [],
                "description": "Allow workers pods to receive communication from the cluster control plane.",
                "from_port": 1025,
                "ipv6_cidr_blocks": [],
                "prefix_list_ids": [],
                "protocol": "tcp",
                "security_groups": [
                  "sg-08d975695d8b9d780"
                ],
                "self": false,
                "to_port": 65535
              }
            ],
            "name": "test-cluster20220725180825967200000009",
            "name_prefix": "test-cluster",
            "owner_id": "000982191218",
            "revoke_rules_on_delete": false,
            "tags": {
              "Name": "test-cluster-eks_worker_sg",
              "kubernetes.io/cluster/test-cluster": "owned"
            },
            "tags_all": {
              "Name": "test-cluster-eks_worker_sg",
              "kubernetes.io/cluster/test-cluster": "owned"
            },
            "timeouts": null,
            "vpc_id": "vpc-00b803915610b2733"
          },
          "sensitive_attributes": [],
          "private": "eyJlMmJmYjczMC1lY2FhLTExZTYtOGY4OC0zNDM2M2JjN2M0YzAiOnsiY3JlYXRlIjo2MDAwMDAwMDAwMDAsImRlbGV0ZSI6OTAwMDAwMDAwMDAwfSwic2NoZW1hX3ZlcnNpb24iOiIxIn0=",
          "dependencies": [
            "aws_vpc.this"
          ],
          "create_before_destroy": true
        }
      ]
    },
    {
      "module": "module.eks",
      "mode": "managed",
      "type": "aws_security_group_rule",
      "name": "cluster_egress_internet",
      "provider": "provider[\"registry.terraform.io/hashicorp/aws\"]",
      "instances": [
        {
          "index_key": 0,
          "schema_version": 2,
          "attributes": {
            "cidr_blocks": [
              "0.0.0.0/0"
            ],
            "description": "Allow cluster egress access to the Internet.",
            "from_port": 0,
            "id": "sgrule-2694480960",
            "ipv6_cidr_blocks": [],
            "prefix_list_ids": [],
            "protocol": "-1",
            "security_group_id": "sg-08d975695d8b9d780",
            "self": false,
            "source_security_group_id": null,
            "to_port": 0,
            "type": "egress"
          },
          "sensitive_attributes": [],
          "private": "eyJzY2hlbWFfdmVyc2lvbiI6IjIifQ==",
          "dependencies": [
            "aws_vpc.this",
            "module.eks.aws_security_group.cluster"
          ],
          "create_before_destroy": true
        }
      ]
    },
    {
      "module": "module.eks",
      "mode": "managed",
      "type": "aws_security_group_rule",
      "name": "cluster_https_worker_ingress",
      "provider": "provider[\"registry.terraform.io/hashicorp/aws\"]",
      "instances": [
        {
          "index_key": 0,
          "schema_version": 2,
          "attributes": {
            "cidr_blocks": [],
            "description": "Allow pods to communicate with the EKS cluster API.",
            "from_port": 443,
            "id": "sgrule-4150351917",
            "ipv6_cidr_blocks": [],
            "prefix_list_ids": [],
            "protocol": "tcp",
            "security_group_id": "sg-08d975695d8b9d780",
            "self": false,
            "source_security_group_id": "sg-08cb554d9e4ac8abf",
            "to_port": 443,
            "type": "ingress"
          },
          "sensitive_attributes": [],
          "private": "eyJzY2hlbWFfdmVyc2lvbiI6IjIifQ==",
          "dependencies": [
            "aws_vpc.this",
            "module.eks.aws_security_group.cluster",
            "module.eks.aws_security_group.workers"
          ],
          "create_before_destroy": true
        }
      ]
    },
    {
      "module": "module.eks",
      "mode": "managed",
      "type": "aws_security_group_rule",
      "name": "workers_egress_internet",
      "provider": "provider[\"registry.terraform.io/hashicorp/aws\"]",
      "instances": [
        {
          "index_key": 0,
          "schema_version": 2,
          "attributes": {
            "cidr_blocks": [
              "0.0.0.0/0"
            ],
            "description": "Allow nodes all egress to the Internet.",
            "from_port": 0,
            "id": "sgrule-3708998337",
            "ipv6_cidr_blocks": [],
            "prefix_list_ids": [],
            "protocol": "-1",
            "security_group_id": "sg-08cb554d9e4ac8abf",
            "self": false,
            "source_security_group_id": null,
            "to_port": 0,
            "type": "egress"
          },
          "sensitive_attributes": [],
          "private": "eyJzY2hlbWFfdmVyc2lvbiI6IjIifQ==",
          "dependencies": [
            "aws_vpc.this",
            "module.eks.aws_security_group.workers"
          ],
          "create_before_destroy": true
        }
      ]
    },
    {
      "module": "module.eks",
      "mode": "managed",
      "type": "aws_security_group_rule",
      "name": "workers_ingress_cluster_https",
      "provider": "provider[\"registry.terraform.io/hashicorp/aws\"]",
      "instances": [
        {
          "index_key": 0,
          "schema_version": 2,
          "attributes": {
            "cidr_blocks": [],
            "description": "Allow pods running extension API servers on port 443 to receive communication from cluster control plane.",
            "from_port": 443,
            "id": "sgrule-2367009808",
            "ipv6_cidr_blocks": [],
            "prefix_list_ids": [],
            "protocol": "tcp",
            "security_group_id": "sg-08cb554d9e4ac8abf",
            "self": false,
            "source_security_group_id": "sg-08d975695d8b9d780",
            "to_port": 443,
            "type": "ingress"
          },
          "sensitive_attributes": [],
          "private": "eyJzY2hlbWFfdmVyc2lvbiI6IjIifQ==",
          "dependencies": [
            "aws_vpc.this",
            "module.eks.aws_security_group.cluster",
            "module.eks.aws_security_group.workers"
          ],
          "create_before_destroy": true
        }
      ]
    },
    {
      "module": "module.eks.module.node_groups",
      "mode": "managed",
      "type": "aws_eks_node_group",
      "name": "workers",
      "provider": "provider[\"registry.terraform.io/hashicorp/aws\"]",
      "instances": [
        {
          "index_key": "normal",
          "schema_version": 0,
          "attributes": {
            "ami_type": "AL2_x86_64",
            "arn": "arn:aws:eks:us-east-2:000982191218:nodegroup/test-cluster/normal/68c11b50-4fb2-a313-bb86-80562f43c7f9",
            "capacity_type": "ON_DEMAND",
            "cluster_name": "test-cluster",
            "disk_size": 50,
            "force_update_version": null,
            "id": "test-cluster:normal",
            "instance_types": [
              "t2.medium"
            ],
            "labels": {},
            "launch_template": [],
            "node_group_name": "normal",
            "node_group_name_prefix": "",
            "node_role_arn": "arn:aws:iam::000982191218:role/AmazonEKSNodeGroupRole-test",
            "release_version": "1.21.12-20220629",
            "remote_access": [
              {
                "ec2_ssh_key": "test-key-pair",
                "source_security_group_ids": []
              }
            ],
            "resources": [
              {
                "autoscaling_groups": [
                  {
                    "name": "eks-normal-68c11b50-4fb2-a313-bb86-80562f43c7f9"
                  }
                ],
                "remote_access_security_group_id": "sg-0d90700603fd9ed80"
              }
            ],
            "scaling_config": [
              {
                "desired_size": 1,
                "max_size": 2,
                "min_size": 1
              }
            ],
            "status": "ACTIVE",
            "subnet_ids": [
              "subnet-0176b6b2d2d0d6ed7",
              "subnet-08da7cda63fb7a3f7"
            ],
            "tags": {},
            "tags_all": {},
            "taint": [],
            "timeouts": {
              "create": null,
              "delete": null,
              "update": null
            },
            "update_config": [
              {
                "max_unavailable": 1,
                "max_unavailable_percentage": 0
              }
            ],
            "version": "1.21"
          },
          "sensitive_attributes": [],
          "private": "eyJlMmJmYjczMC1lY2FhLTExZTYtOGY4OC0zNDM2M2JjN2M0YzAiOnsiY3JlYXRlIjozNjAwMDAwMDAwMDAwLCJkZWxldGUiOjM2MDAwMDAwMDAwMDAsInVwZGF0ZSI6MzYwMDAwMDAwMDAwMH19",
          "dependencies": [
            "aws_subnet.private",
            "aws_vpc.this",
            "module.all_worker_management.aws_security_group.this",
            "module.all_worker_management.aws_security_group.this_name_prefix",
            "module.aws_iam_role.aws_iam_role.this",
            "module.aws_iam_role.data.aws_iam_policy_document.assume_role",
            "module.aws_iam_role.data.aws_iam_policy_document.assume_role_with_mfa",
            "module.eks.aws_cloudwatch_log_group.this",
            "module.eks.aws_eks_cluster.this",
            "module.eks.aws_iam_role.cluster",
            "module.eks.aws_iam_role.workers",
            "module.eks.aws_iam_role_policy_attachment.cluster_AmazonEKSClusterPolicy",
            "module.eks.aws_iam_role_policy_attachment.cluster_AmazonEKSServicePolicy",
            "module.eks.aws_iam_role_policy_attachment.cluster_AmazonEKSVPCResourceControllerPolicy",
            "module.eks.aws_iam_role_policy_attachment.workers_AmazonEC2ContainerRegistryReadOnly",
            "module.eks.aws_iam_role_policy_attachment.workers_AmazonEKSWorkerNodePolicy",
            "module.eks.aws_iam_role_policy_attachment.workers_AmazonEKS_CNI_Policy",
            "module.eks.aws_security_group.cluster",
            "module.eks.aws_security_group.workers",
            "module.eks.aws_security_group_rule.cluster_egress_internet",
            "module.eks.aws_security_group_rule.cluster_https_worker_ingress",
            "module.eks.data.aws_ami.eks_worker",
            "module.eks.data.aws_ami.eks_worker_windows",
            "module.eks.data.aws_iam_policy_document.cluster_assume_role_policy",
            "module.eks.data.aws_iam_policy_document.workers_assume_role_policy",
            "module.eks.data.aws_iam_role.custom_cluster_iam_role",
            "module.eks.data.aws_partition.current",
            "module.eks.module.node_groups.aws_launch_template.workers",
            "module.eks.module.node_groups.data.cloudinit_config.workers_userdata",
            "module.iam_policy.aws_iam_policy.policy",
            "module.key_pair.aws_key_pair.this",
            "module.key_pair.tls_private_key.this",
            "tls_private_key.this"
          ],
          "create_before_destroy": true
        }
      ]
    },
    {
      "module": "module.iam_policy",
      "mode": "managed",
      "type": "aws_iam_policy",
      "name": "policy",
      "provider": "provider[\"registry.terraform.io/hashicorp/aws\"]",
      "instances": [
        {
          "index_key": 0,
          "schema_version": 0,
          "attributes": {
            "arn": "arn:aws:iam::000982191218:policy/AmazonEKSNodeACMAccess-test",
            "description": "Permissions EKS node to get ACM",
            "id": "arn:aws:iam::000982191218:policy/AmazonEKSNodeACMAccess-test",
            "name": "AmazonEKSNodeACMAccess-test",
            "name_prefix": null,
            "path": "/",
            "policy": "{\"Statement\":[{\"Action\":[\"acm:DescribeCertificate\",\"acm:GetCertificate\",\"acm:ListCertificates\"],\"Effect\":\"Allow\",\"Resource\":\"*\",\"Sid\":\"VisualEditor0\"}],\"Version\":\"2012-10-17\"}",
            "policy_id": "ANPAQAOULBRZPXFCHFLTP",
            "tags": {
              "Name": "pol-test-eks-acm",
              "PolicyDescription": "Permissions EKS node to get ACM"
            },
            "tags_all": {
              "Name": "pol-test-eks-acm",
              "PolicyDescription": "Permissions EKS node to get ACM"
            }
          },
          "sensitive_attributes": [],
          "private": "bnVsbA==",
          "create_before_destroy": true
        }
      ]
    },
    {
      "module": "module.key_pair",
      "mode": "managed",
      "type": "aws_key_pair",
      "name": "this",
      "provider": "provider[\"registry.terraform.io/hashicorp/aws\"]",
      "instances": [
        {
          "index_key": 0,
          "schema_version": 1,
          "attributes": {
            "arn": "arn:aws:ec2:us-east-2:000982191218:key-pair/test-key-pair",
            "fingerprint": "9e:67:b8:6d:c7:02:0f:8d:c4:6f:5d:28:be:42:ab:b7",
            "id": "test-key-pair",
            "key_name": "test-key-pair",
            "key_name_prefix": "",
            "key_pair_id": "key-0e7eb3eccfddaef0c",
            "key_type": "rsa",
            "public_key": "ssh-rsa AAAAB3NzaC1yc2EAAAADAQABAAABAQDoNQj9PBVgyAA4Co3L5kflQOYIpqgM1Io4kpw+o+zfAALg+IwagDgv48vWrkKxW2ytNnLMx4PZ8hI8d+g0uKR7d0mlRqOTf+PQ7BSo2bin+OCRqRV1jGPOrDCAQBXqEoiOlW9F4AwOHihoI6sZ6y+EHESO4Wvl3+ha6lUkwVHwmw+lERH55yCYdWHcTenIsy+am2eeuhJ7EMqLSdFgmHrjWsYq2EYrB2AgfjrVxY7SJIBE6ReCl75pQQl2/q0QTq+O7IScQJfDKvcU+2U6z1jJoPwtikBXzVzCjroHGSq8VC4v0hkwYPw/TVytMeFb0JBG2fvQsZ+HCESkHwZhvbBh",
            "tags": {
              "Name": "test-key-pair"
            },
            "tags_all": {
              "Name": "test-key-pair"
            }
          },
          "sensitive_attributes": [],
          "private": "eyJzY2hlbWFfdmVyc2lvbiI6IjEifQ==",
          "dependencies": [
            "module.key_pair.tls_private_key.this",
            "tls_private_key.this"
          ],
          "create_before_destroy": true
        }
      ]
    }
  ]
}
